
Microsoft Visual Studio Solution File, Format Version 10.00
# Visual Studio 2008
Project("{FAE04EC0-301F-11D3-BF4B-00C04F79EFBC}") = "TawalaDesigner", "TawalaDesigner\TawalaDesigner.csproj", "{7815D5A4-70AF-463F-B10C-5F24B59DEC77}"
	ProjectSection(ProjectDependencies) = postProject
		{DA2F4203-642C-4AB3-94A4-B61778BF282C} = {DA2F4203-642C-4AB3-94A4-B61778BF282C}
		{CD457912-F04D-46FE-8AC2-98EAB7EC69C1} = {CD457912-F04D-46FE-8AC2-98EAB7EC69C1}
		{8546DB36-F4EA-49C0-925F-AD0124ECA727} = {8546DB36-F4EA-49C0-925F-AD0124ECA727}
		{83F99350-36AD-4AF2-83BB-2BCF2EA8CFE5} = {83F99350-36AD-4AF2-83BB-2BCF2EA8CFE5}
		{4F0A6D51-0E78-41AB-BBD7-CB9D2EA86670} = {4F0A6D51-0E78-41AB-BBD7-CB9D2EA86670}
		{AC59536A-6D42-460A-AA2D-E14C5FD7F75B} = {AC59536A-6D42-460A-AA2D-E14C5FD7F75B}
		{19BC857A-3A83-4811-A618-0DD4F0601311} = {19BC857A-3A83-4811-A618-0DD4F0601311}
		{619E97A8-47CE-4623-B752-06FF33D842F3} = {619E97A8-47CE-4623-B752-06FF33D842F3}
		{0ED209C9-8BC5-4340-A604-15BF8D43A2EA} = {0ED209C9-8BC5-4340-A604-15BF8D43A2EA}
	EndProjectSection
EndProject
Project("{FAE04EC0-301F-11D3-BF4B-00C04F79EFBC}") = "FormDesigner", "FormDesigner\FormDesigner.csproj", "{64119070-D726-4F91-A9D4-72537DEB0786}"
EndProject
Project("{FAE04EC0-301F-11D3-BF4B-00C04F79EFBC}") = "Common", "Common\Common.csproj", "{83F995B3-C049-44C8-8CB0-DD62C852E20F}"
EndProject
Project("{FAE04EC0-301F-11D3-BF4B-00C04F79EFBC}") = "Controls", "Controls\Controls.csproj", "{4F0A6D51-0E78-41AB-BBD7-CB9D2EA86670}"
EndProject
Project("{FAE04EC0-301F-11D3-BF4B-00C04F79EFBC}") = "FontSupport", "FontSupport\FontSupport.csproj", "{245B890C-9981-4FF9-9FA0-0A828D8539E3}"
EndProject
Project("{FAE04EC0-301F-11D3-BF4B-00C04F79EFBC}") = "FunctionRuntime", "FunctionRuntime\FunctionRuntime.csproj", "{0C7C56C8-7EFC-40AD-8612-D104637CC4D8}"
EndProject
Project("{FAE04EC0-301F-11D3-BF4B-00C04F79EFBC}") = "FunctionViewPresenter", "FunctionViewPresenter\FunctionViewPresenter.csproj", "{8546DB36-F4EA-49C0-925F-AD0124ECA727}"
EndProject
Project("{FAE04EC0-301F-11D3-BF4B-00C04F79EFBC}") = "Processes", "Processes\Processes.csproj", "{DA2F4203-642C-4AB3-94A4-B61778BF282C}"
EndProject
Project("{FAE04EC0-301F-11D3-BF4B-00C04F79EFBC}") = "Projects", "Projects\Projects.csproj", "{3600E7BC-AF69-4D9E-82E4-F2EFA3AF6CE5}"
EndProject
Project("{FAE04EC0-301F-11D3-BF4B-00C04F79EFBC}") = "ProjectUI", "ProjectUI\ProjectUI.csproj", "{5500AEE7-74CA-4439-8661-22E14D6E65A8}"
EndProject
Project("{FAE04EC0-301F-11D3-BF4B-00C04F79EFBC}") = "UndoSupport", "UndoSupport\UndoSupport.csproj", "{19BC857A-3A83-4811-A618-0DD4F0601311}"
EndProject
Project("{FAE04EC0-301F-11D3-BF4B-00C04F79EFBC}") = "XmlSupport", "XmlSupport\XmlSupport.csproj", "{11D9C7DE-6B84-4108-9952-CCB18C29D2F3}"
EndProject
Project("{FAE04EC0-301F-11D3-BF4B-00C04F79EFBC}") = "TawalaInterfaces", "TawalaInterfaces\TawalaInterfaces.csproj", "{62431343-6FF1-4BC0-84E6-5C15F64CB86D}"
EndProject
Project("{54435603-DBB4-11D2-8724-00A0C9A8B90C}") = "Setup", "Setup\Setup.vdproj", "{19AC2488-868F-44FA-B7C2-69C0500040B6}"
	ProjectSection(ProjectDependencies) = postProject
		{7815D5A4-70AF-463F-B10C-5F24B59DEC77} = {7815D5A4-70AF-463F-B10C-5F24B59DEC77}
	EndProjectSection
EndProject
Project("{FAE04EC0-301F-11D3-BF4B-00C04F79EFBC}") = "ProjectExplorer", "ProjectExplorer\ProjectExplorer.csproj", "{55533182-6777-4318-A076-B1E8294D62F7}"
EndProject
Project("{FAE04EC0-301F-11D3-BF4B-00C04F79EFBC}") = "MainApplication", "Application\MainApplication.csproj", "{8613E442-1DEC-4050-A83C-F7261D410CC8}"
EndProject
Project("{FAE04EC0-301F-11D3-BF4B-00C04F79EFBC}") = "DocumentDesigner", "DocumentDesigner\DocumentDesigner.csproj", "{3324721B-A2A2-4C11-AA30-609370E213D1}"
EndProject
Project("{FAE04EC0-301F-11D3-BF4B-00C04F79EFBC}") = "ComponentDesigner", "ComponentDesigner\ComponentDesigner.csproj", "{0ED209C9-8BC5-4340-A604-15BF8D43A2EA}"
EndProject
Project("{FAE04EC0-301F-11D3-BF4B-00C04F79EFBC}") = "ProcessDesigner", "ProcessDesigner\ProcessDesigner.csproj", "{CD457912-F04D-46FE-8AC2-98EAB7EC69C1}"
EndProject
Project("{FAE04EC0-301F-11D3-BF4B-00C04F79EFBC}") = "Browser", "Browser\Browser.csproj", "{AC59536A-6D42-460A-AA2D-E14C5FD7F75B}"
EndProject
Project("{FAE04EC0-301F-11D3-BF4B-00C04F79EFBC}") = "Dialogs", "Dialogs\Dialogs.csproj", "{83F99350-36AD-4AF2-83BB-2BCF2EA8CFE5}"
EndProject
Project("{FAE04EC0-301F-11D3-BF4B-00C04F79EFBC}") = "FunctionControls", "FunctionControls\FunctionControls.csproj", "{619E97A8-47CE-4623-B752-06FF33D842F3}"
EndProject
Global
	GlobalSection(SolutionConfigurationPlatforms) = preSolution
		Debug|Any CPU = Debug|Any CPU
		Debug|x64 = Debug|x64
		Debug|x86 = Debug|x86
		Release|Any CPU = Release|Any CPU
		Release|x64 = Release|x64
		Release|x86 = Release|x86
	EndGlobalSection
	GlobalSection(ProjectConfigurationPlatforms) = postSolution
		{7815D5A4-70AF-463F-B10C-5F24B59DEC77}.Debug|Any CPU.ActiveCfg = Debug|Any CPU
		{7815D5A4-70AF-463F-B10C-5F24B59DEC77}.Debug|Any CPU.Build.0 = Debug|Any CPU
		{7815D5A4-70AF-463F-B10C-5F24B59DEC77}.Debug|x64.ActiveCfg = Debug|x64
		{7815D5A4-70AF-463F-B10C-5F24B59DEC77}.Debug|x64.Build.0 = Debug|x64
		{7815D5A4-70AF-463F-B10C-5F24B59DEC77}.Debug|x86.ActiveCfg = Debug|x86
		{7815D5A4-70AF-463F-B10C-5F24B59DEC77}.Debug|x86.Build.0 = Debug|x86
		{7815D5A4-70AF-463F-B10C-5F24B59DEC77}.Release|Any CPU.ActiveCfg = Release|Any CPU
		{7815D5A4-70AF-463F-B10C-5F24B59DEC77}.Release|Any CPU.Build.0 = Release|Any CPU
		{7815D5A4-70AF-463F-B10C-5F24B59DEC77}.Release|x64.ActiveCfg = Release|x64
		{7815D5A4-70AF-463F-B10C-5F24B59DEC77}.Release|x64.Build.0 = Release|x64
		{7815D5A4-70AF-463F-B10C-5F24B59DEC77}.Release|x86.ActiveCfg = Release|x86
		{7815D5A4-70AF-463F-B10C-5F24B59DEC77}.Release|x86.Build.0 = Release|x86
		{64119070-D726-4F91-A9D4-72537DEB0786}.Debug|Any CPU.ActiveCfg = Debug|Any CPU
		{64119070-D726-4F91-A9D4-72537DEB0786}.Debug|Any CPU.Build.0 = Debug|Any CPU
		{64119070-D726-4F91-A9D4-72537DEB0786}.Debug|x64.ActiveCfg = Debug|x64
		{64119070-D726-4F91-A9D4-72537DEB0786}.Debug|x64.Build.0 = Debug|x64
		{64119070-D726-4F91-A9D4-72537DEB0786}.Debug|x86.ActiveCfg = Debug|x86
		{64119070-D726-4F91-A9D4-72537DEB0786}.Debug|x86.Build.0 = Debug|x86
		{64119070-D726-4F91-A9D4-72537DEB0786}.Release|Any CPU.ActiveCfg = Release|Any CPU
		{64119070-D726-4F91-A9D4-72537DEB0786}.Release|Any CPU.Build.0 = Release|Any CPU
		{64119070-D726-4F91-A9D4-72537DEB0786}.Release|x64.ActiveCfg = Release|x64
		{64119070-D726-4F91-A9D4-72537DEB0786}.Release|x64.Build.0 = Release|x64
		{64119070-D726-4F91-A9D4-72537DEB0786}.Release|x86.ActiveCfg = Release|x86
		{64119070-D726-4F91-A9D4-72537DEB0786}.Release|x86.Build.0 = Release|x86
		{83F995B3-C049-44C8-8CB0-DD62C852E20F}.Debug|Any CPU.ActiveCfg = Debug|Any CPU
		{83F995B3-C049-44C8-8CB0-DD62C852E20F}.Debug|Any CPU.Build.0 = Debug|Any CPU
		{83F995B3-C049-44C8-8CB0-DD62C852E20F}.Debug|x64.ActiveCfg = Debug|x64
		{83F995B3-C049-44C8-8CB0-DD62C852E20F}.Debug|x64.Build.0 = Debug|x64
		{83F995B3-C049-44C8-8CB0-DD62C852E20F}.Debug|x86.ActiveCfg = Debug|x86
		{83F995B3-C049-44C8-8CB0-DD62C852E20F}.Debug|x86.Build.0 = Debug|x86
		{83F995B3-C049-44C8-8CB0-DD62C852E20F}.Release|Any CPU.ActiveCfg = Release|Any CPU
		{83F995B3-C049-44C8-8CB0-DD62C852E20F}.Release|Any CPU.Build.0 = Release|Any CPU
		{83F995B3-C049-44C8-8CB0-DD62C852E20F}.Release|x64.ActiveCfg = Release|x64
		{83F995B3-C049-44C8-8CB0-DD62C852E20F}.Release|x64.Build.0 = Release|x64
		{83F995B3-C049-44C8-8CB0-DD62C852E20F}.Release|x86.ActiveCfg = Release|x86
		{83F995B3-C049-44C8-8CB0-DD62C852E20F}.Release|x86.Build.0 = Release|x86
		{4F0A6D51-0E78-41AB-BBD7-CB9D2EA86670}.Debug|Any CPU.ActiveCfg = Debug|Any CPU
		{4F0A6D51-0E78-41AB-BBD7-CB9D2EA86670}.Debug|Any CPU.Build.0 = Debug|Any CPU
		{4F0A6D51-0E78-41AB-BBD7-CB9D2EA86670}.Debug|x64.ActiveCfg = Debug|x64
		{4F0A6D51-0E78-41AB-BBD7-CB9D2EA86670}.Debug|x64.Build.0 = Debug|x64
		{4F0A6D51-0E78-41AB-BBD7-CB9D2EA86670}.Debug|x86.ActiveCfg = Debug|x86
		{4F0A6D51-0E78-41AB-BBD7-CB9D2EA86670}.Debug|x86.Build.0 = Debug|x86
		{4F0A6D51-0E78-41AB-BBD7-CB9D2EA86670}.Release|Any CPU.ActiveCfg = Release|Any CPU
		{4F0A6D51-0E78-41AB-BBD7-CB9D2EA86670}.Release|Any CPU.Build.0 = Release|Any CPU
		{4F0A6D51-0E78-41AB-BBD7-CB9D2EA86670}.Release|x64.ActiveCfg = Release|x64
		{4F0A6D51-0E78-41AB-BBD7-CB9D2EA86670}.Release|x64.Build.0 = Release|x64
		{4F0A6D51-0E78-41AB-BBD7-CB9D2EA86670}.Release|x86.ActiveCfg = Release|x86
		{4F0A6D51-0E78-41AB-BBD7-CB9D2EA86670}.Release|x86.Build.0 = Release|x86
		{245B890C-9981-4FF9-9FA0-0A828D8539E3}.Debug|Any CPU.ActiveCfg = Debug|Any CPU
		{245B890C-9981-4FF9-9FA0-0A828D8539E3}.Debug|Any CPU.Build.0 = Debug|Any CPU
		{245B890C-9981-4FF9-9FA0-0A828D8539E3}.Debug|x64.ActiveCfg = Debug|x64
		{245B890C-9981-4FF9-9FA0-0A828D8539E3}.Debug|x64.Build.0 = Debug|x64
		{245B890C-9981-4FF9-9FA0-0A828D8539E3}.Debug|x86.ActiveCfg = Debug|x86
		{245B890C-9981-4FF9-9FA0-0A828D8539E3}.Debug|x86.Build.0 = Debug|x86
		{245B890C-9981-4FF9-9FA0-0A828D8539E3}.Release|Any CPU.ActiveCfg = Release|Any CPU
		{245B890C-9981-4FF9-9FA0-0A828D8539E3}.Release|Any CPU.Build.0 = Release|Any CPU
		{245B890C-9981-4FF9-9FA0-0A828D8539E3}.Release|x64.ActiveCfg = Release|x64
		{245B890C-9981-4FF9-9FA0-0A828D8539E3}.Release|x64.Build.0 = Release|x64
		{245B890C-9981-4FF9-9FA0-0A828D8539E3}.Release|x86.ActiveCfg = Release|x86
		{245B890C-9981-4FF9-9FA0-0A828D8539E3}.Release|x86.Build.0 = Release|x86
		{0C7C56C8-7EFC-40AD-8612-D104637CC4D8}.Debug|Any CPU.ActiveCfg = Debug|Any CPU
		{0C7C56C8-7EFC-40AD-8612-D104637CC4D8}.Debug|Any CPU.Build.0 = Debug|Any CPU
		{0C7C56C8-7EFC-40AD-8612-D104637CC4D8}.Debug|x64.ActiveCfg = Debug|x64
		{0C7C56C8-7EFC-40AD-8612-D104637CC4D8}.Debug|x64.Build.0 = Debug|x64
		{0C7C56C8-7EFC-40AD-8612-D104637CC4D8}.Debug|x86.ActiveCfg = Debug|x86
		{0C7C56C8-7EFC-40AD-8612-D104637CC4D8}.Debug|x86.Build.0 = Debug|x86
		{0C7C56C8-7EFC-40AD-8612-D104637CC4D8}.Release|Any CPU.ActiveCfg = Release|Any CPU
		{0C7C56C8-7EFC-40AD-8612-D104637CC4D8}.Release|Any CPU.Build.0 = Release|Any CPU
		{0C7C56C8-7EFC-40AD-8612-D104637CC4D8}.Release|x64.ActiveCfg = Release|x64
		{0C7C56C8-7EFC-40AD-8612-D104637CC4D8}.Release|x64.Build.0 = Release|x64
		{0C7C56C8-7EFC-40AD-8612-D104637CC4D8}.Release|x86.ActiveCfg = Release|x86
		{0C7C56C8-7EFC-40AD-8612-D104637CC4D8}.Release|x86.Build.0 = Release|x86
		{8546DB36-F4EA-49C0-925F-AD0124ECA727}.Debug|Any CPU.ActiveCfg = Debug|Any CPU
		{8546DB36-F4EA-49C0-925F-AD0124ECA727}.Debug|Any CPU.Build.0 = Debug|Any CPU
		{8546DB36-F4EA-49C0-925F-AD0124ECA727}.Debug|x64.ActiveCfg = Debug|x64
		{8546DB36-F4EA-49C0-925F-AD0124ECA727}.Debug|x64.Build.0 = Debug|x64
		{8546DB36-F4EA-49C0-925F-AD0124ECA727}.Debug|x86.ActiveCfg = Debug|x86
		{8546DB36-F4EA-49C0-925F-AD0124ECA727}.Debug|x86.Build.0 = Debug|x86
		{8546DB36-F4EA-49C0-925F-AD0124ECA727}.Release|Any CPU.ActiveCfg = Release|Any CPU
		{8546DB36-F4EA-49C0-925F-AD0124ECA727}.Release|Any CPU.Build.0 = Release|Any CPU
		{8546DB36-F4EA-49C0-925F-AD0124ECA727}.Release|x64.ActiveCfg = Release|x64
		{8546DB36-F4EA-49C0-925F-AD0124ECA727}.Release|x64.Build.0 = Release|x64
		{8546DB36-F4EA-49C0-925F-AD0124ECA727}.Release|x86.ActiveCfg = Release|x86
		{8546DB36-F4EA-49C0-925F-AD0124ECA727}.Release|x86.Build.0 = Release|x86
		{DA2F4203-642C-4AB3-94A4-B61778BF282C}.Debug|Any CPU.ActiveCfg = Debug|Any CPU
		{DA2F4203-642C-4AB3-94A4-B61778BF282C}.Debug|Any CPU.Build.0 = Debug|Any CPU
		{DA2F4203-642C-4AB3-94A4-B61778BF282C}.Debug|x64.ActiveCfg = Debug|x64
		{DA2F4203-642C-4AB3-94A4-B61778BF282C}.Debug|x64.Build.0 = Debug|x64
		{DA2F4203-642C-4AB3-94A4-B61778BF282C}.Debug|x86.ActiveCfg = Debug|x86
		{DA2F4203-642C-4AB3-94A4-B61778BF282C}.Debug|x86.Build.0 = Debug|x86
		{DA2F4203-642C-4AB3-94A4-B61778BF282C}.Release|Any CPU.ActiveCfg = Release|Any CPU
		{DA2F4203-642C-4AB3-94A4-B61778BF282C}.Release|Any CPU.Build.0 = Release|Any CPU
		{DA2F4203-642C-4AB3-94A4-B61778BF282C}.Release|x64.ActiveCfg = Release|x64
		{DA2F4203-642C-4AB3-94A4-B61778BF282C}.Release|x64.Build.0 = Release|x64
		{DA2F4203-642C-4AB3-94A4-B61778BF282C}.Release|x86.ActiveCfg = Release|x86
		{DA2F4203-642C-4AB3-94A4-B61778BF282C}.Release|x86.Build.0 = Release|x86
		{3600E7BC-AF69-4D9E-82E4-F2EFA3AF6CE5}.Debug|Any CPU.ActiveCfg = Debug|Any CPU
		{3600E7BC-AF69-4D9E-82E4-F2EFA3AF6CE5}.Debug|Any CPU.Build.0 = Debug|Any CPU
		{3600E7BC-AF69-4D9E-82E4-F2EFA3AF6CE5}.Debug|x64.ActiveCfg = Debug|x64
		{3600E7BC-AF69-4D9E-82E4-F2EFA3AF6CE5}.Debug|x64.Build.0 = Debug|x64
		{3600E7BC-AF69-4D9E-82E4-F2EFA3AF6CE5}.Debug|x86.ActiveCfg = Debug|x86
		{3600E7BC-AF69-4D9E-82E4-F2EFA3AF6CE5}.Debug|x86.Build.0 = Debug|x86
		{3600E7BC-AF69-4D9E-82E4-F2EFA3AF6CE5}.Release|Any CPU.ActiveCfg = Release|Any CPU
		{3600E7BC-AF69-4D9E-82E4-F2EFA3AF6CE5}.Release|Any CPU.Build.0 = Release|Any CPU
		{3600E7BC-AF69-4D9E-82E4-F2EFA3AF6CE5}.Release|x64.ActiveCfg = Release|x64
		{3600E7BC-AF69-4D9E-82E4-F2EFA3AF6CE5}.Release|x64.Build.0 = Release|x64
		{3600E7BC-AF69-4D9E-82E4-F2EFA3AF6CE5}.Release|x86.ActiveCfg = Release|x86
		{3600E7BC-AF69-4D9E-82E4-F2EFA3AF6CE5}.Release|x86.Build.0 = Release|x86
		{5500AEE7-74CA-4439-8661-22E14D6E65A8}.Debug|Any CPU.ActiveCfg = Debug|Any CPU
		{5500AEE7-74CA-4439-8661-22E14D6E65A8}.Debug|Any CPU.Build.0 = Debug|Any CPU
		{5500AEE7-74CA-4439-8661-22E14D6E65A8}.Debug|x64.ActiveCfg = Debug|x64
		{5500AEE7-74CA-4439-8661-22E14D6E65A8}.Debug|x64.Build.0 = Debug|x64
		{5500AEE7-74CA-4439-8661-22E14D6E65A8}.Debug|x86.ActiveCfg = Debug|x86
		{5500AEE7-74CA-4439-8661-22E14D6E65A8}.Debug|x86.Build.0 = Debug|x86
		{5500AEE7-74CA-4439-8661-22E14D6E65A8}.Release|Any CPU.ActiveCfg = Release|Any CPU
		{5500AEE7-74CA-4439-8661-22E14D6E65A8}.Release|Any CPU.Build.0 = Release|Any CPU
		{5500AEE7-74CA-4439-8661-22E14D6E65A8}.Release|x64.ActiveCfg = Release|x64
		{5500AEE7-74CA-4439-8661-22E14D6E65A8}.Release|x64.Build.0 = Release|x64
		{5500AEE7-74CA-4439-8661-22E14D6E65A8}.Release|x86.ActiveCfg = Release|x86
		{5500AEE7-74CA-4439-8661-22E14D6E65A8}.Release|x86.Build.0 = Release|x86
		{19BC857A-3A83-4811-A618-0DD4F0601311}.Debug|Any CPU.ActiveCfg = Debug|Any CPU
		{19BC857A-3A83-4811-A618-0DD4F0601311}.Debug|Any CPU.Build.0 = Debug|Any CPU
		{19BC857A-3A83-4811-A618-0DD4F0601311}.Debug|x64.ActiveCfg = Debug|x64
		{19BC857A-3A83-4811-A618-0DD4F0601311}.Debug|x64.Build.0 = Debug|x64
		{19BC857A-3A83-4811-A618-0DD4F0601311}.Debug|x86.ActiveCfg = Debug|x86
		{19BC857A-3A83-4811-A618-0DD4F0601311}.Debug|x86.Build.0 = Debug|x86
		{19BC857A-3A83-4811-A618-0DD4F0601311}.Release|Any CPU.ActiveCfg = Release|Any CPU
		{19BC857A-3A83-4811-A618-0DD4F0601311}.Release|Any CPU.Build.0 = Release|Any CPU
		{19BC857A-3A83-4811-A618-0DD4F0601311}.Release|x64.ActiveCfg = Release|x64
		{19BC857A-3A83-4811-A618-0DD4F0601311}.Release|x64.Build.0 = Release|x64
		{19BC857A-3A83-4811-A618-0DD4F0601311}.Release|x86.ActiveCfg = Release|x86
		{19BC857A-3A83-4811-A618-0DD4F0601311}.Release|x86.Build.0 = Release|x86
		{11D9C7DE-6B84-4108-9952-CCB18C29D2F3}.Debug|Any CPU.ActiveCfg = Debug|Any CPU
		{11D9C7DE-6B84-4108-9952-CCB18C29D2F3}.Debug|Any CPU.Build.0 = Debug|Any CPU
		{11D9C7DE-6B84-4108-9952-CCB18C29D2F3}.Debug|x64.ActiveCfg = Debug|x64
		{11D9C7DE-6B84-4108-9952-CCB18C29D2F3}.Debug|x64.Build.0 = Debug|x64
		{11D9C7DE-6B84-4108-9952-CCB18C29D2F3}.Debug|x86.ActiveCfg = Debug|x86
		{11D9C7DE-6B84-4108-9952-CCB18C29D2F3}.Debug|x86.Build.0 = Debug|x86
		{11D9C7DE-6B84-4108-9952-CCB18C29D2F3}.Release|Any CPU.ActiveCfg = Release|Any CPU
		{11D9C7DE-6B84-4108-9952-CCB18C29D2F3}.Release|Any CPU.Build.0 = Release|Any CPU
		{11D9C7DE-6B84-4108-9952-CCB18C29D2F3}.Release|x64.ActiveCfg = Release|x64
		{11D9C7DE-6B84-4108-9952-CCB18C29D2F3}.Release|x64.Build.0 = Release|x64
		{11D9C7DE-6B84-4108-9952-CCB18C29D2F3}.Release|x86.ActiveCfg = Release|x86
		{11D9C7DE-6B84-4108-9952-CCB18C29D2F3}.Release|x86.Build.0 = Release|x86
		{62431343-6FF1-4BC0-84E6-5C15F64CB86D}.Debug|Any CPU.ActiveCfg = Debug|Any CPU
		{62431343-6FF1-4BC0-84E6-5C15F64CB86D}.Debug|Any CPU.Build.0 = Debug|Any CPU
		{62431343-6FF1-4BC0-84E6-5C15F64CB86D}.Debug|x64.ActiveCfg = Debug|x64
		{62431343-6FF1-4BC0-84E6-5C15F64CB86D}.Debug|x64.Build.0 = Debug|x64
		{62431343-6FF1-4BC0-84E6-5C15F64CB86D}.Debug|x86.ActiveCfg = Debug|x86
		{62431343-6FF1-4BC0-84E6-5C15F64CB86D}.Debug|x86.Build.0 = Debug|x86
		{62431343-6FF1-4BC0-84E6-5C15F64CB86D}.Release|Any CPU.ActiveCfg = Release|Any CPU
		{62431343-6FF1-4BC0-84E6-5C15F64CB86D}.Release|Any CPU.Build.0 = Release|Any CPU
		{62431343-6FF1-4BC0-84E6-5C15F64CB86D}.Release|x64.ActiveCfg = Release|x64
		{62431343-6FF1-4BC0-84E6-5C15F64CB86D}.Release|x64.Build.0 = Release|x64
		{62431343-6FF1-4BC0-84E6-5C15F64CB86D}.Release|x86.ActiveCfg = Release|x86
		{62431343-6FF1-4BC0-84E6-5C15F64CB86D}.Release|x86.Build.0 = Release|x86
		{19AC2488-868F-44FA-B7C2-69C0500040B6}.Debug|Any CPU.ActiveCfg = Debug
		{19AC2488-868F-44FA-B7C2-69C0500040B6}.Debug|x64.ActiveCfg = Debug
		{19AC2488-868F-44FA-B7C2-69C0500040B6}.Debug|x64.Build.0 = Debug
		{19AC2488-868F-44FA-B7C2-69C0500040B6}.Debug|x86.ActiveCfg = Debug
		{19AC2488-868F-44FA-B7C2-69C0500040B6}.Release|Any CPU.ActiveCfg = Release
		{19AC2488-868F-44FA-B7C2-69C0500040B6}.Release|x64.ActiveCfg = Release
		{19AC2488-868F-44FA-B7C2-69C0500040B6}.Release|x64.Build.0 = Release
		{19AC2488-868F-44FA-B7C2-69C0500040B6}.Release|x86.ActiveCfg = Release
		{19AC2488-868F-44FA-B7C2-69C0500040B6}.Release|x86.Build.0 = Release
		{55533182-6777-4318-A076-B1E8294D62F7}.Debug|Any CPU.ActiveCfg = Debug|Any CPU
		{55533182-6777-4318-A076-B1E8294D62F7}.Debug|Any CPU.Build.0 = Debug|Any CPU
		{55533182-6777-4318-A076-B1E8294D62F7}.Debug|x64.ActiveCfg = Debug|x64
		{55533182-6777-4318-A076-B1E8294D62F7}.Debug|x64.Build.0 = Debug|x64
		{55533182-6777-4318-A076-B1E8294D62F7}.Debug|x86.ActiveCfg = Debug|x86
		{55533182-6777-4318-A076-B1E8294D62F7}.Debug|x86.Build.0 = Debug|x86
		{55533182-6777-4318-A076-B1E8294D62F7}.Release|Any CPU.ActiveCfg = Release|Any CPU
		{55533182-6777-4318-A076-B1E8294D62F7}.Release|Any CPU.Build.0 = Release|Any CPU
		{55533182-6777-4318-A076-B1E8294D62F7}.Release|x64.ActiveCfg = Release|x64
		{55533182-6777-4318-A076-B1E8294D62F7}.Release|x64.Build.0 = Release|x64
		{55533182-6777-4318-A076-B1E8294D62F7}.Release|x86.ActiveCfg = Release|x86
		{55533182-6777-4318-A076-B1E8294D62F7}.Release|x86.Build.0 = Release|x86
		{8613E442-1DEC-4050-A83C-F7261D410CC8}.Debug|Any CPU.ActiveCfg = Debug|Any CPU
		{8613E442-1DEC-4050-A83C-F7261D410CC8}.Debug|Any CPU.Build.0 = Debug|Any CPU
		{8613E442-1DEC-4050-A83C-F7261D410CC8}.Debug|x64.ActiveCfg = Debug|x64
		{8613E442-1DEC-4050-A83C-F7261D410CC8}.Debug|x64.Build.0 = Debug|x64
		{8613E442-1DEC-4050-A83C-F7261D410CC8}.Debug|x86.ActiveCfg = Debug|x86
		{8613E442-1DEC-4050-A83C-F7261D410CC8}.Debug|x86.Build.0 = Debug|x86
		{8613E442-1DEC-4050-A83C-F7261D410CC8}.Release|Any CPU.ActiveCfg = Release|Any CPU
		{8613E442-1DEC-4050-A83C-F7261D410CC8}.Release|Any CPU.Build.0 = Release|Any CPU
		{8613E442-1DEC-4050-A83C-F7261D410CC8}.Release|x64.ActiveCfg = Release|x64
		{8613E442-1DEC-4050-A83C-F7261D410CC8}.Release|x64.Build.0 = Release|x64
		{8613E442-1DEC-4050-A83C-F7261D410CC8}.Release|x86.ActiveCfg = Release|x86
		{8613E442-1DEC-4050-A83C-F7261D410CC8}.Release|x86.Build.0 = Release|x86
		{3324721B-A2A2-4C11-AA30-609370E213D1}.Debug|Any CPU.ActiveCfg = Debug|Any CPU
		{3324721B-A2A2-4C11-AA30-609370E213D1}.Debug|Any CPU.Build.0 = Debug|Any CPU
		{3324721B-A2A2-4C11-AA30-609370E213D1}.Debug|x64.ActiveCfg = Debug|x64
		{3324721B-A2A2-4C11-AA30-609370E213D1}.Debug|x64.Build.0 = Debug|x64
		{3324721B-A2A2-4C11-AA30-609370E213D1}.Debug|x86.ActiveCfg = Debug|x86
		{3324721B-A2A2-4C11-AA30-609370E213D1}.Debug|x86.Build.0 = Debug|x86
		{3324721B-A2A2-4C11-AA30-609370E213D1}.Release|Any CPU.ActiveCfg = Release|Any CPU
		{3324721B-A2A2-4C11-AA30-609370E213D1}.Release|Any CPU.Build.0 = Release|Any CPU
		{3324721B-A2A2-4C11-AA30-609370E213D1}.Release|x64.ActiveCfg = Release|x64
		{3324721B-A2A2-4C11-AA30-609370E213D1}.Release|x64.Build.0 = Release|x64
		{3324721B-A2A2-4C11-AA30-609370E213D1}.Release|x86.ActiveCfg = Release|x86
		{3324721B-A2A2-4C11-AA30-609370E213D1}.Release|x86.Build.0 = Release|x86
		{0ED209C9-8BC5-4340-A604-15BF8D43A2EA}.Debug|Any CPU.ActiveCfg = Debug|Any CPU
		{0ED209C9-8BC5-4340-A604-15BF8D43A2EA}.Debug|Any CPU.Build.0 = Debug|Any CPU
		{0ED209C9-8BC5-4340-A604-15BF8D43A2EA}.Debug|x64.ActiveCfg = Debug|x64
		{0ED209C9-8BC5-4340-A604-15BF8D43A2EA}.Debug|x64.Build.0 = Debug|x64
		{0ED209C9-8BC5-4340-A604-15BF8D43A2EA}.Debug|x86.ActiveCfg = Debug|x86
		{0ED209C9-8BC5-4340-A604-15BF8D43A2EA}.Debug|x86.Build.0 = Debug|x86
		{0ED209C9-8BC5-4340-A604-15BF8D43A2EA}.Release|Any CPU.ActiveCfg = Release|Any CPU
		{0ED209C9-8BC5-4340-A604-15BF8D43A2EA}.Release|Any CPU.Build.0 = Release|Any CPU
		{0ED209C9-8BC5-4340-A604-15BF8D43A2EA}.Release|x64.ActiveCfg = Release|x64
		{0ED209C9-8BC5-4340-A604-15BF8D43A2EA}.Release|x64.Build.0 = Release|x64
		{0ED209C9-8BC5-4340-A604-15BF8D43A2EA}.Release|x86.ActiveCfg = Release|x86
		{0ED209C9-8BC5-4340-A604-15BF8D43A2EA}.Release|x86.Build.0 = Release|x86
		{CD457912-F04D-46FE-8AC2-98EAB7EC69C1}.Debug|Any CPU.ActiveCfg = Debug|Any CPU
		{CD457912-F04D-46FE-8AC2-98EAB7EC69C1}.Debug|Any CPU.Build.0 = Debug|Any CPU
		{CD457912-F04D-46FE-8AC2-98EAB7EC69C1}.Debug|x64.ActiveCfg = Debug|x64
		{CD457912-F04D-46FE-8AC2-98EAB7EC69C1}.Debug|x64.Build.0 = Debug|x64
		{CD457912-F04D-46FE-8AC2-98EAB7EC69C1}.Debug|x86.ActiveCfg = Debug|x86
		{CD457912-F04D-46FE-8AC2-98EAB7EC69C1}.Debug|x86.Build.0 = Debug|x86
		{CD457912-F04D-46FE-8AC2-98EAB7EC69C1}.Release|Any CPU.ActiveCfg = Release|Any CPU
		{CD457912-F04D-46FE-8AC2-98EAB7EC69C1}.Release|Any CPU.Build.0 = Release|Any CPU
		{CD457912-F04D-46FE-8AC2-98EAB7EC69C1}.Release|x64.ActiveCfg = Release|x64
		{CD457912-F04D-46FE-8AC2-98EAB7EC69C1}.Release|x64.Build.0 = Release|x64
		{CD457912-F04D-46FE-8AC2-98EAB7EC69C1}.Release|x86.ActiveCfg = Release|x86
		{CD457912-F04D-46FE-8AC2-98EAB7EC69C1}.Release|x86.Build.0 = Release|x86
		{AC59536A-6D42-460A-AA2D-E14C5FD7F75B}.Debug|Any CPU.ActiveCfg = Debug|Any CPU
		{AC59536A-6D42-460A-AA2D-E14C5FD7F75B}.Debug|Any CPU.Build.0 = Debug|Any CPU
		{AC59536A-6D42-460A-AA2D-E14C5FD7F75B}.Debug|x64.ActiveCfg = Debug|x64
		{AC59536A-6D42-460A-AA2D-E14C5FD7F75B}.Debug|x64.Build.0 = Debug|x64
		{AC59536A-6D42-460A-AA2D-E14C5FD7F75B}.Debug|x86.ActiveCfg = Debug|x86
		{AC59536A-6D42-460A-AA2D-E14C5FD7F75B}.Debug|x86.Build.0 = Debug|x86
		{AC59536A-6D42-460A-AA2D-E14C5FD7F75B}.Release|Any CPU.ActiveCfg = Release|Any CPU
		{AC59536A-6D42-460A-AA2D-E14C5FD7F75B}.Release|Any CPU.Build.0 = Release|Any CPU
		{AC59536A-6D42-460A-AA2D-E14C5FD7F75B}.Release|x64.ActiveCfg = Release|x64
		{AC59536A-6D42-460A-AA2D-E14C5FD7F75B}.Release|x64.Build.0 = Release|x64
		{AC59536A-6D42-460A-AA2D-E14C5FD7F75B}.Release|x86.ActiveCfg = Release|x86
		{AC59536A-6D42-460A-AA2D-E14C5FD7F75B}.Release|x86.Build.0 = Release|x86
		{83F99350-36AD-4AF2-83BB-2BCF2EA8CFE5}.Debug|Any CPU.ActiveCfg = Debug|Any CPU
		{83F99350-36AD-4AF2-83BB-2BCF2EA8CFE5}.Debug|Any CPU.Build.0 = Debug|Any CPU
		{83F99350-36AD-4AF2-83BB-2BCF2EA8CFE5}.Debug|x64.ActiveCfg = Debug|x64
		{83F99350-36AD-4AF2-83BB-2BCF2EA8CFE5}.Debug|x64.Build.0 = Debug|x64
		{83F99350-36AD-4AF2-83BB-2BCF2EA8CFE5}.Debug|x86.ActiveCfg = Debug|x86
		{83F99350-36AD-4AF2-83BB-2BCF2EA8CFE5}.Debug|x86.Build.0 = Debug|x86
		{83F99350-36AD-4AF2-83BB-2BCF2EA8CFE5}.Release|Any CPU.ActiveCfg = Release|Any CPU
		{83F99350-36AD-4AF2-83BB-2BCF2EA8CFE5}.Release|Any CPU.Build.0 = Release|Any CPU
		{83F99350-36AD-4AF2-83BB-2BCF2EA8CFE5}.Release|x64.ActiveCfg = Release|x64
		{83F99350-36AD-4AF2-83BB-2BCF2EA8CFE5}.Release|x64.Build.0 = Release|x64
		{83F99350-36AD-4AF2-83BB-2BCF2EA8CFE5}.Release|x86.ActiveCfg = Release|x86
		{83F99350-36AD-4AF2-83BB-2BCF2EA8CFE5}.Release|x86.Build.0 = Release|x86
		{619E97A8-47CE-4623-B752-06FF33D842F3}.Debug|Any CPU.ActiveCfg = Debug|Any CPU
		{619E97A8-47CE-4623-B752-06FF33D842F3}.Debug|Any CPU.Build.0 = Debug|Any CPU
		{619E97A8-47CE-4623-B752-06FF33D842F3}.Debug|x64.ActiveCfg = Debug|Any CPU
		{619E97A8-47CE-4623-B752-06FF33D842F3}.Debug|x86.ActiveCfg = Debug|x86
		{619E97A8-47CE-4623-B752-06FF33D842F3}.Debug|x86.Build.0 = Debug|x86
		{619E97A8-47CE-4623-B752-06FF33D842F3}.Release|Any CPU.ActiveCfg = Release|Any CPU
		{619E97A8-47CE-4623-B752-06FF33D842F3}.Release|Any CPU.Build.0 = Release|Any CPU
		{619E97A8-47CE-4623-B752-06FF33D842F3}.Release|x64.ActiveCfg = Release|Any CPU
		{619E97A8-47CE-4623-B752-06FF33D842F3}.Release|x86.ActiveCfg = Release|Any CPU
	EndGlobalSection
	GlobalSection(SolutionProperties) = preSolution
		HideSolutionNode = FALSE
	EndGlobalSection
EndGlobal
