
Microsoft Visual Studio Solution File, Format Version 10.00
# Visual Studio 2008
Project("{FAE04EC0-301F-11D3-BF4B-00C04F79EFBC}") = "FormDesignerTest", "FormDesignerTest\FormDesignerTest.csproj", "{6F954DD4-4D80-435D-8F01-10F596ED87E1}"
EndProject
Project("{FAE04EC0-301F-11D3-BF4B-00C04F79EFBC}") = "Common", "..\TawalaDesigner\Common\Common.csproj", "{83F995B3-C049-44C8-8CB0-DD62C852E20F}"
EndProject
Project("{FAE04EC0-301F-11D3-BF4B-00C04F79EFBC}") = "Controls", "..\TawalaDesigner\Controls\Controls.csproj", "{4F0A6D51-0E78-41AB-BBD7-CB9D2EA86670}"
EndProject
Project("{FAE04EC0-301F-11D3-BF4B-00C04F79EFBC}") = "FontSupport", "..\TawalaDesigner\FontSupport\FontSupport.csproj", "{245B890C-9981-4FF9-9FA0-0A828D8539E3}"
EndProject
Project("{FAE04EC0-301F-11D3-BF4B-00C04F79EFBC}") = "FunctionRuntime", "..\TawalaDesigner\FunctionRuntime\FunctionRuntime.csproj", "{0C7C56C8-7EFC-40AD-8612-D104637CC4D8}"
EndProject
Project("{FAE04EC0-301F-11D3-BF4B-00C04F79EFBC}") = "FunctionViewPresenter", "..\TawalaDesigner\FunctionViewPresenter\FunctionViewPresenter.csproj", "{8546DB36-F4EA-49C0-925F-AD0124ECA727}"
EndProject
Project("{FAE04EC0-301F-11D3-BF4B-00C04F79EFBC}") = "Processes", "..\TawalaDesigner\Processes\Processes.csproj", "{DA2F4203-642C-4AB3-94A4-B61778BF282C}"
EndProject
Project("{FAE04EC0-301F-11D3-BF4B-00C04F79EFBC}") = "Projects", "..\TawalaDesigner\Projects\Projects.csproj", "{3600E7BC-AF69-4D9E-82E4-F2EFA3AF6CE5}"
EndProject
Project("{FAE04EC0-301F-11D3-BF4B-00C04F79EFBC}") = "ProjectUI", "..\TawalaDesigner\ProjectUI\ProjectUI.csproj", "{5500AEE7-74CA-4439-8661-22E14D6E65A8}"
EndProject
Project("{FAE04EC0-301F-11D3-BF4B-00C04F79EFBC}") = "UndoSupport", "..\TawalaDesigner\UndoSupport\UndoSupport.csproj", "{19BC857A-3A83-4811-A618-0DD4F0601311}"
EndProject
Project("{FAE04EC0-301F-11D3-BF4B-00C04F79EFBC}") = "XmlSupport", "..\TawalaDesigner\XmlSupport\XmlSupport.csproj", "{11D9C7DE-6B84-4108-9952-CCB18C29D2F3}"
EndProject
Project("{FAE04EC0-301F-11D3-BF4B-00C04F79EFBC}") = "TawalaDesigner", "..\TawalaDesigner\TawalaDesigner\TawalaDesigner.csproj", "{7815D5A4-70AF-463F-B10C-5F24B59DEC77}"
EndProject
Project("{FAE04EC0-301F-11D3-BF4B-00C04F79EFBC}") = "TawalaInterfaces", "..\TawalaDesigner\TawalaInterfaces\TawalaInterfaces.csproj", "{62431343-6FF1-4BC0-84E6-5C15F64CB86D}"
EndProject
Project("{FAE04EC0-301F-11D3-BF4B-00C04F79EFBC}") = "FormDesigner", "..\TawalaDesigner\FormDesigner\FormDesigner.csproj", "{64119070-D726-4F91-A9D4-72537DEB0786}"
EndProject
Project("{FAE04EC0-301F-11D3-BF4B-00C04F79EFBC}") = "ProjectExplorer", "..\TawalaDesigner\ProjectExplorer\ProjectExplorer.csproj", "{55533182-6777-4318-A076-B1E8294D62F7}"
EndProject
Project("{FAE04EC0-301F-11D3-BF4B-00C04F79EFBC}") = "ProjectExplorerTest", "ProjectExplorerTest\ProjectExplorerTest.csproj", "{B3B27DF6-6B11-41B6-B583-7AD36BD80776}"
EndProject
Project("{FAE04EC0-301F-11D3-BF4B-00C04F79EFBC}") = "MainApplication", "..\TawalaDesigner\Application\MainApplication.csproj", "{8613E442-1DEC-4050-A83C-F7261D410CC8}"
EndProject
Project("{FAE04EC0-301F-11D3-BF4B-00C04F79EFBC}") = "DocumentDesigner", "..\TawalaDesigner\DocumentDesigner\DocumentDesigner.csproj", "{3324721B-A2A2-4C11-AA30-609370E213D1}"
EndProject
Project("{2150E333-8FDC-42A3-9474-1A3956D46DE8}") = "Solution Items", "Solution Items", "{85B74717-8BB0-465E-897F-6125A7DB7BB0}"
	ProjectSection(SolutionItems) = preProject
		Empty Project.tawala = Empty Project.tawala
		OneConnectedPostProcess.xml = OneConnectedPostProcess.xml
		OneConnectedPreProcess.xml = OneConnectedPreProcess.xml
		OneForm.tawala = OneForm.tawala
		ThreeDocuments.xml = ThreeDocuments.xml
		ThreeForms.xml = ThreeForms.xml
		ThreeProcesses.xml = ThreeProcesses.xml
		VariableInTextItem.tawala = VariableInTextItem.tawala
	EndProjectSection
EndProject
Project("{FAE04EC0-301F-11D3-BF4B-00C04F79EFBC}") = "ComponentDesigner", "..\TawalaDesigner\ComponentDesigner\ComponentDesigner.csproj", "{0ED209C9-8BC5-4340-A604-15BF8D43A2EA}"
EndProject
Project("{FAE04EC0-301F-11D3-BF4B-00C04F79EFBC}") = "ProcessDesigner", "..\TawalaDesigner\ProcessDesigner\ProcessDesigner.csproj", "{CD457912-F04D-46FE-8AC2-98EAB7EC69C1}"
EndProject
Project("{FAE04EC0-301F-11D3-BF4B-00C04F79EFBC}") = "Browser", "..\TawalaDesigner\Browser\Browser.csproj", "{AC59536A-6D42-460A-AA2D-E14C5FD7F75B}"
EndProject
Project("{FAE04EC0-301F-11D3-BF4B-00C04F79EFBC}") = "DocumentDesignerTest", "DocumentDesignerTest\DocumentDesignerTest.csproj", "{E29B3C84-5E76-493E-8120-B0DAA608AC9E}"
EndProject
Project("{FAE04EC0-301F-11D3-BF4B-00C04F79EFBC}") = "StoryTest", "StoryTest\StoryTest.csproj", "{5B30CE36-99DB-4778-9AA5-5398CD9A6DED}"
EndProject
Project("{FAE04EC0-301F-11D3-BF4B-00C04F79EFBC}") = "Dialogs", "..\TawalaDesigner\Dialogs\Dialogs.csproj", "{83F99350-36AD-4AF2-83BB-2BCF2EA8CFE5}"
EndProject
Project("{FAE04EC0-301F-11D3-BF4B-00C04F79EFBC}") = "DialogsTest", "DialogsTest\DialogsTest.csproj", "{FD093992-E4E6-407B-A2D0-6312A40D44BF}"
EndProject
Project("{FAE04EC0-301F-11D3-BF4B-00C04F79EFBC}") = "BugTest", "BugTest\BugTest.csproj", "{B9425686-D4A2-454A-88F2-5749B301B879}"
EndProject
Project("{FAE04EC0-301F-11D3-BF4B-00C04F79EFBC}") = "FunctionControls", "..\TawalaDesigner\FunctionControls\FunctionControls.csproj", "{619E97A8-47CE-4623-B752-06FF33D842F3}"
EndProject
Project("{FAE04EC0-301F-11D3-BF4B-00C04F79EFBC}") = "XmlSupportTest", "XmlSupportTest\XmlSupportTest.csproj", "{D92EE334-15FF-4E70-9C28-573C1277D0AD}"
EndProject
Project("{FAE04EC0-301F-11D3-BF4B-00C04F79EFBC}") = "ProjectsTest", "ProjectsTest\ProjectsTest.csproj", "{B6B5D9A1-6B02-459A-A8CA-3979B54FBF23}"
EndProject
Project("{FAE04EC0-301F-11D3-BF4B-00C04F79EFBC}") = "TestingSupport", "TestingSupport\TestingSupport.csproj", "{676BF565-2CC7-42D9-9E52-BD431D8A47A0}"
EndProject
Global
	GlobalSection(SolutionConfigurationPlatforms) = preSolution
		Debug|Any CPU = Debug|Any CPU
		Debug|x64 = Debug|x64
		Debug|x86 = Debug|x86
		Release|Any CPU = Release|Any CPU
		Release|x64 = Release|x64
		Release|x86 = Release|x86
	EndGlobalSection
	GlobalSection(ProjectConfigurationPlatforms) = postSolution
		{6F954DD4-4D80-435D-8F01-10F596ED87E1}.Debug|Any CPU.ActiveCfg = Debug|Any CPU
		{6F954DD4-4D80-435D-8F01-10F596ED87E1}.Debug|Any CPU.Build.0 = Debug|Any CPU
		{6F954DD4-4D80-435D-8F01-10F596ED87E1}.Debug|x64.ActiveCfg = Debug|x64
		{6F954DD4-4D80-435D-8F01-10F596ED87E1}.Debug|x64.Build.0 = Debug|x64
		{6F954DD4-4D80-435D-8F01-10F596ED87E1}.Debug|x86.ActiveCfg = Debug|x86
		{6F954DD4-4D80-435D-8F01-10F596ED87E1}.Debug|x86.Build.0 = Debug|x86
		{6F954DD4-4D80-435D-8F01-10F596ED87E1}.Release|Any CPU.ActiveCfg = Release|Any CPU
		{6F954DD4-4D80-435D-8F01-10F596ED87E1}.Release|Any CPU.Build.0 = Release|Any CPU
		{6F954DD4-4D80-435D-8F01-10F596ED87E1}.Release|x64.ActiveCfg = Release|x64
		{6F954DD4-4D80-435D-8F01-10F596ED87E1}.Release|x64.Build.0 = Release|x64
		{6F954DD4-4D80-435D-8F01-10F596ED87E1}.Release|x86.ActiveCfg = Release|x86
		{6F954DD4-4D80-435D-8F01-10F596ED87E1}.Release|x86.Build.0 = Release|x86
		{83F995B3-C049-44C8-8CB0-DD62C852E20F}.Debug|Any CPU.ActiveCfg = Debug|Any CPU
		{83F995B3-C049-44C8-8CB0-DD62C852E20F}.Debug|Any CPU.Build.0 = Debug|Any CPU
		{83F995B3-C049-44C8-8CB0-DD62C852E20F}.Debug|x64.ActiveCfg = Debug|x64
		{83F995B3-C049-44C8-8CB0-DD62C852E20F}.Debug|x64.Build.0 = Debug|x64
		{83F995B3-C049-44C8-8CB0-DD62C852E20F}.Debug|x86.ActiveCfg = Debug|x86
		{83F995B3-C049-44C8-8CB0-DD62C852E20F}.Debug|x86.Build.0 = Debug|x86
		{83F995B3-C049-44C8-8CB0-DD62C852E20F}.Release|Any CPU.ActiveCfg = Release|Any CPU
		{83F995B3-C049-44C8-8CB0-DD62C852E20F}.Release|Any CPU.Build.0 = Release|Any CPU
		{83F995B3-C049-44C8-8CB0-DD62C852E20F}.Release|x64.ActiveCfg = Release|x64
		{83F995B3-C049-44C8-8CB0-DD62C852E20F}.Release|x64.Build.0 = Release|x64
		{83F995B3-C049-44C8-8CB0-DD62C852E20F}.Release|x86.ActiveCfg = Release|x86
		{83F995B3-C049-44C8-8CB0-DD62C852E20F}.Release|x86.Build.0 = Release|x86
		{4F0A6D51-0E78-41AB-BBD7-CB9D2EA86670}.Debug|Any CPU.ActiveCfg = Debug|Any CPU
		{4F0A6D51-0E78-41AB-BBD7-CB9D2EA86670}.Debug|Any CPU.Build.0 = Debug|Any CPU
		{4F0A6D51-0E78-41AB-BBD7-CB9D2EA86670}.Debug|x64.ActiveCfg = Debug|x64
		{4F0A6D51-0E78-41AB-BBD7-CB9D2EA86670}.Debug|x64.Build.0 = Debug|x64
		{4F0A6D51-0E78-41AB-BBD7-CB9D2EA86670}.Debug|x86.ActiveCfg = Debug|x86
		{4F0A6D51-0E78-41AB-BBD7-CB9D2EA86670}.Debug|x86.Build.0 = Debug|x86
		{4F0A6D51-0E78-41AB-BBD7-CB9D2EA86670}.Release|Any CPU.ActiveCfg = Release|Any CPU
		{4F0A6D51-0E78-41AB-BBD7-CB9D2EA86670}.Release|Any CPU.Build.0 = Release|Any CPU
		{4F0A6D51-0E78-41AB-BBD7-CB9D2EA86670}.Release|x64.ActiveCfg = Release|x64
		{4F0A6D51-0E78-41AB-BBD7-CB9D2EA86670}.Release|x64.Build.0 = Release|x64
		{4F0A6D51-0E78-41AB-BBD7-CB9D2EA86670}.Release|x86.ActiveCfg = Release|x86
		{4F0A6D51-0E78-41AB-BBD7-CB9D2EA86670}.Release|x86.Build.0 = Release|x86
		{245B890C-9981-4FF9-9FA0-0A828D8539E3}.Debug|Any CPU.ActiveCfg = Debug|Any CPU
		{245B890C-9981-4FF9-9FA0-0A828D8539E3}.Debug|Any CPU.Build.0 = Debug|Any CPU
		{245B890C-9981-4FF9-9FA0-0A828D8539E3}.Debug|x64.ActiveCfg = Debug|x64
		{245B890C-9981-4FF9-9FA0-0A828D8539E3}.Debug|x64.Build.0 = Debug|x64
		{245B890C-9981-4FF9-9FA0-0A828D8539E3}.Debug|x86.ActiveCfg = Debug|x86
		{245B890C-9981-4FF9-9FA0-0A828D8539E3}.Debug|x86.Build.0 = Debug|x86
		{245B890C-9981-4FF9-9FA0-0A828D8539E3}.Release|Any CPU.ActiveCfg = Release|Any CPU
		{245B890C-9981-4FF9-9FA0-0A828D8539E3}.Release|Any CPU.Build.0 = Release|Any CPU
		{245B890C-9981-4FF9-9FA0-0A828D8539E3}.Release|x64.ActiveCfg = Release|x64
		{245B890C-9981-4FF9-9FA0-0A828D8539E3}.Release|x64.Build.0 = Release|x64
		{245B890C-9981-4FF9-9FA0-0A828D8539E3}.Release|x86.ActiveCfg = Release|x86
		{245B890C-9981-4FF9-9FA0-0A828D8539E3}.Release|x86.Build.0 = Release|x86
		{0C7C56C8-7EFC-40AD-8612-D104637CC4D8}.Debug|Any CPU.ActiveCfg = Debug|Any CPU
		{0C7C56C8-7EFC-40AD-8612-D104637CC4D8}.Debug|Any CPU.Build.0 = Debug|Any CPU
		{0C7C56C8-7EFC-40AD-8612-D104637CC4D8}.Debug|x64.ActiveCfg = Debug|x64
		{0C7C56C8-7EFC-40AD-8612-D104637CC4D8}.Debug|x64.Build.0 = Debug|x64
		{0C7C56C8-7EFC-40AD-8612-D104637CC4D8}.Debug|x86.ActiveCfg = Debug|x86
		{0C7C56C8-7EFC-40AD-8612-D104637CC4D8}.Debug|x86.Build.0 = Debug|x86
		{0C7C56C8-7EFC-40AD-8612-D104637CC4D8}.Release|Any CPU.ActiveCfg = Release|Any CPU
		{0C7C56C8-7EFC-40AD-8612-D104637CC4D8}.Release|Any CPU.Build.0 = Release|Any CPU
		{0C7C56C8-7EFC-40AD-8612-D104637CC4D8}.Release|x64.ActiveCfg = Release|x64
		{0C7C56C8-7EFC-40AD-8612-D104637CC4D8}.Release|x64.Build.0 = Release|x64
		{0C7C56C8-7EFC-40AD-8612-D104637CC4D8}.Release|x86.ActiveCfg = Release|x86
		{0C7C56C8-7EFC-40AD-8612-D104637CC4D8}.Release|x86.Build.0 = Release|x86
		{8546DB36-F4EA-49C0-925F-AD0124ECA727}.Debug|Any CPU.ActiveCfg = Debug|Any CPU
		{8546DB36-F4EA-49C0-925F-AD0124ECA727}.Debug|Any CPU.Build.0 = Debug|Any CPU
		{8546DB36-F4EA-49C0-925F-AD0124ECA727}.Debug|x64.ActiveCfg = Debug|x64
		{8546DB36-F4EA-49C0-925F-AD0124ECA727}.Debug|x64.Build.0 = Debug|x64
		{8546DB36-F4EA-49C0-925F-AD0124ECA727}.Debug|x86.ActiveCfg = Debug|x86
		{8546DB36-F4EA-49C0-925F-AD0124ECA727}.Debug|x86.Build.0 = Debug|x86
		{8546DB36-F4EA-49C0-925F-AD0124ECA727}.Release|Any CPU.ActiveCfg = Release|Any CPU
		{8546DB36-F4EA-49C0-925F-AD0124ECA727}.Release|Any CPU.Build.0 = Release|Any CPU
		{8546DB36-F4EA-49C0-925F-AD0124ECA727}.Release|x64.ActiveCfg = Release|x64
		{8546DB36-F4EA-49C0-925F-AD0124ECA727}.Release|x64.Build.0 = Release|x64
		{8546DB36-F4EA-49C0-925F-AD0124ECA727}.Release|x86.ActiveCfg = Release|x86
		{8546DB36-F4EA-49C0-925F-AD0124ECA727}.Release|x86.Build.0 = Release|x86
		{DA2F4203-642C-4AB3-94A4-B61778BF282C}.Debug|Any CPU.ActiveCfg = Debug|Any CPU
		{DA2F4203-642C-4AB3-94A4-B61778BF282C}.Debug|Any CPU.Build.0 = Debug|Any CPU
		{DA2F4203-642C-4AB3-94A4-B61778BF282C}.Debug|x64.ActiveCfg = Debug|x64
		{DA2F4203-642C-4AB3-94A4-B61778BF282C}.Debug|x64.Build.0 = Debug|x64
		{DA2F4203-642C-4AB3-94A4-B61778BF282C}.Debug|x86.ActiveCfg = Debug|x86
		{DA2F4203-642C-4AB3-94A4-B61778BF282C}.Debug|x86.Build.0 = Debug|x86
		{DA2F4203-642C-4AB3-94A4-B61778BF282C}.Release|Any CPU.ActiveCfg = Release|Any CPU
		{DA2F4203-642C-4AB3-94A4-B61778BF282C}.Release|Any CPU.Build.0 = Release|Any CPU
		{DA2F4203-642C-4AB3-94A4-B61778BF282C}.Release|x64.ActiveCfg = Release|x64
		{DA2F4203-642C-4AB3-94A4-B61778BF282C}.Release|x64.Build.0 = Release|x64
		{DA2F4203-642C-4AB3-94A4-B61778BF282C}.Release|x86.ActiveCfg = Release|x86
		{DA2F4203-642C-4AB3-94A4-B61778BF282C}.Release|x86.Build.0 = Release|x86
		{3600E7BC-AF69-4D9E-82E4-F2EFA3AF6CE5}.Debug|Any CPU.ActiveCfg = Debug|Any CPU
		{3600E7BC-AF69-4D9E-82E4-F2EFA3AF6CE5}.Debug|Any CPU.Build.0 = Debug|Any CPU
		{3600E7BC-AF69-4D9E-82E4-F2EFA3AF6CE5}.Debug|x64.ActiveCfg = Debug|x64
		{3600E7BC-AF69-4D9E-82E4-F2EFA3AF6CE5}.Debug|x64.Build.0 = Debug|x64
		{3600E7BC-AF69-4D9E-82E4-F2EFA3AF6CE5}.Debug|x86.ActiveCfg = Debug|x86
		{3600E7BC-AF69-4D9E-82E4-F2EFA3AF6CE5}.Debug|x86.Build.0 = Debug|x86
		{3600E7BC-AF69-4D9E-82E4-F2EFA3AF6CE5}.Release|Any CPU.ActiveCfg = Release|Any CPU
		{3600E7BC-AF69-4D9E-82E4-F2EFA3AF6CE5}.Release|Any CPU.Build.0 = Release|Any CPU
		{3600E7BC-AF69-4D9E-82E4-F2EFA3AF6CE5}.Release|x64.ActiveCfg = Release|x64
		{3600E7BC-AF69-4D9E-82E4-F2EFA3AF6CE5}.Release|x64.Build.0 = Release|x64
		{3600E7BC-AF69-4D9E-82E4-F2EFA3AF6CE5}.Release|x86.ActiveCfg = Release|x86
		{3600E7BC-AF69-4D9E-82E4-F2EFA3AF6CE5}.Release|x86.Build.0 = Release|x86
		{5500AEE7-74CA-4439-8661-22E14D6E65A8}.Debug|Any CPU.ActiveCfg = Debug|Any CPU
		{5500AEE7-74CA-4439-8661-22E14D6E65A8}.Debug|Any CPU.Build.0 = Debug|Any CPU
		{5500AEE7-74CA-4439-8661-22E14D6E65A8}.Debug|x64.ActiveCfg = Debug|x64
		{5500AEE7-74CA-4439-8661-22E14D6E65A8}.Debug|x64.Build.0 = Debug|x64
		{5500AEE7-74CA-4439-8661-22E14D6E65A8}.Debug|x86.ActiveCfg = Debug|x86
		{5500AEE7-74CA-4439-8661-22E14D6E65A8}.Debug|x86.Build.0 = Debug|x86
		{5500AEE7-74CA-4439-8661-22E14D6E65A8}.Release|Any CPU.ActiveCfg = Release|Any CPU
		{5500AEE7-74CA-4439-8661-22E14D6E65A8}.Release|Any CPU.Build.0 = Release|Any CPU
		{5500AEE7-74CA-4439-8661-22E14D6E65A8}.Release|x64.ActiveCfg = Release|x64
		{5500AEE7-74CA-4439-8661-22E14D6E65A8}.Release|x64.Build.0 = Release|x64
		{5500AEE7-74CA-4439-8661-22E14D6E65A8}.Release|x86.ActiveCfg = Release|x86
		{5500AEE7-74CA-4439-8661-22E14D6E65A8}.Release|x86.Build.0 = Release|x86
		{19BC857A-3A83-4811-A618-0DD4F0601311}.Debug|Any CPU.ActiveCfg = Debug|Any CPU
		{19BC857A-3A83-4811-A618-0DD4F0601311}.Debug|Any CPU.Build.0 = Debug|Any CPU
		{19BC857A-3A83-4811-A618-0DD4F0601311}.Debug|x64.ActiveCfg = Debug|x64
		{19BC857A-3A83-4811-A618-0DD4F0601311}.Debug|x64.Build.0 = Debug|x64
		{19BC857A-3A83-4811-A618-0DD4F0601311}.Debug|x86.ActiveCfg = Debug|x86
		{19BC857A-3A83-4811-A618-0DD4F0601311}.Debug|x86.Build.0 = Debug|x86
		{19BC857A-3A83-4811-A618-0DD4F0601311}.Release|Any CPU.ActiveCfg = Release|Any CPU
		{19BC857A-3A83-4811-A618-0DD4F0601311}.Release|Any CPU.Build.0 = Release|Any CPU
		{19BC857A-3A83-4811-A618-0DD4F0601311}.Release|x64.ActiveCfg = Release|x64
		{19BC857A-3A83-4811-A618-0DD4F0601311}.Release|x64.Build.0 = Release|x64
		{19BC857A-3A83-4811-A618-0DD4F0601311}.Release|x86.ActiveCfg = Release|x86
		{19BC857A-3A83-4811-A618-0DD4F0601311}.Release|x86.Build.0 = Release|x86
		{11D9C7DE-6B84-4108-9952-CCB18C29D2F3}.Debug|Any CPU.ActiveCfg = Debug|Any CPU
		{11D9C7DE-6B84-4108-9952-CCB18C29D2F3}.Debug|Any CPU.Build.0 = Debug|Any CPU
		{11D9C7DE-6B84-4108-9952-CCB18C29D2F3}.Debug|x64.ActiveCfg = Debug|x64
		{11D9C7DE-6B84-4108-9952-CCB18C29D2F3}.Debug|x64.Build.0 = Debug|x64
		{11D9C7DE-6B84-4108-9952-CCB18C29D2F3}.Debug|x86.ActiveCfg = Debug|x86
		{11D9C7DE-6B84-4108-9952-CCB18C29D2F3}.Debug|x86.Build.0 = Debug|x86
		{11D9C7DE-6B84-4108-9952-CCB18C29D2F3}.Release|Any CPU.ActiveCfg = Release|Any CPU
		{11D9C7DE-6B84-4108-9952-CCB18C29D2F3}.Release|Any CPU.Build.0 = Release|Any CPU
		{11D9C7DE-6B84-4108-9952-CCB18C29D2F3}.Release|x64.ActiveCfg = Release|x64
		{11D9C7DE-6B84-4108-9952-CCB18C29D2F3}.Release|x64.Build.0 = Release|x64
		{11D9C7DE-6B84-4108-9952-CCB18C29D2F3}.Release|x86.ActiveCfg = Release|x86
		{11D9C7DE-6B84-4108-9952-CCB18C29D2F3}.Release|x86.Build.0 = Release|x86
		{7815D5A4-70AF-463F-B10C-5F24B59DEC77}.Debug|Any CPU.ActiveCfg = Debug|Any CPU
		{7815D5A4-70AF-463F-B10C-5F24B59DEC77}.Debug|Any CPU.Build.0 = Debug|Any CPU
		{7815D5A4-70AF-463F-B10C-5F24B59DEC77}.Debug|x64.ActiveCfg = Debug|x64
		{7815D5A4-70AF-463F-B10C-5F24B59DEC77}.Debug|x64.Build.0 = Debug|x64
		{7815D5A4-70AF-463F-B10C-5F24B59DEC77}.Debug|x86.ActiveCfg = Debug|x86
		{7815D5A4-70AF-463F-B10C-5F24B59DEC77}.Debug|x86.Build.0 = Debug|x86
		{7815D5A4-70AF-463F-B10C-5F24B59DEC77}.Release|Any CPU.ActiveCfg = Release|Any CPU
		{7815D5A4-70AF-463F-B10C-5F24B59DEC77}.Release|Any CPU.Build.0 = Release|Any CPU
		{7815D5A4-70AF-463F-B10C-5F24B59DEC77}.Release|x64.ActiveCfg = Release|x64
		{7815D5A4-70AF-463F-B10C-5F24B59DEC77}.Release|x64.Build.0 = Release|x64
		{7815D5A4-70AF-463F-B10C-5F24B59DEC77}.Release|x86.ActiveCfg = Release|x86
		{7815D5A4-70AF-463F-B10C-5F24B59DEC77}.Release|x86.Build.0 = Release|x86
		{62431343-6FF1-4BC0-84E6-5C15F64CB86D}.Debug|Any CPU.ActiveCfg = Debug|Any CPU
		{62431343-6FF1-4BC0-84E6-5C15F64CB86D}.Debug|Any CPU.Build.0 = Debug|Any CPU
		{62431343-6FF1-4BC0-84E6-5C15F64CB86D}.Debug|x64.ActiveCfg = Debug|x64
		{62431343-6FF1-4BC0-84E6-5C15F64CB86D}.Debug|x64.Build.0 = Debug|x64
		{62431343-6FF1-4BC0-84E6-5C15F64CB86D}.Debug|x86.ActiveCfg = Debug|x86
		{62431343-6FF1-4BC0-84E6-5C15F64CB86D}.Debug|x86.Build.0 = Debug|x86
		{62431343-6FF1-4BC0-84E6-5C15F64CB86D}.Release|Any CPU.ActiveCfg = Release|Any CPU
		{62431343-6FF1-4BC0-84E6-5C15F64CB86D}.Release|Any CPU.Build.0 = Release|Any CPU
		{62431343-6FF1-4BC0-84E6-5C15F64CB86D}.Release|x64.ActiveCfg = Release|x64
		{62431343-6FF1-4BC0-84E6-5C15F64CB86D}.Release|x64.Build.0 = Release|x64
		{62431343-6FF1-4BC0-84E6-5C15F64CB86D}.Release|x86.ActiveCfg = Release|x86
		{62431343-6FF1-4BC0-84E6-5C15F64CB86D}.Release|x86.Build.0 = Release|x86
		{64119070-D726-4F91-A9D4-72537DEB0786}.Debug|Any CPU.ActiveCfg = Debug|Any CPU
		{64119070-D726-4F91-A9D4-72537DEB0786}.Debug|Any CPU.Build.0 = Debug|Any CPU
		{64119070-D726-4F91-A9D4-72537DEB0786}.Debug|x64.ActiveCfg = Debug|x64
		{64119070-D726-4F91-A9D4-72537DEB0786}.Debug|x64.Build.0 = Debug|x64
		{64119070-D726-4F91-A9D4-72537DEB0786}.Debug|x86.ActiveCfg = Debug|x86
		{64119070-D726-4F91-A9D4-72537DEB0786}.Debug|x86.Build.0 = Debug|x86
		{64119070-D726-4F91-A9D4-72537DEB0786}.Release|Any CPU.ActiveCfg = Release|Any CPU
		{64119070-D726-4F91-A9D4-72537DEB0786}.Release|Any CPU.Build.0 = Release|Any CPU
		{64119070-D726-4F91-A9D4-72537DEB0786}.Release|x64.ActiveCfg = Release|x64
		{64119070-D726-4F91-A9D4-72537DEB0786}.Release|x64.Build.0 = Release|x64
		{64119070-D726-4F91-A9D4-72537DEB0786}.Release|x86.ActiveCfg = Release|x86
		{64119070-D726-4F91-A9D4-72537DEB0786}.Release|x86.Build.0 = Release|x86
		{55533182-6777-4318-A076-B1E8294D62F7}.Debug|Any CPU.ActiveCfg = Debug|Any CPU
		{55533182-6777-4318-A076-B1E8294D62F7}.Debug|Any CPU.Build.0 = Debug|Any CPU
		{55533182-6777-4318-A076-B1E8294D62F7}.Debug|x64.ActiveCfg = Debug|x64
		{55533182-6777-4318-A076-B1E8294D62F7}.Debug|x64.Build.0 = Debug|x64
		{55533182-6777-4318-A076-B1E8294D62F7}.Debug|x86.ActiveCfg = Debug|x86
		{55533182-6777-4318-A076-B1E8294D62F7}.Debug|x86.Build.0 = Debug|x86
		{55533182-6777-4318-A076-B1E8294D62F7}.Release|Any CPU.ActiveCfg = Release|Any CPU
		{55533182-6777-4318-A076-B1E8294D62F7}.Release|Any CPU.Build.0 = Release|Any CPU
		{55533182-6777-4318-A076-B1E8294D62F7}.Release|x64.ActiveCfg = Release|x64
		{55533182-6777-4318-A076-B1E8294D62F7}.Release|x64.Build.0 = Release|x64
		{55533182-6777-4318-A076-B1E8294D62F7}.Release|x86.ActiveCfg = Release|x86
		{55533182-6777-4318-A076-B1E8294D62F7}.Release|x86.Build.0 = Release|x86
		{B3B27DF6-6B11-41B6-B583-7AD36BD80776}.Debug|Any CPU.ActiveCfg = Debug|Any CPU
		{B3B27DF6-6B11-41B6-B583-7AD36BD80776}.Debug|Any CPU.Build.0 = Debug|Any CPU
		{B3B27DF6-6B11-41B6-B583-7AD36BD80776}.Debug|x64.ActiveCfg = Debug|x64
		{B3B27DF6-6B11-41B6-B583-7AD36BD80776}.Debug|x64.Build.0 = Debug|x64
		{B3B27DF6-6B11-41B6-B583-7AD36BD80776}.Debug|x86.ActiveCfg = Debug|x86
		{B3B27DF6-6B11-41B6-B583-7AD36BD80776}.Debug|x86.Build.0 = Debug|x86
		{B3B27DF6-6B11-41B6-B583-7AD36BD80776}.Release|Any CPU.ActiveCfg = Release|Any CPU
		{B3B27DF6-6B11-41B6-B583-7AD36BD80776}.Release|Any CPU.Build.0 = Release|Any CPU
		{B3B27DF6-6B11-41B6-B583-7AD36BD80776}.Release|x64.ActiveCfg = Release|x64
		{B3B27DF6-6B11-41B6-B583-7AD36BD80776}.Release|x64.Build.0 = Release|x64
		{B3B27DF6-6B11-41B6-B583-7AD36BD80776}.Release|x86.ActiveCfg = Release|x86
		{B3B27DF6-6B11-41B6-B583-7AD36BD80776}.Release|x86.Build.0 = Release|x86
		{8613E442-1DEC-4050-A83C-F7261D410CC8}.Debug|Any CPU.ActiveCfg = Debug|Any CPU
		{8613E442-1DEC-4050-A83C-F7261D410CC8}.Debug|Any CPU.Build.0 = Debug|Any CPU
		{8613E442-1DEC-4050-A83C-F7261D410CC8}.Debug|x64.ActiveCfg = Debug|x64
		{8613E442-1DEC-4050-A83C-F7261D410CC8}.Debug|x64.Build.0 = Debug|x64
		{8613E442-1DEC-4050-A83C-F7261D410CC8}.Debug|x86.ActiveCfg = Debug|x86
		{8613E442-1DEC-4050-A83C-F7261D410CC8}.Debug|x86.Build.0 = Debug|x86
		{8613E442-1DEC-4050-A83C-F7261D410CC8}.Release|Any CPU.ActiveCfg = Release|Any CPU
		{8613E442-1DEC-4050-A83C-F7261D410CC8}.Release|Any CPU.Build.0 = Release|Any CPU
		{8613E442-1DEC-4050-A83C-F7261D410CC8}.Release|x64.ActiveCfg = Release|x64
		{8613E442-1DEC-4050-A83C-F7261D410CC8}.Release|x64.Build.0 = Release|x64
		{8613E442-1DEC-4050-A83C-F7261D410CC8}.Release|x86.ActiveCfg = Release|x86
		{8613E442-1DEC-4050-A83C-F7261D410CC8}.Release|x86.Build.0 = Release|x86
		{3324721B-A2A2-4C11-AA30-609370E213D1}.Debug|Any CPU.ActiveCfg = Debug|Any CPU
		{3324721B-A2A2-4C11-AA30-609370E213D1}.Debug|Any CPU.Build.0 = Debug|Any CPU
		{3324721B-A2A2-4C11-AA30-609370E213D1}.Debug|x64.ActiveCfg = Debug|x64
		{3324721B-A2A2-4C11-AA30-609370E213D1}.Debug|x64.Build.0 = Debug|x64
		{3324721B-A2A2-4C11-AA30-609370E213D1}.Debug|x86.ActiveCfg = Debug|x86
		{3324721B-A2A2-4C11-AA30-609370E213D1}.Debug|x86.Build.0 = Debug|x86
		{3324721B-A2A2-4C11-AA30-609370E213D1}.Release|Any CPU.ActiveCfg = Release|Any CPU
		{3324721B-A2A2-4C11-AA30-609370E213D1}.Release|Any CPU.Build.0 = Release|Any CPU
		{3324721B-A2A2-4C11-AA30-609370E213D1}.Release|x64.ActiveCfg = Release|x64
		{3324721B-A2A2-4C11-AA30-609370E213D1}.Release|x64.Build.0 = Release|x64
		{3324721B-A2A2-4C11-AA30-609370E213D1}.Release|x86.ActiveCfg = Release|x86
		{3324721B-A2A2-4C11-AA30-609370E213D1}.Release|x86.Build.0 = Release|x86
		{0ED209C9-8BC5-4340-A604-15BF8D43A2EA}.Debug|Any CPU.ActiveCfg = Debug|Any CPU
		{0ED209C9-8BC5-4340-A604-15BF8D43A2EA}.Debug|Any CPU.Build.0 = Debug|Any CPU
		{0ED209C9-8BC5-4340-A604-15BF8D43A2EA}.Debug|x64.ActiveCfg = Debug|x64
		{0ED209C9-8BC5-4340-A604-15BF8D43A2EA}.Debug|x64.Build.0 = Debug|x64
		{0ED209C9-8BC5-4340-A604-15BF8D43A2EA}.Debug|x86.ActiveCfg = Debug|x86
		{0ED209C9-8BC5-4340-A604-15BF8D43A2EA}.Debug|x86.Build.0 = Debug|x86
		{0ED209C9-8BC5-4340-A604-15BF8D43A2EA}.Release|Any CPU.ActiveCfg = Release|Any CPU
		{0ED209C9-8BC5-4340-A604-15BF8D43A2EA}.Release|Any CPU.Build.0 = Release|Any CPU
		{0ED209C9-8BC5-4340-A604-15BF8D43A2EA}.Release|x64.ActiveCfg = Release|x64
		{0ED209C9-8BC5-4340-A604-15BF8D43A2EA}.Release|x64.Build.0 = Release|x64
		{0ED209C9-8BC5-4340-A604-15BF8D43A2EA}.Release|x86.ActiveCfg = Release|x86
		{0ED209C9-8BC5-4340-A604-15BF8D43A2EA}.Release|x86.Build.0 = Release|x86
		{CD457912-F04D-46FE-8AC2-98EAB7EC69C1}.Debug|Any CPU.ActiveCfg = Debug|Any CPU
		{CD457912-F04D-46FE-8AC2-98EAB7EC69C1}.Debug|Any CPU.Build.0 = Debug|Any CPU
		{CD457912-F04D-46FE-8AC2-98EAB7EC69C1}.Debug|x64.ActiveCfg = Debug|x64
		{CD457912-F04D-46FE-8AC2-98EAB7EC69C1}.Debug|x64.Build.0 = Debug|x64
		{CD457912-F04D-46FE-8AC2-98EAB7EC69C1}.Debug|x86.ActiveCfg = Debug|x86
		{CD457912-F04D-46FE-8AC2-98EAB7EC69C1}.Debug|x86.Build.0 = Debug|x86
		{CD457912-F04D-46FE-8AC2-98EAB7EC69C1}.Release|Any CPU.ActiveCfg = Release|Any CPU
		{CD457912-F04D-46FE-8AC2-98EAB7EC69C1}.Release|Any CPU.Build.0 = Release|Any CPU
		{CD457912-F04D-46FE-8AC2-98EAB7EC69C1}.Release|x64.ActiveCfg = Release|x64
		{CD457912-F04D-46FE-8AC2-98EAB7EC69C1}.Release|x64.Build.0 = Release|x64
		{CD457912-F04D-46FE-8AC2-98EAB7EC69C1}.Release|x86.ActiveCfg = Release|x86
		{CD457912-F04D-46FE-8AC2-98EAB7EC69C1}.Release|x86.Build.0 = Release|x86
		{AC59536A-6D42-460A-AA2D-E14C5FD7F75B}.Debug|Any CPU.ActiveCfg = Debug|Any CPU
		{AC59536A-6D42-460A-AA2D-E14C5FD7F75B}.Debug|Any CPU.Build.0 = Debug|Any CPU
		{AC59536A-6D42-460A-AA2D-E14C5FD7F75B}.Debug|x64.ActiveCfg = Debug|x64
		{AC59536A-6D42-460A-AA2D-E14C5FD7F75B}.Debug|x64.Build.0 = Debug|x64
		{AC59536A-6D42-460A-AA2D-E14C5FD7F75B}.Debug|x86.ActiveCfg = Debug|x86
		{AC59536A-6D42-460A-AA2D-E14C5FD7F75B}.Debug|x86.Build.0 = Debug|x86
		{AC59536A-6D42-460A-AA2D-E14C5FD7F75B}.Release|Any CPU.ActiveCfg = Release|Any CPU
		{AC59536A-6D42-460A-AA2D-E14C5FD7F75B}.Release|Any CPU.Build.0 = Release|Any CPU
		{AC59536A-6D42-460A-AA2D-E14C5FD7F75B}.Release|x64.ActiveCfg = Release|x64
		{AC59536A-6D42-460A-AA2D-E14C5FD7F75B}.Release|x64.Build.0 = Release|x64
		{AC59536A-6D42-460A-AA2D-E14C5FD7F75B}.Release|x86.ActiveCfg = Release|x86
		{AC59536A-6D42-460A-AA2D-E14C5FD7F75B}.Release|x86.Build.0 = Release|x86
		{E29B3C84-5E76-493E-8120-B0DAA608AC9E}.Debug|Any CPU.ActiveCfg = Debug|Any CPU
		{E29B3C84-5E76-493E-8120-B0DAA608AC9E}.Debug|Any CPU.Build.0 = Debug|Any CPU
		{E29B3C84-5E76-493E-8120-B0DAA608AC9E}.Debug|x64.ActiveCfg = Debug|x64
		{E29B3C84-5E76-493E-8120-B0DAA608AC9E}.Debug|x64.Build.0 = Debug|x64
		{E29B3C84-5E76-493E-8120-B0DAA608AC9E}.Debug|x86.ActiveCfg = Debug|x86
		{E29B3C84-5E76-493E-8120-B0DAA608AC9E}.Debug|x86.Build.0 = Debug|x86
		{E29B3C84-5E76-493E-8120-B0DAA608AC9E}.Release|Any CPU.ActiveCfg = Release|Any CPU
		{E29B3C84-5E76-493E-8120-B0DAA608AC9E}.Release|Any CPU.Build.0 = Release|Any CPU
		{E29B3C84-5E76-493E-8120-B0DAA608AC9E}.Release|x64.ActiveCfg = Release|x64
		{E29B3C84-5E76-493E-8120-B0DAA608AC9E}.Release|x64.Build.0 = Release|x64
		{E29B3C84-5E76-493E-8120-B0DAA608AC9E}.Release|x86.ActiveCfg = Release|x86
		{E29B3C84-5E76-493E-8120-B0DAA608AC9E}.Release|x86.Build.0 = Release|x86
		{5B30CE36-99DB-4778-9AA5-5398CD9A6DED}.Debug|Any CPU.ActiveCfg = Debug|Any CPU
		{5B30CE36-99DB-4778-9AA5-5398CD9A6DED}.Debug|Any CPU.Build.0 = Debug|Any CPU
		{5B30CE36-99DB-4778-9AA5-5398CD9A6DED}.Debug|x64.ActiveCfg = Debug|x64
		{5B30CE36-99DB-4778-9AA5-5398CD9A6DED}.Debug|x64.Build.0 = Debug|x64
		{5B30CE36-99DB-4778-9AA5-5398CD9A6DED}.Debug|x86.ActiveCfg = Debug|x86
		{5B30CE36-99DB-4778-9AA5-5398CD9A6DED}.Debug|x86.Build.0 = Debug|x86
		{5B30CE36-99DB-4778-9AA5-5398CD9A6DED}.Release|Any CPU.ActiveCfg = Release|Any CPU
		{5B30CE36-99DB-4778-9AA5-5398CD9A6DED}.Release|Any CPU.Build.0 = Release|Any CPU
		{5B30CE36-99DB-4778-9AA5-5398CD9A6DED}.Release|x64.ActiveCfg = Release|x64
		{5B30CE36-99DB-4778-9AA5-5398CD9A6DED}.Release|x64.Build.0 = Release|x64
		{5B30CE36-99DB-4778-9AA5-5398CD9A6DED}.Release|x86.ActiveCfg = Release|x86
		{5B30CE36-99DB-4778-9AA5-5398CD9A6DED}.Release|x86.Build.0 = Release|x86
		{83F99350-36AD-4AF2-83BB-2BCF2EA8CFE5}.Debug|Any CPU.ActiveCfg = Debug|Any CPU
		{83F99350-36AD-4AF2-83BB-2BCF2EA8CFE5}.Debug|Any CPU.Build.0 = Debug|Any CPU
		{83F99350-36AD-4AF2-83BB-2BCF2EA8CFE5}.Debug|x64.ActiveCfg = Debug|x64
		{83F99350-36AD-4AF2-83BB-2BCF2EA8CFE5}.Debug|x64.Build.0 = Debug|x64
		{83F99350-36AD-4AF2-83BB-2BCF2EA8CFE5}.Debug|x86.ActiveCfg = Debug|x86
		{83F99350-36AD-4AF2-83BB-2BCF2EA8CFE5}.Debug|x86.Build.0 = Debug|x86
		{83F99350-36AD-4AF2-83BB-2BCF2EA8CFE5}.Release|Any CPU.ActiveCfg = Release|Any CPU
		{83F99350-36AD-4AF2-83BB-2BCF2EA8CFE5}.Release|Any CPU.Build.0 = Release|Any CPU
		{83F99350-36AD-4AF2-83BB-2BCF2EA8CFE5}.Release|x64.ActiveCfg = Release|x64
		{83F99350-36AD-4AF2-83BB-2BCF2EA8CFE5}.Release|x64.Build.0 = Release|x64
		{83F99350-36AD-4AF2-83BB-2BCF2EA8CFE5}.Release|x86.ActiveCfg = Release|x86
		{83F99350-36AD-4AF2-83BB-2BCF2EA8CFE5}.Release|x86.Build.0 = Release|x86
		{FD093992-E4E6-407B-A2D0-6312A40D44BF}.Debug|Any CPU.ActiveCfg = Debug|Any CPU
		{FD093992-E4E6-407B-A2D0-6312A40D44BF}.Debug|Any CPU.Build.0 = Debug|Any CPU
		{FD093992-E4E6-407B-A2D0-6312A40D44BF}.Debug|x64.ActiveCfg = Debug|x64
		{FD093992-E4E6-407B-A2D0-6312A40D44BF}.Debug|x64.Build.0 = Debug|x64
		{FD093992-E4E6-407B-A2D0-6312A40D44BF}.Debug|x86.ActiveCfg = Debug|x86
		{FD093992-E4E6-407B-A2D0-6312A40D44BF}.Debug|x86.Build.0 = Debug|x86
		{FD093992-E4E6-407B-A2D0-6312A40D44BF}.Release|Any CPU.ActiveCfg = Release|Any CPU
		{FD093992-E4E6-407B-A2D0-6312A40D44BF}.Release|Any CPU.Build.0 = Release|Any CPU
		{FD093992-E4E6-407B-A2D0-6312A40D44BF}.Release|x64.ActiveCfg = Release|x64
		{FD093992-E4E6-407B-A2D0-6312A40D44BF}.Release|x64.Build.0 = Release|x64
		{FD093992-E4E6-407B-A2D0-6312A40D44BF}.Release|x86.ActiveCfg = Release|x86
		{FD093992-E4E6-407B-A2D0-6312A40D44BF}.Release|x86.Build.0 = Release|x86
		{B9425686-D4A2-454A-88F2-5749B301B879}.Debug|Any CPU.ActiveCfg = Debug|Any CPU
		{B9425686-D4A2-454A-88F2-5749B301B879}.Debug|Any CPU.Build.0 = Debug|Any CPU
		{B9425686-D4A2-454A-88F2-5749B301B879}.Debug|x64.ActiveCfg = Debug|Any CPU
		{B9425686-D4A2-454A-88F2-5749B301B879}.Debug|x86.ActiveCfg = Debug|x86
		{B9425686-D4A2-454A-88F2-5749B301B879}.Debug|x86.Build.0 = Debug|x86
		{B9425686-D4A2-454A-88F2-5749B301B879}.Release|Any CPU.ActiveCfg = Release|Any CPU
		{B9425686-D4A2-454A-88F2-5749B301B879}.Release|Any CPU.Build.0 = Release|Any CPU
		{B9425686-D4A2-454A-88F2-5749B301B879}.Release|x64.ActiveCfg = Release|Any CPU
		{B9425686-D4A2-454A-88F2-5749B301B879}.Release|x86.ActiveCfg = Release|Any CPU
		{619E97A8-47CE-4623-B752-06FF33D842F3}.Debug|Any CPU.ActiveCfg = Debug|Any CPU
		{619E97A8-47CE-4623-B752-06FF33D842F3}.Debug|Any CPU.Build.0 = Debug|Any CPU
		{619E97A8-47CE-4623-B752-06FF33D842F3}.Debug|x64.ActiveCfg = Debug|x86
		{619E97A8-47CE-4623-B752-06FF33D842F3}.Debug|x86.ActiveCfg = Debug|x86
		{619E97A8-47CE-4623-B752-06FF33D842F3}.Debug|x86.Build.0 = Debug|x86
		{619E97A8-47CE-4623-B752-06FF33D842F3}.Release|Any CPU.ActiveCfg = Release|Any CPU
		{619E97A8-47CE-4623-B752-06FF33D842F3}.Release|Any CPU.Build.0 = Release|Any CPU
		{619E97A8-47CE-4623-B752-06FF33D842F3}.Release|x64.ActiveCfg = Release|x86
		{619E97A8-47CE-4623-B752-06FF33D842F3}.Release|x86.ActiveCfg = Release|x86
		{619E97A8-47CE-4623-B752-06FF33D842F3}.Release|x86.Build.0 = Release|x86
		{D92EE334-15FF-4E70-9C28-573C1277D0AD}.Debug|Any CPU.ActiveCfg = Debug|Any CPU
		{D92EE334-15FF-4E70-9C28-573C1277D0AD}.Debug|Any CPU.Build.0 = Debug|Any CPU
		{D92EE334-15FF-4E70-9C28-573C1277D0AD}.Debug|x64.ActiveCfg = Debug|Any CPU
		{D92EE334-15FF-4E70-9C28-573C1277D0AD}.Debug|x86.ActiveCfg = Debug|x86
		{D92EE334-15FF-4E70-9C28-573C1277D0AD}.Debug|x86.Build.0 = Debug|x86
		{D92EE334-15FF-4E70-9C28-573C1277D0AD}.Release|Any CPU.ActiveCfg = Release|Any CPU
		{D92EE334-15FF-4E70-9C28-573C1277D0AD}.Release|Any CPU.Build.0 = Release|Any CPU
		{D92EE334-15FF-4E70-9C28-573C1277D0AD}.Release|x64.ActiveCfg = Release|Any CPU
		{D92EE334-15FF-4E70-9C28-573C1277D0AD}.Release|x86.ActiveCfg = Release|Any CPU
		{B6B5D9A1-6B02-459A-A8CA-3979B54FBF23}.Debug|Any CPU.ActiveCfg = Debug|Any CPU
		{B6B5D9A1-6B02-459A-A8CA-3979B54FBF23}.Debug|Any CPU.Build.0 = Debug|Any CPU
		{B6B5D9A1-6B02-459A-A8CA-3979B54FBF23}.Debug|x64.ActiveCfg = Debug|Any CPU
		{B6B5D9A1-6B02-459A-A8CA-3979B54FBF23}.Debug|x86.ActiveCfg = Debug|x86
		{B6B5D9A1-6B02-459A-A8CA-3979B54FBF23}.Debug|x86.Build.0 = Debug|x86
		{B6B5D9A1-6B02-459A-A8CA-3979B54FBF23}.Release|Any CPU.ActiveCfg = Release|Any CPU
		{B6B5D9A1-6B02-459A-A8CA-3979B54FBF23}.Release|Any CPU.Build.0 = Release|Any CPU
		{B6B5D9A1-6B02-459A-A8CA-3979B54FBF23}.Release|x64.ActiveCfg = Release|Any CPU
		{B6B5D9A1-6B02-459A-A8CA-3979B54FBF23}.Release|x86.ActiveCfg = Release|Any CPU
		{676BF565-2CC7-42D9-9E52-BD431D8A47A0}.Debug|Any CPU.ActiveCfg = Debug|Any CPU
		{676BF565-2CC7-42D9-9E52-BD431D8A47A0}.Debug|Any CPU.Build.0 = Debug|Any CPU
		{676BF565-2CC7-42D9-9E52-BD431D8A47A0}.Debug|x64.ActiveCfg = Debug|x86
		{676BF565-2CC7-42D9-9E52-BD431D8A47A0}.Debug|x86.ActiveCfg = Debug|x86
		{676BF565-2CC7-42D9-9E52-BD431D8A47A0}.Debug|x86.Build.0 = Debug|x86
		{676BF565-2CC7-42D9-9E52-BD431D8A47A0}.Release|Any CPU.ActiveCfg = Release|Any CPU
		{676BF565-2CC7-42D9-9E52-BD431D8A47A0}.Release|Any CPU.Build.0 = Release|Any CPU
		{676BF565-2CC7-42D9-9E52-BD431D8A47A0}.Release|x64.ActiveCfg = Release|x86
		{676BF565-2CC7-42D9-9E52-BD431D8A47A0}.Release|x86.ActiveCfg = Release|x86
		{676BF565-2CC7-42D9-9E52-BD431D8A47A0}.Release|x86.Build.0 = Release|x86
	EndGlobalSection
	GlobalSection(SolutionProperties) = preSolution
		HideSolutionNode = FALSE
	EndGlobalSection
EndGlobal
