Microsoft Visual Studio Solution File, Format Version 10.00
# Visual Studio 2008
Project("{FAE04EC0-301F-11D3-BF4B-00C04F79EFBC}") = "CommonTest", "CommonTest\CommonTest.csproj", "{369FBB10-14A5-4DFD-9877-8B27B020B586}"
EndProject
Project("{FAE04EC0-301F-11D3-BF4B-00C04F79EFBC}") = "Common", "..\TAWALA\Common\Common.csproj", "{83F995B3-C049-44C8-8CB0-DD62C852E20F}"
EndProject
Project("{FAE04EC0-301F-11D3-BF4B-00C04F79EFBC}") = "Projects", "..\TAWALA\Projects\Projects.csproj", "{3600E7BC-AF69-4D9E-82E4-F2EFA3AF6CE5}"
EndProject
Project("{FAE04EC0-301F-11D3-BF4B-00C04F79EFBC}") = "ProjectTest", "ProjectTest\ProjectTest.csproj", "{D4F104CF-4CAE-44C2-878C-7F3ED60EF94E}"
EndProject
Project("{FAE04EC0-301F-11D3-BF4B-00C04F79EFBC}") = "FunctionalityTest", "FunctionalityTest\FunctionalityTest.csproj", "{581BA498-0F32-4FFE-A298-46631501AAA5}"
EndProject
Project("{FAE04EC0-301F-11D3-BF4B-00C04F79EFBC}") = "ProcessesTest", "ProcessesTest\ProcessesTest.csproj", "{012C5902-52BA-4C78-8EF8-55D61F15B7A6}"
EndProject
Project("{FAE04EC0-301F-11D3-BF4B-00C04F79EFBC}") = "Processes", "..\TAWALA\Processes\Processes.csproj", "{DA2F4203-642C-4AB3-94A4-B61778BF282C}"
EndProject
Project("{FAE04EC0-301F-11D3-BF4B-00C04F79EFBC}") = "ProjectUI", "..\TAWALA\ProjectUI\ProjectUI.csproj", "{5500AEE7-74CA-4439-8661-22E14D6E65A8}"
EndProject
Project("{FAE04EC0-301F-11D3-BF4B-00C04F79EFBC}") = "XmlSupportTest", "XmlSupportTest\XmlSupportTest.csproj", "{315432AD-2B3C-4A52-A3AE-2A459BA1FEDB}"
EndProject
Project("{FAE04EC0-301F-11D3-BF4B-00C04F79EFBC}") = "XmlSupport", "..\TAWALA\XmlSupport\XmlSupport.csproj", "{11D9C7DE-6B84-4108-9952-CCB18C29D2F3}"
EndProject
Project("{FAE04EC0-301F-11D3-BF4B-00C04F79EFBC}") = "RtfSupportTest", "RtfSupportTest\RtfSupportTest.csproj", "{109EBECE-720E-410F-8D67-A94B917DFA86}"
EndProject
Project("{FAE04EC0-301F-11D3-BF4B-00C04F79EFBC}") = "RtfSupport", "..\TAWALA\RtfSupport\RtfSupport.csproj", "{07F1A28C-D83A-4F06-9FFA-6BBA9C40D38A}"
EndProject
Project("{FAE04EC0-301F-11D3-BF4B-00C04F79EFBC}") = "ProjectUITest", "ProjectUITest\ProjectUITest.csproj", "{6C142B93-9350-4D57-917F-0025E0C26369}"
EndProject
Project("{FAE04EC0-301F-11D3-BF4B-00C04F79EFBC}") = "Documents", "..\TAWALA\Documents\Documents.csproj", "{1E6D58CF-C25B-42C1-982D-01C4C83FD5D1}"
EndProject
Project("{FAE04EC0-301F-11D3-BF4B-00C04F79EFBC}") = "TextEditor", "..\TAWALA\TextEditor\TextEditor.csproj", "{0BEDC378-9483-468E-97E9-C6DBFEE17127}"
EndProject
Project("{FAE04EC0-301F-11D3-BF4B-00C04F79EFBC}") = "TextEditorTest", "TextEditorTest\TextEditorTest.csproj", "{0AB53AEC-AC1F-4678-87A5-2ABF34B5837A}"
EndProject
Project("{FAE04EC0-301F-11D3-BF4B-00C04F79EFBC}") = "ControlsTest", "ControlsTest\ControlsTest.csproj", "{A8CD76C3-F961-4625-A4DC-380731EA5113}"
EndProject
Project("{FAE04EC0-301F-11D3-BF4B-00C04F79EFBC}") = "Controls", "..\TAWALA\Controls\Controls.csproj", "{4F0A6D51-0E78-41AB-BBD7-CB9D2EA86670}"
EndProject
Project("{FAE04EC0-301F-11D3-BF4B-00C04F79EFBC}") = "Forms", "..\TAWALA\Forms\Forms.csproj", "{97BCB164-685F-4B78-8641-16F2CF736CDD}"
EndProject
Project("{FAE04EC0-301F-11D3-BF4B-00C04F79EFBC}") = "FormsTest", "FormsTest\FormsTest.csproj", "{0A9D63CF-6592-4AF0-A770-C253B16C82E3}"
EndProject
Project("{FAE04EC0-301F-11D3-BF4B-00C04F79EFBC}") = "AcceptanceTest", "AcceptanceTest\AcceptanceTest.csproj", "{546E7D89-AF93-48FA-87FF-F0CA00F8BD01}"
EndProject
Project("{FAE04EC0-301F-11D3-BF4B-00C04F79EFBC}") = "BugTest", "BugTest\BugTest.csproj", "{FD60EE9A-DDD6-468D-8549-F09B3BA756F4}"
EndProject
Project("{FAE04EC0-301F-11D3-BF4B-00C04F79EFBC}") = "TestSupport", "TestSupport\TestSupport.csproj", "{0F28CF83-EE9A-4F98-B989-FF6557A675B7}"
EndProject
Project("{FAE04EC0-301F-11D3-BF4B-00C04F79EFBC}") = "FunctionRuntime", "..\TAWALA\FunctionRuntime\FunctionRuntime.csproj", "{0C7C56C8-7EFC-40AD-8612-D104637CC4D8}"
EndProject
Project("{FAE04EC0-301F-11D3-BF4B-00C04F79EFBC}") = "FunctionViewPresenter", "..\TAWALA\FunctionViewPresenter\FunctionViewPresenter.csproj", "{8546DB36-F4EA-49C0-925F-AD0124ECA727}"
EndProject
Project("{FAE04EC0-301F-11D3-BF4B-00C04F79EFBC}") = "FunctionTests", "FunctionTests\FunctionTests.csproj", "{0357136D-EAE2-4FD9-877B-304029CC43FA}"
EndProject
Project("{FAE04EC0-301F-11D3-BF4B-00C04F79EFBC}") = "FunctionControls", "..\TAWALA\FunctionControls\FunctionControls.csproj", "{92985673-814F-4316-B7F9-19078EE36EDA}"
EndProject
Project("{FAE04EC0-301F-11D3-BF4B-00C04F79EFBC}") = "DesignerUI", "..\TAWALA\DesignerUI\DesignerUI.csproj", "{487C6BA1-0F4F-4B88-B5CB-AC9B47CE02DE}"
EndProject
Project("{FAE04EC0-301F-11D3-BF4B-00C04F79EFBC}") = "DesignerUITest", "DesignerUITest\DesignerUITest.csproj", "{7DD3885A-44DB-48A2-8A24-6CF8BEA570AA}"
EndProject
Project("{FAE04EC0-301F-11D3-BF4B-00C04F79EFBC}") = "Parsing", "..\TAWALA\Parsing\Parsing.csproj", "{A1297F2E-E5E7-4CFD-972A-4221EA699D04}"
EndProject
Project("{FAE04EC0-301F-11D3-BF4B-00C04F79EFBC}") = "ParsingTest", "ParsingTest\ParsingTest.csproj", "{11E932B2-42D5-49BC-82A6-ACB04F077BC1}"
EndProject
Project("{FAE04EC0-301F-11D3-BF4B-00C04F79EFBC}") = "FrameworkBehaviorTests", "FrameworkBehaviorTests\FrameworkBehaviorTests.csproj", "{84419E06-470A-4CD4-BA39-DB1D93F978A5}"
EndProject
Project("{FAE04EC0-301F-11D3-BF4B-00C04F79EFBC}") = "ProjectConverterTest", "ProjectConverterTest\ProjectConverterTest.csproj", "{2777FF79-4811-40E7-BDC9-B0D503A2082C}"
EndProject
Project("{FAE04EC0-301F-11D3-BF4B-00C04F79EFBC}") = "ProjectXmlRoundTripTest", "ProjectXmlRoundTripTest\ProjectXmlRoundTripTest.csproj", "{2DD36746-B28A-44F7-91BA-871FCD873720}"
EndProject
Project("{FAE04EC0-301F-11D3-BF4B-00C04F79EFBC}") = "FontSupportTest", "FontSupportTest\FontSupportTest.csproj", "{15AD333C-C5A5-43DA-B6FE-B23B936C80A2}"
EndProject
Project("{FAE04EC0-301F-11D3-BF4B-00C04F79EFBC}") = "FontSupport", "..\TAWALA\FontSupport\FontSupport.csproj", "{245B890C-9981-4FF9-9FA0-0A828D8539E3}"
EndProject
Project("{FAE04EC0-301F-11D3-BF4B-00C04F79EFBC}") = "UndoSupport", "..\TAWALA\UndoSupport\UndoSupport.csproj", "{19BC857A-3A83-4811-A618-0DD4F0601311}"
EndProject
Project("{FAE04EC0-301F-11D3-BF4B-00C04F79EFBC}") = "Dialogs", "..\TAWALA\Dialogs\Dialogs.csproj", "{66860E22-2AC2-4900-B904-C090C312964B}"
EndProject
Project("{FAE04EC0-301F-11D3-BF4B-00C04F79EFBC}") = "TestSupportTest", "TestSupportTest\TestSupportTest.csproj", "{5F87D75C-259C-4F88-AA2F-64142D0288F2}"
EndProject
Project("{FAE04EC0-301F-11D3-BF4B-00C04F79EFBC}") = "Functions", "..\TAWALA\Functions\Functions.csproj", "{83728549-B86D-414D-A2AA-7B16515A138D}"
EndProject
Project("{FAE04EC0-301F-11D3-BF4B-00C04F79EFBC}") = "Core", "..\TAWALA\Core\Core.csproj", "{3878667C-1FD0-411C-B936-2E57ACEE8C71}"
EndProject
Global
	GlobalSection(SolutionConfigurationPlatforms) = preSolution
		Debug|Any CPU = Debug|Any CPU
		Debug|Mixed Platforms = Debug|Mixed Platforms
		Debug|Win32 = Debug|Win32
		Debug|x64 = Debug|x64
		Debug|x86 = Debug|x86
		Release|Any CPU = Release|Any CPU
		Release|Mixed Platforms = Release|Mixed Platforms
		Release|Win32 = Release|Win32
		Release|x64 = Release|x64
		Release|x86 = Release|x86
	EndGlobalSection
	GlobalSection(ProjectConfigurationPlatforms) = postSolution
		{369FBB10-14A5-4DFD-9877-8B27B020B586}.Debug|Any CPU.ActiveCfg = Debug|Any CPU
		{369FBB10-14A5-4DFD-9877-8B27B020B586}.Debug|Any CPU.Build.0 = Debug|Any CPU
		{369FBB10-14A5-4DFD-9877-8B27B020B586}.Debug|Mixed Platforms.ActiveCfg = Debug|Any CPU
		{369FBB10-14A5-4DFD-9877-8B27B020B586}.Debug|Mixed Platforms.Build.0 = Debug|Any CPU
		{369FBB10-14A5-4DFD-9877-8B27B020B586}.Debug|Win32.ActiveCfg = Debug|Any CPU
		{369FBB10-14A5-4DFD-9877-8B27B020B586}.Debug|Win32.Build.0 = Debug|Any CPU
		{369FBB10-14A5-4DFD-9877-8B27B020B586}.Debug|x64.ActiveCfg = Debug|x86
		{369FBB10-14A5-4DFD-9877-8B27B020B586}.Debug|x86.ActiveCfg = Debug|x86
		{369FBB10-14A5-4DFD-9877-8B27B020B586}.Debug|x86.Build.0 = Debug|x86
		{369FBB10-14A5-4DFD-9877-8B27B020B586}.Release|Any CPU.ActiveCfg = Release|Any CPU
		{369FBB10-14A5-4DFD-9877-8B27B020B586}.Release|Any CPU.Build.0 = Release|Any CPU
		{369FBB10-14A5-4DFD-9877-8B27B020B586}.Release|Mixed Platforms.ActiveCfg = Release|Any CPU
		{369FBB10-14A5-4DFD-9877-8B27B020B586}.Release|Mixed Platforms.Build.0 = Release|Any CPU
		{369FBB10-14A5-4DFD-9877-8B27B020B586}.Release|Win32.ActiveCfg = Release|Any CPU
		{369FBB10-14A5-4DFD-9877-8B27B020B586}.Release|x64.ActiveCfg = Release|x86
		{369FBB10-14A5-4DFD-9877-8B27B020B586}.Release|x86.ActiveCfg = Release|x86
		{369FBB10-14A5-4DFD-9877-8B27B020B586}.Release|x86.Build.0 = Release|x86
		{83F995B3-C049-44C8-8CB0-DD62C852E20F}.Debug|Any CPU.ActiveCfg = Debug|Any CPU
		{83F995B3-C049-44C8-8CB0-DD62C852E20F}.Debug|Any CPU.Build.0 = Debug|Any CPU
		{83F995B3-C049-44C8-8CB0-DD62C852E20F}.Debug|Mixed Platforms.ActiveCfg = Debug|Any CPU
		{83F995B3-C049-44C8-8CB0-DD62C852E20F}.Debug|Mixed Platforms.Build.0 = Debug|Any CPU
		{83F995B3-C049-44C8-8CB0-DD62C852E20F}.Debug|Win32.ActiveCfg = Debug|Any CPU
		{83F995B3-C049-44C8-8CB0-DD62C852E20F}.Debug|Win32.Build.0 = Debug|Any CPU
		{83F995B3-C049-44C8-8CB0-DD62C852E20F}.Debug|x64.ActiveCfg = Debug|x64
		{83F995B3-C049-44C8-8CB0-DD62C852E20F}.Debug|x64.Build.0 = Debug|x64
		{83F995B3-C049-44C8-8CB0-DD62C852E20F}.Debug|x86.ActiveCfg = Debug|x86
		{83F995B3-C049-44C8-8CB0-DD62C852E20F}.Debug|x86.Build.0 = Debug|x86
		{83F995B3-C049-44C8-8CB0-DD62C852E20F}.Release|Any CPU.ActiveCfg = Release|Any CPU
		{83F995B3-C049-44C8-8CB0-DD62C852E20F}.Release|Any CPU.Build.0 = Release|Any CPU
		{83F995B3-C049-44C8-8CB0-DD62C852E20F}.Release|Mixed Platforms.ActiveCfg = Release|Any CPU
		{83F995B3-C049-44C8-8CB0-DD62C852E20F}.Release|Mixed Platforms.Build.0 = Release|Any CPU
		{83F995B3-C049-44C8-8CB0-DD62C852E20F}.Release|Win32.ActiveCfg = Release|Any CPU
		{83F995B3-C049-44C8-8CB0-DD62C852E20F}.Release|x64.ActiveCfg = Release|x64
		{83F995B3-C049-44C8-8CB0-DD62C852E20F}.Release|x64.Build.0 = Release|x64
		{83F995B3-C049-44C8-8CB0-DD62C852E20F}.Release|x86.ActiveCfg = Release|x86
		{83F995B3-C049-44C8-8CB0-DD62C852E20F}.Release|x86.Build.0 = Release|x86
		{3600E7BC-AF69-4D9E-82E4-F2EFA3AF6CE5}.Debug|Any CPU.ActiveCfg = Debug|Any CPU
		{3600E7BC-AF69-4D9E-82E4-F2EFA3AF6CE5}.Debug|Any CPU.Build.0 = Debug|Any CPU
		{3600E7BC-AF69-4D9E-82E4-F2EFA3AF6CE5}.Debug|Mixed Platforms.ActiveCfg = Debug|Any CPU
		{3600E7BC-AF69-4D9E-82E4-F2EFA3AF6CE5}.Debug|Mixed Platforms.Build.0 = Debug|Any CPU
		{3600E7BC-AF69-4D9E-82E4-F2EFA3AF6CE5}.Debug|Win32.ActiveCfg = Debug|Any CPU
		{3600E7BC-AF69-4D9E-82E4-F2EFA3AF6CE5}.Debug|Win32.Build.0 = Debug|Any CPU
		{3600E7BC-AF69-4D9E-82E4-F2EFA3AF6CE5}.Debug|x64.ActiveCfg = Debug|x64
		{3600E7BC-AF69-4D9E-82E4-F2EFA3AF6CE5}.Debug|x64.Build.0 = Debug|x64
		{3600E7BC-AF69-4D9E-82E4-F2EFA3AF6CE5}.Debug|x86.ActiveCfg = Debug|x86
		{3600E7BC-AF69-4D9E-82E4-F2EFA3AF6CE5}.Debug|x86.Build.0 = Debug|x86
		{3600E7BC-AF69-4D9E-82E4-F2EFA3AF6CE5}.Release|Any CPU.ActiveCfg = Release|Any CPU
		{3600E7BC-AF69-4D9E-82E4-F2EFA3AF6CE5}.Release|Any CPU.Build.0 = Release|Any CPU
		{3600E7BC-AF69-4D9E-82E4-F2EFA3AF6CE5}.Release|Mixed Platforms.ActiveCfg = Release|Any CPU
		{3600E7BC-AF69-4D9E-82E4-F2EFA3AF6CE5}.Release|Mixed Platforms.Build.0 = Release|Any CPU
		{3600E7BC-AF69-4D9E-82E4-F2EFA3AF6CE5}.Release|Win32.ActiveCfg = Release|Any CPU
		{3600E7BC-AF69-4D9E-82E4-F2EFA3AF6CE5}.Release|x64.ActiveCfg = Release|x64
		{3600E7BC-AF69-4D9E-82E4-F2EFA3AF6CE5}.Release|x64.Build.0 = Release|x64
		{3600E7BC-AF69-4D9E-82E4-F2EFA3AF6CE5}.Release|x86.ActiveCfg = Release|x86
		{3600E7BC-AF69-4D9E-82E4-F2EFA3AF6CE5}.Release|x86.Build.0 = Release|x86
		{D4F104CF-4CAE-44C2-878C-7F3ED60EF94E}.Debug|Any CPU.ActiveCfg = Debug|Any CPU
		{D4F104CF-4CAE-44C2-878C-7F3ED60EF94E}.Debug|Any CPU.Build.0 = Debug|Any CPU
		{D4F104CF-4CAE-44C2-878C-7F3ED60EF94E}.Debug|Mixed Platforms.ActiveCfg = Debug|Any CPU
		{D4F104CF-4CAE-44C2-878C-7F3ED60EF94E}.Debug|Mixed Platforms.Build.0 = Debug|Any CPU
		{D4F104CF-4CAE-44C2-878C-7F3ED60EF94E}.Debug|Win32.ActiveCfg = Debug|Any CPU
		{D4F104CF-4CAE-44C2-878C-7F3ED60EF94E}.Debug|Win32.Build.0 = Debug|Any CPU
		{D4F104CF-4CAE-44C2-878C-7F3ED60EF94E}.Debug|x64.ActiveCfg = Debug|x64
		{D4F104CF-4CAE-44C2-878C-7F3ED60EF94E}.Debug|x64.Build.0 = Debug|x64
		{D4F104CF-4CAE-44C2-878C-7F3ED60EF94E}.Debug|x86.ActiveCfg = Debug|x86
		{D4F104CF-4CAE-44C2-878C-7F3ED60EF94E}.Debug|x86.Build.0 = Debug|x86
		{D4F104CF-4CAE-44C2-878C-7F3ED60EF94E}.Release|Any CPU.ActiveCfg = Release|Any CPU
		{D4F104CF-4CAE-44C2-878C-7F3ED60EF94E}.Release|Any CPU.Build.0 = Release|Any CPU
		{D4F104CF-4CAE-44C2-878C-7F3ED60EF94E}.Release|Mixed Platforms.ActiveCfg = Release|Any CPU
		{D4F104CF-4CAE-44C2-878C-7F3ED60EF94E}.Release|Mixed Platforms.Build.0 = Release|Any CPU
		{D4F104CF-4CAE-44C2-878C-7F3ED60EF94E}.Release|Win32.ActiveCfg = Release|Any CPU
		{D4F104CF-4CAE-44C2-878C-7F3ED60EF94E}.Release|x64.ActiveCfg = Release|x64
		{D4F104CF-4CAE-44C2-878C-7F3ED60EF94E}.Release|x64.Build.0 = Release|x64
		{D4F104CF-4CAE-44C2-878C-7F3ED60EF94E}.Release|x86.ActiveCfg = Release|x86
		{D4F104CF-4CAE-44C2-878C-7F3ED60EF94E}.Release|x86.Build.0 = Release|x86
		{581BA498-0F32-4FFE-A298-46631501AAA5}.Debug|Any CPU.ActiveCfg = Debug|Any CPU
		{581BA498-0F32-4FFE-A298-46631501AAA5}.Debug|Any CPU.Build.0 = Debug|Any CPU
		{581BA498-0F32-4FFE-A298-46631501AAA5}.Debug|Mixed Platforms.ActiveCfg = Debug|Any CPU
		{581BA498-0F32-4FFE-A298-46631501AAA5}.Debug|Mixed Platforms.Build.0 = Debug|Any CPU
		{581BA498-0F32-4FFE-A298-46631501AAA5}.Debug|Win32.ActiveCfg = Debug|Any CPU
		{581BA498-0F32-4FFE-A298-46631501AAA5}.Debug|Win32.Build.0 = Debug|Any CPU
		{581BA498-0F32-4FFE-A298-46631501AAA5}.Debug|x64.ActiveCfg = Debug|x86
		{581BA498-0F32-4FFE-A298-46631501AAA5}.Debug|x86.ActiveCfg = Debug|x86
		{581BA498-0F32-4FFE-A298-46631501AAA5}.Debug|x86.Build.0 = Debug|x86
		{581BA498-0F32-4FFE-A298-46631501AAA5}.Release|Any CPU.ActiveCfg = Release|Any CPU
		{581BA498-0F32-4FFE-A298-46631501AAA5}.Release|Any CPU.Build.0 = Release|Any CPU
		{581BA498-0F32-4FFE-A298-46631501AAA5}.Release|Mixed Platforms.ActiveCfg = Release|Any CPU
		{581BA498-0F32-4FFE-A298-46631501AAA5}.Release|Mixed Platforms.Build.0 = Release|Any CPU
		{581BA498-0F32-4FFE-A298-46631501AAA5}.Release|Win32.ActiveCfg = Release|Any CPU
		{581BA498-0F32-4FFE-A298-46631501AAA5}.Release|x64.ActiveCfg = Release|x86
		{581BA498-0F32-4FFE-A298-46631501AAA5}.Release|x86.ActiveCfg = Release|x86
		{581BA498-0F32-4FFE-A298-46631501AAA5}.Release|x86.Build.0 = Release|x86
		{012C5902-52BA-4C78-8EF8-55D61F15B7A6}.Debug|Any CPU.ActiveCfg = Debug|Any CPU
		{012C5902-52BA-4C78-8EF8-55D61F15B7A6}.Debug|Any CPU.Build.0 = Debug|Any CPU
		{012C5902-52BA-4C78-8EF8-55D61F15B7A6}.Debug|Mixed Platforms.ActiveCfg = Debug|Any CPU
		{012C5902-52BA-4C78-8EF8-55D61F15B7A6}.Debug|Mixed Platforms.Build.0 = Debug|Any CPU
		{012C5902-52BA-4C78-8EF8-55D61F15B7A6}.Debug|Win32.ActiveCfg = Debug|Any CPU
		{012C5902-52BA-4C78-8EF8-55D61F15B7A6}.Debug|Win32.Build.0 = Debug|Any CPU
		{012C5902-52BA-4C78-8EF8-55D61F15B7A6}.Debug|x64.ActiveCfg = Debug|x86
		{012C5902-52BA-4C78-8EF8-55D61F15B7A6}.Debug|x86.ActiveCfg = Debug|x86
		{012C5902-52BA-4C78-8EF8-55D61F15B7A6}.Debug|x86.Build.0 = Debug|x86
		{012C5902-52BA-4C78-8EF8-55D61F15B7A6}.Release|Any CPU.ActiveCfg = Release|Any CPU
		{012C5902-52BA-4C78-8EF8-55D61F15B7A6}.Release|Any CPU.Build.0 = Release|Any CPU
		{012C5902-52BA-4C78-8EF8-55D61F15B7A6}.Release|Mixed Platforms.ActiveCfg = Release|Any CPU
		{012C5902-52BA-4C78-8EF8-55D61F15B7A6}.Release|Mixed Platforms.Build.0 = Release|Any CPU
		{012C5902-52BA-4C78-8EF8-55D61F15B7A6}.Release|Win32.ActiveCfg = Release|Any CPU
		{012C5902-52BA-4C78-8EF8-55D61F15B7A6}.Release|x64.ActiveCfg = Release|x86
		{012C5902-52BA-4C78-8EF8-55D61F15B7A6}.Release|x86.ActiveCfg = Release|x86
		{012C5902-52BA-4C78-8EF8-55D61F15B7A6}.Release|x86.Build.0 = Release|x86
		{DA2F4203-642C-4AB3-94A4-B61778BF282C}.Debug|Any CPU.ActiveCfg = Debug|Any CPU
		{DA2F4203-642C-4AB3-94A4-B61778BF282C}.Debug|Any CPU.Build.0 = Debug|Any CPU
		{DA2F4203-642C-4AB3-94A4-B61778BF282C}.Debug|Mixed Platforms.ActiveCfg = Debug|Any CPU
		{DA2F4203-642C-4AB3-94A4-B61778BF282C}.Debug|Mixed Platforms.Build.0 = Debug|Any CPU
		{DA2F4203-642C-4AB3-94A4-B61778BF282C}.Debug|Win32.ActiveCfg = Debug|Any CPU
		{DA2F4203-642C-4AB3-94A4-B61778BF282C}.Debug|Win32.Build.0 = Debug|Any CPU
		{DA2F4203-642C-4AB3-94A4-B61778BF282C}.Debug|x64.ActiveCfg = Debug|x64
		{DA2F4203-642C-4AB3-94A4-B61778BF282C}.Debug|x64.Build.0 = Debug|x64
		{DA2F4203-642C-4AB3-94A4-B61778BF282C}.Debug|x86.ActiveCfg = Debug|x86
		{DA2F4203-642C-4AB3-94A4-B61778BF282C}.Debug|x86.Build.0 = Debug|x86
		{DA2F4203-642C-4AB3-94A4-B61778BF282C}.Release|Any CPU.ActiveCfg = Release|Any CPU
		{DA2F4203-642C-4AB3-94A4-B61778BF282C}.Release|Any CPU.Build.0 = Release|Any CPU
		{DA2F4203-642C-4AB3-94A4-B61778BF282C}.Release|Mixed Platforms.ActiveCfg = Release|Any CPU
		{DA2F4203-642C-4AB3-94A4-B61778BF282C}.Release|Mixed Platforms.Build.0 = Release|Any CPU
		{DA2F4203-642C-4AB3-94A4-B61778BF282C}.Release|Win32.ActiveCfg = Release|Any CPU
		{DA2F4203-642C-4AB3-94A4-B61778BF282C}.Release|x64.ActiveCfg = Release|x64
		{DA2F4203-642C-4AB3-94A4-B61778BF282C}.Release|x64.Build.0 = Release|x64
		{DA2F4203-642C-4AB3-94A4-B61778BF282C}.Release|x86.ActiveCfg = Release|x86
		{DA2F4203-642C-4AB3-94A4-B61778BF282C}.Release|x86.Build.0 = Release|x86
		{5500AEE7-74CA-4439-8661-22E14D6E65A8}.Debug|Any CPU.ActiveCfg = Debug|Any CPU
		{5500AEE7-74CA-4439-8661-22E14D6E65A8}.Debug|Any CPU.Build.0 = Debug|Any CPU
		{5500AEE7-74CA-4439-8661-22E14D6E65A8}.Debug|Mixed Platforms.ActiveCfg = Debug|Any CPU
		{5500AEE7-74CA-4439-8661-22E14D6E65A8}.Debug|Mixed Platforms.Build.0 = Debug|Any CPU
		{5500AEE7-74CA-4439-8661-22E14D6E65A8}.Debug|Win32.ActiveCfg = Debug|Any CPU
		{5500AEE7-74CA-4439-8661-22E14D6E65A8}.Debug|Win32.Build.0 = Debug|Any CPU
		{5500AEE7-74CA-4439-8661-22E14D6E65A8}.Debug|x64.ActiveCfg = Debug|x64
		{5500AEE7-74CA-4439-8661-22E14D6E65A8}.Debug|x64.Build.0 = Debug|x64
		{5500AEE7-74CA-4439-8661-22E14D6E65A8}.Debug|x86.ActiveCfg = Debug|x86
		{5500AEE7-74CA-4439-8661-22E14D6E65A8}.Debug|x86.Build.0 = Debug|x86
		{5500AEE7-74CA-4439-8661-22E14D6E65A8}.Release|Any CPU.ActiveCfg = Release|Any CPU
		{5500AEE7-74CA-4439-8661-22E14D6E65A8}.Release|Any CPU.Build.0 = Release|Any CPU
		{5500AEE7-74CA-4439-8661-22E14D6E65A8}.Release|Mixed Platforms.ActiveCfg = Release|Any CPU
		{5500AEE7-74CA-4439-8661-22E14D6E65A8}.Release|Mixed Platforms.Build.0 = Release|Any CPU
		{5500AEE7-74CA-4439-8661-22E14D6E65A8}.Release|Win32.ActiveCfg = Release|Any CPU
		{5500AEE7-74CA-4439-8661-22E14D6E65A8}.Release|x64.ActiveCfg = Release|x64
		{5500AEE7-74CA-4439-8661-22E14D6E65A8}.Release|x64.Build.0 = Release|x64
		{5500AEE7-74CA-4439-8661-22E14D6E65A8}.Release|x86.ActiveCfg = Release|x86
		{5500AEE7-74CA-4439-8661-22E14D6E65A8}.Release|x86.Build.0 = Release|x86
		{315432AD-2B3C-4A52-A3AE-2A459BA1FEDB}.Debug|Any CPU.ActiveCfg = Debug|Any CPU
		{315432AD-2B3C-4A52-A3AE-2A459BA1FEDB}.Debug|Any CPU.Build.0 = Debug|Any CPU
		{315432AD-2B3C-4A52-A3AE-2A459BA1FEDB}.Debug|Mixed Platforms.ActiveCfg = Debug|Any CPU
		{315432AD-2B3C-4A52-A3AE-2A459BA1FEDB}.Debug|Mixed Platforms.Build.0 = Debug|Any CPU
		{315432AD-2B3C-4A52-A3AE-2A459BA1FEDB}.Debug|Win32.ActiveCfg = Debug|Any CPU
		{315432AD-2B3C-4A52-A3AE-2A459BA1FEDB}.Debug|Win32.Build.0 = Debug|Any CPU
		{315432AD-2B3C-4A52-A3AE-2A459BA1FEDB}.Debug|x64.ActiveCfg = Debug|x86
		{315432AD-2B3C-4A52-A3AE-2A459BA1FEDB}.Debug|x86.ActiveCfg = Debug|x86
		{315432AD-2B3C-4A52-A3AE-2A459BA1FEDB}.Debug|x86.Build.0 = Debug|x86
		{315432AD-2B3C-4A52-A3AE-2A459BA1FEDB}.Release|Any CPU.ActiveCfg = Release|Any CPU
		{315432AD-2B3C-4A52-A3AE-2A459BA1FEDB}.Release|Any CPU.Build.0 = Release|Any CPU
		{315432AD-2B3C-4A52-A3AE-2A459BA1FEDB}.Release|Mixed Platforms.ActiveCfg = Release|Any CPU
		{315432AD-2B3C-4A52-A3AE-2A459BA1FEDB}.Release|Mixed Platforms.Build.0 = Release|Any CPU
		{315432AD-2B3C-4A52-A3AE-2A459BA1FEDB}.Release|Win32.ActiveCfg = Release|Any CPU
		{315432AD-2B3C-4A52-A3AE-2A459BA1FEDB}.Release|x64.ActiveCfg = Release|x86
		{315432AD-2B3C-4A52-A3AE-2A459BA1FEDB}.Release|x86.ActiveCfg = Release|x86
		{315432AD-2B3C-4A52-A3AE-2A459BA1FEDB}.Release|x86.Build.0 = Release|x86
		{11D9C7DE-6B84-4108-9952-CCB18C29D2F3}.Debug|Any CPU.ActiveCfg = Debug|Any CPU
		{11D9C7DE-6B84-4108-9952-CCB18C29D2F3}.Debug|Any CPU.Build.0 = Debug|Any CPU
		{11D9C7DE-6B84-4108-9952-CCB18C29D2F3}.Debug|Mixed Platforms.ActiveCfg = Debug|Any CPU
		{11D9C7DE-6B84-4108-9952-CCB18C29D2F3}.Debug|Mixed Platforms.Build.0 = Debug|Any CPU
		{11D9C7DE-6B84-4108-9952-CCB18C29D2F3}.Debug|Win32.ActiveCfg = Debug|Any CPU
		{11D9C7DE-6B84-4108-9952-CCB18C29D2F3}.Debug|Win32.Build.0 = Debug|Any CPU
		{11D9C7DE-6B84-4108-9952-CCB18C29D2F3}.Debug|x64.ActiveCfg = Debug|x64
		{11D9C7DE-6B84-4108-9952-CCB18C29D2F3}.Debug|x64.Build.0 = Debug|x64
		{11D9C7DE-6B84-4108-9952-CCB18C29D2F3}.Debug|x86.ActiveCfg = Debug|x86
		{11D9C7DE-6B84-4108-9952-CCB18C29D2F3}.Debug|x86.Build.0 = Debug|x86
		{11D9C7DE-6B84-4108-9952-CCB18C29D2F3}.Release|Any CPU.ActiveCfg = Release|Any CPU
		{11D9C7DE-6B84-4108-9952-CCB18C29D2F3}.Release|Any CPU.Build.0 = Release|Any CPU
		{11D9C7DE-6B84-4108-9952-CCB18C29D2F3}.Release|Mixed Platforms.ActiveCfg = Release|Any CPU
		{11D9C7DE-6B84-4108-9952-CCB18C29D2F3}.Release|Mixed Platforms.Build.0 = Release|Any CPU
		{11D9C7DE-6B84-4108-9952-CCB18C29D2F3}.Release|Win32.ActiveCfg = Release|Any CPU
		{11D9C7DE-6B84-4108-9952-CCB18C29D2F3}.Release|x64.ActiveCfg = Release|x64
		{11D9C7DE-6B84-4108-9952-CCB18C29D2F3}.Release|x64.Build.0 = Release|x64
		{11D9C7DE-6B84-4108-9952-CCB18C29D2F3}.Release|x86.ActiveCfg = Release|x86
		{11D9C7DE-6B84-4108-9952-CCB18C29D2F3}.Release|x86.Build.0 = Release|x86
		{109EBECE-720E-410F-8D67-A94B917DFA86}.Debug|Any CPU.ActiveCfg = Debug|Any CPU
		{109EBECE-720E-410F-8D67-A94B917DFA86}.Debug|Any CPU.Build.0 = Debug|Any CPU
		{109EBECE-720E-410F-8D67-A94B917DFA86}.Debug|Mixed Platforms.ActiveCfg = Debug|Any CPU
		{109EBECE-720E-410F-8D67-A94B917DFA86}.Debug|Mixed Platforms.Build.0 = Debug|Any CPU
		{109EBECE-720E-410F-8D67-A94B917DFA86}.Debug|Win32.ActiveCfg = Debug|Any CPU
		{109EBECE-720E-410F-8D67-A94B917DFA86}.Debug|Win32.Build.0 = Debug|Any CPU
		{109EBECE-720E-410F-8D67-A94B917DFA86}.Debug|x64.ActiveCfg = Debug|x86
		{109EBECE-720E-410F-8D67-A94B917DFA86}.Debug|x86.ActiveCfg = Debug|x86
		{109EBECE-720E-410F-8D67-A94B917DFA86}.Debug|x86.Build.0 = Debug|x86
		{109EBECE-720E-410F-8D67-A94B917DFA86}.Release|Any CPU.ActiveCfg = Release|Any CPU
		{109EBECE-720E-410F-8D67-A94B917DFA86}.Release|Any CPU.Build.0 = Release|Any CPU
		{109EBECE-720E-410F-8D67-A94B917DFA86}.Release|Mixed Platforms.ActiveCfg = Release|Any CPU
		{109EBECE-720E-410F-8D67-A94B917DFA86}.Release|Mixed Platforms.Build.0 = Release|Any CPU
		{109EBECE-720E-410F-8D67-A94B917DFA86}.Release|Win32.ActiveCfg = Release|Any CPU
		{109EBECE-720E-410F-8D67-A94B917DFA86}.Release|x64.ActiveCfg = Release|x86
		{109EBECE-720E-410F-8D67-A94B917DFA86}.Release|x86.ActiveCfg = Release|x86
		{109EBECE-720E-410F-8D67-A94B917DFA86}.Release|x86.Build.0 = Release|x86
		{07F1A28C-D83A-4F06-9FFA-6BBA9C40D38A}.Debug|Any CPU.ActiveCfg = Debug|Any CPU
		{07F1A28C-D83A-4F06-9FFA-6BBA9C40D38A}.Debug|Any CPU.Build.0 = Debug|Any CPU
		{07F1A28C-D83A-4F06-9FFA-6BBA9C40D38A}.Debug|Mixed Platforms.ActiveCfg = Debug|Any CPU
		{07F1A28C-D83A-4F06-9FFA-6BBA9C40D38A}.Debug|Mixed Platforms.Build.0 = Debug|Any CPU
		{07F1A28C-D83A-4F06-9FFA-6BBA9C40D38A}.Debug|Win32.ActiveCfg = Debug|Any CPU
		{07F1A28C-D83A-4F06-9FFA-6BBA9C40D38A}.Debug|Win32.Build.0 = Debug|Any CPU
		{07F1A28C-D83A-4F06-9FFA-6BBA9C40D38A}.Debug|x64.ActiveCfg = Debug|x64
		{07F1A28C-D83A-4F06-9FFA-6BBA9C40D38A}.Debug|x64.Build.0 = Debug|x64
		{07F1A28C-D83A-4F06-9FFA-6BBA9C40D38A}.Debug|x86.ActiveCfg = Debug|x86
		{07F1A28C-D83A-4F06-9FFA-6BBA9C40D38A}.Debug|x86.Build.0 = Debug|x86
		{07F1A28C-D83A-4F06-9FFA-6BBA9C40D38A}.Release|Any CPU.ActiveCfg = Release|Any CPU
		{07F1A28C-D83A-4F06-9FFA-6BBA9C40D38A}.Release|Any CPU.Build.0 = Release|Any CPU
		{07F1A28C-D83A-4F06-9FFA-6BBA9C40D38A}.Release|Mixed Platforms.ActiveCfg = Release|Any CPU
		{07F1A28C-D83A-4F06-9FFA-6BBA9C40D38A}.Release|Mixed Platforms.Build.0 = Release|Any CPU
		{07F1A28C-D83A-4F06-9FFA-6BBA9C40D38A}.Release|Win32.ActiveCfg = Release|Any CPU
		{07F1A28C-D83A-4F06-9FFA-6BBA9C40D38A}.Release|x64.ActiveCfg = Release|x64
		{07F1A28C-D83A-4F06-9FFA-6BBA9C40D38A}.Release|x64.Build.0 = Release|x64
		{07F1A28C-D83A-4F06-9FFA-6BBA9C40D38A}.Release|x86.ActiveCfg = Release|x86
		{07F1A28C-D83A-4F06-9FFA-6BBA9C40D38A}.Release|x86.Build.0 = Release|x86
		{6C142B93-9350-4D57-917F-0025E0C26369}.Debug|Any CPU.ActiveCfg = Debug|Any CPU
		{6C142B93-9350-4D57-917F-0025E0C26369}.Debug|Any CPU.Build.0 = Debug|Any CPU
		{6C142B93-9350-4D57-917F-0025E0C26369}.Debug|Mixed Platforms.ActiveCfg = Debug|Any CPU
		{6C142B93-9350-4D57-917F-0025E0C26369}.Debug|Mixed Platforms.Build.0 = Debug|Any CPU
		{6C142B93-9350-4D57-917F-0025E0C26369}.Debug|Win32.ActiveCfg = Debug|Any CPU
		{6C142B93-9350-4D57-917F-0025E0C26369}.Debug|Win32.Build.0 = Debug|Any CPU
		{6C142B93-9350-4D57-917F-0025E0C26369}.Debug|x64.ActiveCfg = Debug|x86
		{6C142B93-9350-4D57-917F-0025E0C26369}.Debug|x86.ActiveCfg = Debug|x86
		{6C142B93-9350-4D57-917F-0025E0C26369}.Debug|x86.Build.0 = Debug|x86
		{6C142B93-9350-4D57-917F-0025E0C26369}.Release|Any CPU.ActiveCfg = Release|Any CPU
		{6C142B93-9350-4D57-917F-0025E0C26369}.Release|Any CPU.Build.0 = Release|Any CPU
		{6C142B93-9350-4D57-917F-0025E0C26369}.Release|Mixed Platforms.ActiveCfg = Release|Any CPU
		{6C142B93-9350-4D57-917F-0025E0C26369}.Release|Mixed Platforms.Build.0 = Release|Any CPU
		{6C142B93-9350-4D57-917F-0025E0C26369}.Release|Win32.ActiveCfg = Release|Any CPU
		{6C142B93-9350-4D57-917F-0025E0C26369}.Release|x64.ActiveCfg = Release|x86
		{6C142B93-9350-4D57-917F-0025E0C26369}.Release|x86.ActiveCfg = Release|x86
		{6C142B93-9350-4D57-917F-0025E0C26369}.Release|x86.Build.0 = Release|x86
		{1E6D58CF-C25B-42C1-982D-01C4C83FD5D1}.Debug|Any CPU.ActiveCfg = Debug|Any CPU
		{1E6D58CF-C25B-42C1-982D-01C4C83FD5D1}.Debug|Any CPU.Build.0 = Debug|Any CPU
		{1E6D58CF-C25B-42C1-982D-01C4C83FD5D1}.Debug|Mixed Platforms.ActiveCfg = Debug|Any CPU
		{1E6D58CF-C25B-42C1-982D-01C4C83FD5D1}.Debug|Mixed Platforms.Build.0 = Debug|Any CPU
		{1E6D58CF-C25B-42C1-982D-01C4C83FD5D1}.Debug|Win32.ActiveCfg = Debug|Any CPU
		{1E6D58CF-C25B-42C1-982D-01C4C83FD5D1}.Debug|Win32.Build.0 = Debug|Any CPU
		{1E6D58CF-C25B-42C1-982D-01C4C83FD5D1}.Debug|x64.ActiveCfg = Debug|x86
		{1E6D58CF-C25B-42C1-982D-01C4C83FD5D1}.Debug|x86.ActiveCfg = Debug|x86
		{1E6D58CF-C25B-42C1-982D-01C4C83FD5D1}.Debug|x86.Build.0 = Debug|x86
		{1E6D58CF-C25B-42C1-982D-01C4C83FD5D1}.Release|Any CPU.ActiveCfg = Release|Any CPU
		{1E6D58CF-C25B-42C1-982D-01C4C83FD5D1}.Release|Any CPU.Build.0 = Release|Any CPU
		{1E6D58CF-C25B-42C1-982D-01C4C83FD5D1}.Release|Mixed Platforms.ActiveCfg = Release|Any CPU
		{1E6D58CF-C25B-42C1-982D-01C4C83FD5D1}.Release|Mixed Platforms.Build.0 = Release|Any CPU
		{1E6D58CF-C25B-42C1-982D-01C4C83FD5D1}.Release|Win32.ActiveCfg = Release|Any CPU
		{1E6D58CF-C25B-42C1-982D-01C4C83FD5D1}.Release|x64.ActiveCfg = Release|x86
		{1E6D58CF-C25B-42C1-982D-01C4C83FD5D1}.Release|x86.ActiveCfg = Release|x86
		{1E6D58CF-C25B-42C1-982D-01C4C83FD5D1}.Release|x86.Build.0 = Release|x86
		{0BEDC378-9483-468E-97E9-C6DBFEE17127}.Debug|Any CPU.ActiveCfg = Debug|Any CPU
		{0BEDC378-9483-468E-97E9-C6DBFEE17127}.Debug|Any CPU.Build.0 = Debug|Any CPU
		{0BEDC378-9483-468E-97E9-C6DBFEE17127}.Debug|Mixed Platforms.ActiveCfg = Debug|Any CPU
		{0BEDC378-9483-468E-97E9-C6DBFEE17127}.Debug|Mixed Platforms.Build.0 = Debug|Any CPU
		{0BEDC378-9483-468E-97E9-C6DBFEE17127}.Debug|Win32.ActiveCfg = Debug|Any CPU
		{0BEDC378-9483-468E-97E9-C6DBFEE17127}.Debug|Win32.Build.0 = Debug|Any CPU
		{0BEDC378-9483-468E-97E9-C6DBFEE17127}.Debug|x64.ActiveCfg = Debug|x86
		{0BEDC378-9483-468E-97E9-C6DBFEE17127}.Debug|x86.ActiveCfg = Debug|x86
		{0BEDC378-9483-468E-97E9-C6DBFEE17127}.Debug|x86.Build.0 = Debug|x86
		{0BEDC378-9483-468E-97E9-C6DBFEE17127}.Release|Any CPU.ActiveCfg = Release|Any CPU
		{0BEDC378-9483-468E-97E9-C6DBFEE17127}.Release|Any CPU.Build.0 = Release|Any CPU
		{0BEDC378-9483-468E-97E9-C6DBFEE17127}.Release|Mixed Platforms.ActiveCfg = Release|Any CPU
		{0BEDC378-9483-468E-97E9-C6DBFEE17127}.Release|Mixed Platforms.Build.0 = Release|Any CPU
		{0BEDC378-9483-468E-97E9-C6DBFEE17127}.Release|Win32.ActiveCfg = Release|Any CPU
		{0BEDC378-9483-468E-97E9-C6DBFEE17127}.Release|x64.ActiveCfg = Release|x86
		{0BEDC378-9483-468E-97E9-C6DBFEE17127}.Release|x86.ActiveCfg = Release|x86
		{0BEDC378-9483-468E-97E9-C6DBFEE17127}.Release|x86.Build.0 = Release|x86
		{0AB53AEC-AC1F-4678-87A5-2ABF34B5837A}.Debug|Any CPU.ActiveCfg = Debug|Any CPU
		{0AB53AEC-AC1F-4678-87A5-2ABF34B5837A}.Debug|Any CPU.Build.0 = Debug|Any CPU
		{0AB53AEC-AC1F-4678-87A5-2ABF34B5837A}.Debug|Mixed Platforms.ActiveCfg = Debug|Any CPU
		{0AB53AEC-AC1F-4678-87A5-2ABF34B5837A}.Debug|Mixed Platforms.Build.0 = Debug|Any CPU
		{0AB53AEC-AC1F-4678-87A5-2ABF34B5837A}.Debug|Win32.ActiveCfg = Debug|Any CPU
		{0AB53AEC-AC1F-4678-87A5-2ABF34B5837A}.Debug|Win32.Build.0 = Debug|Any CPU
		{0AB53AEC-AC1F-4678-87A5-2ABF34B5837A}.Debug|x64.ActiveCfg = Debug|x86
		{0AB53AEC-AC1F-4678-87A5-2ABF34B5837A}.Debug|x86.ActiveCfg = Debug|x86
		{0AB53AEC-AC1F-4678-87A5-2ABF34B5837A}.Debug|x86.Build.0 = Debug|x86
		{0AB53AEC-AC1F-4678-87A5-2ABF34B5837A}.Release|Any CPU.ActiveCfg = Release|Any CPU
		{0AB53AEC-AC1F-4678-87A5-2ABF34B5837A}.Release|Any CPU.Build.0 = Release|Any CPU
		{0AB53AEC-AC1F-4678-87A5-2ABF34B5837A}.Release|Mixed Platforms.ActiveCfg = Release|Any CPU
		{0AB53AEC-AC1F-4678-87A5-2ABF34B5837A}.Release|Mixed Platforms.Build.0 = Release|Any CPU
		{0AB53AEC-AC1F-4678-87A5-2ABF34B5837A}.Release|Win32.ActiveCfg = Release|Any CPU
		{0AB53AEC-AC1F-4678-87A5-2ABF34B5837A}.Release|x64.ActiveCfg = Release|x86
		{0AB53AEC-AC1F-4678-87A5-2ABF34B5837A}.Release|x86.ActiveCfg = Release|x86
		{0AB53AEC-AC1F-4678-87A5-2ABF34B5837A}.Release|x86.Build.0 = Release|x86
		{A8CD76C3-F961-4625-A4DC-380731EA5113}.Debug|Any CPU.ActiveCfg = Debug|Any CPU
		{A8CD76C3-F961-4625-A4DC-380731EA5113}.Debug|Any CPU.Build.0 = Debug|Any CPU
		{A8CD76C3-F961-4625-A4DC-380731EA5113}.Debug|Mixed Platforms.ActiveCfg = Debug|Any CPU
		{A8CD76C3-F961-4625-A4DC-380731EA5113}.Debug|Mixed Platforms.Build.0 = Debug|Any CPU
		{A8CD76C3-F961-4625-A4DC-380731EA5113}.Debug|Win32.ActiveCfg = Debug|Any CPU
		{A8CD76C3-F961-4625-A4DC-380731EA5113}.Debug|Win32.Build.0 = Debug|Any CPU
		{A8CD76C3-F961-4625-A4DC-380731EA5113}.Debug|x64.ActiveCfg = Debug|x86
		{A8CD76C3-F961-4625-A4DC-380731EA5113}.Debug|x86.ActiveCfg = Debug|x86
		{A8CD76C3-F961-4625-A4DC-380731EA5113}.Debug|x86.Build.0 = Debug|x86
		{A8CD76C3-F961-4625-A4DC-380731EA5113}.Release|Any CPU.ActiveCfg = Release|Any CPU
		{A8CD76C3-F961-4625-A4DC-380731EA5113}.Release|Any CPU.Build.0 = Release|Any CPU
		{A8CD76C3-F961-4625-A4DC-380731EA5113}.Release|Mixed Platforms.ActiveCfg = Release|Any CPU
		{A8CD76C3-F961-4625-A4DC-380731EA5113}.Release|Mixed Platforms.Build.0 = Release|Any CPU
		{A8CD76C3-F961-4625-A4DC-380731EA5113}.Release|Win32.ActiveCfg = Release|Any CPU
		{A8CD76C3-F961-4625-A4DC-380731EA5113}.Release|x64.ActiveCfg = Release|x86
		{A8CD76C3-F961-4625-A4DC-380731EA5113}.Release|x86.ActiveCfg = Release|x86
		{A8CD76C3-F961-4625-A4DC-380731EA5113}.Release|x86.Build.0 = Release|x86
		{4F0A6D51-0E78-41AB-BBD7-CB9D2EA86670}.Debug|Any CPU.ActiveCfg = Debug|Any CPU
		{4F0A6D51-0E78-41AB-BBD7-CB9D2EA86670}.Debug|Any CPU.Build.0 = Debug|Any CPU
		{4F0A6D51-0E78-41AB-BBD7-CB9D2EA86670}.Debug|Mixed Platforms.ActiveCfg = Debug|Any CPU
		{4F0A6D51-0E78-41AB-BBD7-CB9D2EA86670}.Debug|Mixed Platforms.Build.0 = Debug|Any CPU
		{4F0A6D51-0E78-41AB-BBD7-CB9D2EA86670}.Debug|Win32.ActiveCfg = Debug|Any CPU
		{4F0A6D51-0E78-41AB-BBD7-CB9D2EA86670}.Debug|Win32.Build.0 = Debug|Any CPU
		{4F0A6D51-0E78-41AB-BBD7-CB9D2EA86670}.Debug|x64.ActiveCfg = Debug|x64
		{4F0A6D51-0E78-41AB-BBD7-CB9D2EA86670}.Debug|x64.Build.0 = Debug|x64
		{4F0A6D51-0E78-41AB-BBD7-CB9D2EA86670}.Debug|x86.ActiveCfg = Debug|x86
		{4F0A6D51-0E78-41AB-BBD7-CB9D2EA86670}.Debug|x86.Build.0 = Debug|x86
		{4F0A6D51-0E78-41AB-BBD7-CB9D2EA86670}.Release|Any CPU.ActiveCfg = Release|Any CPU
		{4F0A6D51-0E78-41AB-BBD7-CB9D2EA86670}.Release|Any CPU.Build.0 = Release|Any CPU
		{4F0A6D51-0E78-41AB-BBD7-CB9D2EA86670}.Release|Mixed Platforms.ActiveCfg = Release|Any CPU
		{4F0A6D51-0E78-41AB-BBD7-CB9D2EA86670}.Release|Mixed Platforms.Build.0 = Release|Any CPU
		{4F0A6D51-0E78-41AB-BBD7-CB9D2EA86670}.Release|Win32.ActiveCfg = Release|Any CPU
		{4F0A6D51-0E78-41AB-BBD7-CB9D2EA86670}.Release|x64.ActiveCfg = Release|x64
		{4F0A6D51-0E78-41AB-BBD7-CB9D2EA86670}.Release|x64.Build.0 = Release|x64
		{4F0A6D51-0E78-41AB-BBD7-CB9D2EA86670}.Release|x86.ActiveCfg = Release|x86
		{4F0A6D51-0E78-41AB-BBD7-CB9D2EA86670}.Release|x86.Build.0 = Release|x86
		{97BCB164-685F-4B78-8641-16F2CF736CDD}.Debug|Any CPU.ActiveCfg = Debug|Any CPU
		{97BCB164-685F-4B78-8641-16F2CF736CDD}.Debug|Any CPU.Build.0 = Debug|Any CPU
		{97BCB164-685F-4B78-8641-16F2CF736CDD}.Debug|Mixed Platforms.ActiveCfg = Debug|Any CPU
		{97BCB164-685F-4B78-8641-16F2CF736CDD}.Debug|Mixed Platforms.Build.0 = Debug|Any CPU
		{97BCB164-685F-4B78-8641-16F2CF736CDD}.Debug|Win32.ActiveCfg = Debug|Any CPU
		{97BCB164-685F-4B78-8641-16F2CF736CDD}.Debug|Win32.Build.0 = Debug|Any CPU
		{97BCB164-685F-4B78-8641-16F2CF736CDD}.Debug|x64.ActiveCfg = Debug|x86
		{97BCB164-685F-4B78-8641-16F2CF736CDD}.Debug|x86.ActiveCfg = Debug|x86
		{97BCB164-685F-4B78-8641-16F2CF736CDD}.Debug|x86.Build.0 = Debug|x86
		{97BCB164-685F-4B78-8641-16F2CF736CDD}.Release|Any CPU.ActiveCfg = Release|Any CPU
		{97BCB164-685F-4B78-8641-16F2CF736CDD}.Release|Any CPU.Build.0 = Release|Any CPU
		{97BCB164-685F-4B78-8641-16F2CF736CDD}.Release|Mixed Platforms.ActiveCfg = Release|Any CPU
		{97BCB164-685F-4B78-8641-16F2CF736CDD}.Release|Mixed Platforms.Build.0 = Release|Any CPU
		{97BCB164-685F-4B78-8641-16F2CF736CDD}.Release|Win32.ActiveCfg = Release|Any CPU
		{97BCB164-685F-4B78-8641-16F2CF736CDD}.Release|x64.ActiveCfg = Release|x86
		{97BCB164-685F-4B78-8641-16F2CF736CDD}.Release|x86.ActiveCfg = Release|x86
		{97BCB164-685F-4B78-8641-16F2CF736CDD}.Release|x86.Build.0 = Release|x86
		{0A9D63CF-6592-4AF0-A770-C253B16C82E3}.Debug|Any CPU.ActiveCfg = Debug|Any CPU
		{0A9D63CF-6592-4AF0-A770-C253B16C82E3}.Debug|Any CPU.Build.0 = Debug|Any CPU
		{0A9D63CF-6592-4AF0-A770-C253B16C82E3}.Debug|Mixed Platforms.ActiveCfg = Debug|Any CPU
		{0A9D63CF-6592-4AF0-A770-C253B16C82E3}.Debug|Mixed Platforms.Build.0 = Debug|Any CPU
		{0A9D63CF-6592-4AF0-A770-C253B16C82E3}.Debug|Win32.ActiveCfg = Debug|Any CPU
		{0A9D63CF-6592-4AF0-A770-C253B16C82E3}.Debug|Win32.Build.0 = Debug|Any CPU
		{0A9D63CF-6592-4AF0-A770-C253B16C82E3}.Debug|x64.ActiveCfg = Debug|x86
		{0A9D63CF-6592-4AF0-A770-C253B16C82E3}.Debug|x86.ActiveCfg = Debug|x86
		{0A9D63CF-6592-4AF0-A770-C253B16C82E3}.Debug|x86.Build.0 = Debug|x86
		{0A9D63CF-6592-4AF0-A770-C253B16C82E3}.Release|Any CPU.ActiveCfg = Release|Any CPU
		{0A9D63CF-6592-4AF0-A770-C253B16C82E3}.Release|Any CPU.Build.0 = Release|Any CPU
		{0A9D63CF-6592-4AF0-A770-C253B16C82E3}.Release|Mixed Platforms.ActiveCfg = Release|Any CPU
		{0A9D63CF-6592-4AF0-A770-C253B16C82E3}.Release|Mixed Platforms.Build.0 = Release|Any CPU
		{0A9D63CF-6592-4AF0-A770-C253B16C82E3}.Release|Win32.ActiveCfg = Release|Any CPU
		{0A9D63CF-6592-4AF0-A770-C253B16C82E3}.Release|x64.ActiveCfg = Release|x86
		{0A9D63CF-6592-4AF0-A770-C253B16C82E3}.Release|x86.ActiveCfg = Release|x86
		{0A9D63CF-6592-4AF0-A770-C253B16C82E3}.Release|x86.Build.0 = Release|x86
		{546E7D89-AF93-48FA-87FF-F0CA00F8BD01}.Debug|Any CPU.ActiveCfg = Debug|Any CPU
		{546E7D89-AF93-48FA-87FF-F0CA00F8BD01}.Debug|Any CPU.Build.0 = Debug|Any CPU
		{546E7D89-AF93-48FA-87FF-F0CA00F8BD01}.Debug|Mixed Platforms.ActiveCfg = Debug|Any CPU
		{546E7D89-AF93-48FA-87FF-F0CA00F8BD01}.Debug|Mixed Platforms.Build.0 = Debug|Any CPU
		{546E7D89-AF93-48FA-87FF-F0CA00F8BD01}.Debug|Win32.ActiveCfg = Debug|Any CPU
		{546E7D89-AF93-48FA-87FF-F0CA00F8BD01}.Debug|Win32.Build.0 = Debug|Any CPU
		{546E7D89-AF93-48FA-87FF-F0CA00F8BD01}.Debug|x64.ActiveCfg = Debug|x86
		{546E7D89-AF93-48FA-87FF-F0CA00F8BD01}.Debug|x86.ActiveCfg = Debug|x86
		{546E7D89-AF93-48FA-87FF-F0CA00F8BD01}.Debug|x86.Build.0 = Debug|x86
		{546E7D89-AF93-48FA-87FF-F0CA00F8BD01}.Release|Any CPU.ActiveCfg = Release|Any CPU
		{546E7D89-AF93-48FA-87FF-F0CA00F8BD01}.Release|Any CPU.Build.0 = Release|Any CPU
		{546E7D89-AF93-48FA-87FF-F0CA00F8BD01}.Release|Mixed Platforms.ActiveCfg = Release|Any CPU
		{546E7D89-AF93-48FA-87FF-F0CA00F8BD01}.Release|Mixed Platforms.Build.0 = Release|Any CPU
		{546E7D89-AF93-48FA-87FF-F0CA00F8BD01}.Release|Win32.ActiveCfg = Release|Any CPU
		{546E7D89-AF93-48FA-87FF-F0CA00F8BD01}.Release|x64.ActiveCfg = Release|x86
		{546E7D89-AF93-48FA-87FF-F0CA00F8BD01}.Release|x86.ActiveCfg = Release|x86
		{546E7D89-AF93-48FA-87FF-F0CA00F8BD01}.Release|x86.Build.0 = Release|x86
		{FD60EE9A-DDD6-468D-8549-F09B3BA756F4}.Debug|Any CPU.ActiveCfg = Debug|Any CPU
		{FD60EE9A-DDD6-468D-8549-F09B3BA756F4}.Debug|Any CPU.Build.0 = Debug|Any CPU
		{FD60EE9A-DDD6-468D-8549-F09B3BA756F4}.Debug|Mixed Platforms.ActiveCfg = Debug|Any CPU
		{FD60EE9A-DDD6-468D-8549-F09B3BA756F4}.Debug|Mixed Platforms.Build.0 = Debug|Any CPU
		{FD60EE9A-DDD6-468D-8549-F09B3BA756F4}.Debug|Win32.ActiveCfg = Debug|Any CPU
		{FD60EE9A-DDD6-468D-8549-F09B3BA756F4}.Debug|Win32.Build.0 = Debug|Any CPU
		{FD60EE9A-DDD6-468D-8549-F09B3BA756F4}.Debug|x64.ActiveCfg = Debug|x86
		{FD60EE9A-DDD6-468D-8549-F09B3BA756F4}.Debug|x86.ActiveCfg = Debug|x86
		{FD60EE9A-DDD6-468D-8549-F09B3BA756F4}.Debug|x86.Build.0 = Debug|x86
		{FD60EE9A-DDD6-468D-8549-F09B3BA756F4}.Release|Any CPU.ActiveCfg = Release|Any CPU
		{FD60EE9A-DDD6-468D-8549-F09B3BA756F4}.Release|Any CPU.Build.0 = Release|Any CPU
		{FD60EE9A-DDD6-468D-8549-F09B3BA756F4}.Release|Mixed Platforms.ActiveCfg = Release|Any CPU
		{FD60EE9A-DDD6-468D-8549-F09B3BA756F4}.Release|Mixed Platforms.Build.0 = Release|Any CPU
		{FD60EE9A-DDD6-468D-8549-F09B3BA756F4}.Release|Win32.ActiveCfg = Release|Any CPU
		{FD60EE9A-DDD6-468D-8549-F09B3BA756F4}.Release|x64.ActiveCfg = Release|x86
		{FD60EE9A-DDD6-468D-8549-F09B3BA756F4}.Release|x86.ActiveCfg = Release|x86
		{FD60EE9A-DDD6-468D-8549-F09B3BA756F4}.Release|x86.Build.0 = Release|x86
		{0F28CF83-EE9A-4F98-B989-FF6557A675B7}.Debug|Any CPU.ActiveCfg = Debug|Any CPU
		{0F28CF83-EE9A-4F98-B989-FF6557A675B7}.Debug|Any CPU.Build.0 = Debug|Any CPU
		{0F28CF83-EE9A-4F98-B989-FF6557A675B7}.Debug|Mixed Platforms.ActiveCfg = Debug|Any CPU
		{0F28CF83-EE9A-4F98-B989-FF6557A675B7}.Debug|Mixed Platforms.Build.0 = Debug|Any CPU
		{0F28CF83-EE9A-4F98-B989-FF6557A675B7}.Debug|Win32.ActiveCfg = Debug|Any CPU
		{0F28CF83-EE9A-4F98-B989-FF6557A675B7}.Debug|Win32.Build.0 = Debug|Any CPU
		{0F28CF83-EE9A-4F98-B989-FF6557A675B7}.Debug|x64.ActiveCfg = Debug|x64
		{0F28CF83-EE9A-4F98-B989-FF6557A675B7}.Debug|x64.Build.0 = Debug|x64
		{0F28CF83-EE9A-4F98-B989-FF6557A675B7}.Debug|x86.ActiveCfg = Debug|x86
		{0F28CF83-EE9A-4F98-B989-FF6557A675B7}.Debug|x86.Build.0 = Debug|x86
		{0F28CF83-EE9A-4F98-B989-FF6557A675B7}.Release|Any CPU.ActiveCfg = Release|Any CPU
		{0F28CF83-EE9A-4F98-B989-FF6557A675B7}.Release|Any CPU.Build.0 = Release|Any CPU
		{0F28CF83-EE9A-4F98-B989-FF6557A675B7}.Release|Mixed Platforms.ActiveCfg = Release|Any CPU
		{0F28CF83-EE9A-4F98-B989-FF6557A675B7}.Release|Mixed Platforms.Build.0 = Release|Any CPU
		{0F28CF83-EE9A-4F98-B989-FF6557A675B7}.Release|Win32.ActiveCfg = Release|Any CPU
		{0F28CF83-EE9A-4F98-B989-FF6557A675B7}.Release|x64.ActiveCfg = Release|x64
		{0F28CF83-EE9A-4F98-B989-FF6557A675B7}.Release|x64.Build.0 = Release|x64
		{0F28CF83-EE9A-4F98-B989-FF6557A675B7}.Release|x86.ActiveCfg = Release|x86
		{0F28CF83-EE9A-4F98-B989-FF6557A675B7}.Release|x86.Build.0 = Release|x86
		{0C7C56C8-7EFC-40AD-8612-D104637CC4D8}.Debug|Any CPU.ActiveCfg = Debug|Any CPU
		{0C7C56C8-7EFC-40AD-8612-D104637CC4D8}.Debug|Any CPU.Build.0 = Debug|Any CPU
		{0C7C56C8-7EFC-40AD-8612-D104637CC4D8}.Debug|Mixed Platforms.ActiveCfg = Debug|Any CPU
		{0C7C56C8-7EFC-40AD-8612-D104637CC4D8}.Debug|Mixed Platforms.Build.0 = Debug|Any CPU
		{0C7C56C8-7EFC-40AD-8612-D104637CC4D8}.Debug|Win32.ActiveCfg = Debug|Any CPU
		{0C7C56C8-7EFC-40AD-8612-D104637CC4D8}.Debug|x64.ActiveCfg = Debug|x64
		{0C7C56C8-7EFC-40AD-8612-D104637CC4D8}.Debug|x64.Build.0 = Debug|x64
		{0C7C56C8-7EFC-40AD-8612-D104637CC4D8}.Debug|x86.ActiveCfg = Debug|x86
		{0C7C56C8-7EFC-40AD-8612-D104637CC4D8}.Debug|x86.Build.0 = Debug|x86
		{0C7C56C8-7EFC-40AD-8612-D104637CC4D8}.Release|Any CPU.ActiveCfg = Release|Any CPU
		{0C7C56C8-7EFC-40AD-8612-D104637CC4D8}.Release|Any CPU.Build.0 = Release|Any CPU
		{0C7C56C8-7EFC-40AD-8612-D104637CC4D8}.Release|Mixed Platforms.ActiveCfg = Release|Any CPU
		{0C7C56C8-7EFC-40AD-8612-D104637CC4D8}.Release|Mixed Platforms.Build.0 = Release|Any CPU
		{0C7C56C8-7EFC-40AD-8612-D104637CC4D8}.Release|Win32.ActiveCfg = Release|Any CPU
		{0C7C56C8-7EFC-40AD-8612-D104637CC4D8}.Release|x64.ActiveCfg = Release|x64
		{0C7C56C8-7EFC-40AD-8612-D104637CC4D8}.Release|x64.Build.0 = Release|x64
		{0C7C56C8-7EFC-40AD-8612-D104637CC4D8}.Release|x86.ActiveCfg = Release|x86
		{0C7C56C8-7EFC-40AD-8612-D104637CC4D8}.Release|x86.Build.0 = Release|x86
		{8546DB36-F4EA-49C0-925F-AD0124ECA727}.Debug|Any CPU.ActiveCfg = Debug|Any CPU
		{8546DB36-F4EA-49C0-925F-AD0124ECA727}.Debug|Any CPU.Build.0 = Debug|Any CPU
		{8546DB36-F4EA-49C0-925F-AD0124ECA727}.Debug|Mixed Platforms.ActiveCfg = Debug|Any CPU
		{8546DB36-F4EA-49C0-925F-AD0124ECA727}.Debug|Mixed Platforms.Build.0 = Debug|Any CPU
		{8546DB36-F4EA-49C0-925F-AD0124ECA727}.Debug|Win32.ActiveCfg = Debug|Any CPU
		{8546DB36-F4EA-49C0-925F-AD0124ECA727}.Debug|x64.ActiveCfg = Debug|x64
		{8546DB36-F4EA-49C0-925F-AD0124ECA727}.Debug|x64.Build.0 = Debug|x64
		{8546DB36-F4EA-49C0-925F-AD0124ECA727}.Debug|x86.ActiveCfg = Debug|x86
		{8546DB36-F4EA-49C0-925F-AD0124ECA727}.Debug|x86.Build.0 = Debug|x86
		{8546DB36-F4EA-49C0-925F-AD0124ECA727}.Release|Any CPU.ActiveCfg = Release|Any CPU
		{8546DB36-F4EA-49C0-925F-AD0124ECA727}.Release|Any CPU.Build.0 = Release|Any CPU
		{8546DB36-F4EA-49C0-925F-AD0124ECA727}.Release|Mixed Platforms.ActiveCfg = Release|Any CPU
		{8546DB36-F4EA-49C0-925F-AD0124ECA727}.Release|Mixed Platforms.Build.0 = Release|Any CPU
		{8546DB36-F4EA-49C0-925F-AD0124ECA727}.Release|Win32.ActiveCfg = Release|Any CPU
		{8546DB36-F4EA-49C0-925F-AD0124ECA727}.Release|x64.ActiveCfg = Release|x64
		{8546DB36-F4EA-49C0-925F-AD0124ECA727}.Release|x64.Build.0 = Release|x64
		{8546DB36-F4EA-49C0-925F-AD0124ECA727}.Release|x86.ActiveCfg = Release|x86
		{8546DB36-F4EA-49C0-925F-AD0124ECA727}.Release|x86.Build.0 = Release|x86
		{0357136D-EAE2-4FD9-877B-304029CC43FA}.Debug|Any CPU.ActiveCfg = Debug|Any CPU
		{0357136D-EAE2-4FD9-877B-304029CC43FA}.Debug|Any CPU.Build.0 = Debug|Any CPU
		{0357136D-EAE2-4FD9-877B-304029CC43FA}.Debug|Mixed Platforms.ActiveCfg = Debug|Any CPU
		{0357136D-EAE2-4FD9-877B-304029CC43FA}.Debug|Mixed Platforms.Build.0 = Debug|Any CPU
		{0357136D-EAE2-4FD9-877B-304029CC43FA}.Debug|Win32.ActiveCfg = Debug|Any CPU
		{0357136D-EAE2-4FD9-877B-304029CC43FA}.Debug|x64.ActiveCfg = Debug|x86
		{0357136D-EAE2-4FD9-877B-304029CC43FA}.Debug|x86.ActiveCfg = Debug|x86
		{0357136D-EAE2-4FD9-877B-304029CC43FA}.Debug|x86.Build.0 = Debug|x86
		{0357136D-EAE2-4FD9-877B-304029CC43FA}.Release|Any CPU.ActiveCfg = Release|Any CPU
		{0357136D-EAE2-4FD9-877B-304029CC43FA}.Release|Any CPU.Build.0 = Release|Any CPU
		{0357136D-EAE2-4FD9-877B-304029CC43FA}.Release|Mixed Platforms.ActiveCfg = Release|Any CPU
		{0357136D-EAE2-4FD9-877B-304029CC43FA}.Release|Mixed Platforms.Build.0 = Release|Any CPU
		{0357136D-EAE2-4FD9-877B-304029CC43FA}.Release|Win32.ActiveCfg = Release|Any CPU
		{0357136D-EAE2-4FD9-877B-304029CC43FA}.Release|x64.ActiveCfg = Release|x86
		{0357136D-EAE2-4FD9-877B-304029CC43FA}.Release|x86.ActiveCfg = Release|x86
		{0357136D-EAE2-4FD9-877B-304029CC43FA}.Release|x86.Build.0 = Release|x86
		{92985673-814F-4316-B7F9-19078EE36EDA}.Debug|Any CPU.ActiveCfg = Debug|Any CPU
		{92985673-814F-4316-B7F9-19078EE36EDA}.Debug|Any CPU.Build.0 = Debug|Any CPU
		{92985673-814F-4316-B7F9-19078EE36EDA}.Debug|Mixed Platforms.ActiveCfg = Debug|Any CPU
		{92985673-814F-4316-B7F9-19078EE36EDA}.Debug|Mixed Platforms.Build.0 = Debug|Any CPU
		{92985673-814F-4316-B7F9-19078EE36EDA}.Debug|Win32.ActiveCfg = Debug|Any CPU
		{92985673-814F-4316-B7F9-19078EE36EDA}.Debug|x64.ActiveCfg = Debug|x86
		{92985673-814F-4316-B7F9-19078EE36EDA}.Debug|x86.ActiveCfg = Debug|x86
		{92985673-814F-4316-B7F9-19078EE36EDA}.Debug|x86.Build.0 = Debug|x86
		{92985673-814F-4316-B7F9-19078EE36EDA}.Release|Any CPU.ActiveCfg = Release|Any CPU
		{92985673-814F-4316-B7F9-19078EE36EDA}.Release|Any CPU.Build.0 = Release|Any CPU
		{92985673-814F-4316-B7F9-19078EE36EDA}.Release|Mixed Platforms.ActiveCfg = Release|Any CPU
		{92985673-814F-4316-B7F9-19078EE36EDA}.Release|Mixed Platforms.Build.0 = Release|Any CPU
		{92985673-814F-4316-B7F9-19078EE36EDA}.Release|Win32.ActiveCfg = Release|Any CPU
		{92985673-814F-4316-B7F9-19078EE36EDA}.Release|x64.ActiveCfg = Release|x86
		{92985673-814F-4316-B7F9-19078EE36EDA}.Release|x86.ActiveCfg = Release|x86
		{92985673-814F-4316-B7F9-19078EE36EDA}.Release|x86.Build.0 = Release|x86
		{487C6BA1-0F4F-4B88-B5CB-AC9B47CE02DE}.Debug|Any CPU.ActiveCfg = Debug|Any CPU
		{487C6BA1-0F4F-4B88-B5CB-AC9B47CE02DE}.Debug|Any CPU.Build.0 = Debug|Any CPU
		{487C6BA1-0F4F-4B88-B5CB-AC9B47CE02DE}.Debug|Mixed Platforms.ActiveCfg = Debug|Any CPU
		{487C6BA1-0F4F-4B88-B5CB-AC9B47CE02DE}.Debug|Mixed Platforms.Build.0 = Debug|Any CPU
		{487C6BA1-0F4F-4B88-B5CB-AC9B47CE02DE}.Debug|Win32.ActiveCfg = Debug|Any CPU
		{487C6BA1-0F4F-4B88-B5CB-AC9B47CE02DE}.Debug|x64.ActiveCfg = Debug|x86
		{487C6BA1-0F4F-4B88-B5CB-AC9B47CE02DE}.Debug|x86.ActiveCfg = Debug|x86
		{487C6BA1-0F4F-4B88-B5CB-AC9B47CE02DE}.Debug|x86.Build.0 = Debug|x86
		{487C6BA1-0F4F-4B88-B5CB-AC9B47CE02DE}.Release|Any CPU.ActiveCfg = Release|Any CPU
		{487C6BA1-0F4F-4B88-B5CB-AC9B47CE02DE}.Release|Any CPU.Build.0 = Release|Any CPU
		{487C6BA1-0F4F-4B88-B5CB-AC9B47CE02DE}.Release|Mixed Platforms.ActiveCfg = Release|Any CPU
		{487C6BA1-0F4F-4B88-B5CB-AC9B47CE02DE}.Release|Mixed Platforms.Build.0 = Release|Any CPU
		{487C6BA1-0F4F-4B88-B5CB-AC9B47CE02DE}.Release|Win32.ActiveCfg = Release|Any CPU
		{487C6BA1-0F4F-4B88-B5CB-AC9B47CE02DE}.Release|x64.ActiveCfg = Release|x86
		{487C6BA1-0F4F-4B88-B5CB-AC9B47CE02DE}.Release|x86.ActiveCfg = Release|x86
		{487C6BA1-0F4F-4B88-B5CB-AC9B47CE02DE}.Release|x86.Build.0 = Release|x86
		{7DD3885A-44DB-48A2-8A24-6CF8BEA570AA}.Debug|Any CPU.ActiveCfg = Debug|Any CPU
		{7DD3885A-44DB-48A2-8A24-6CF8BEA570AA}.Debug|Any CPU.Build.0 = Debug|Any CPU
		{7DD3885A-44DB-48A2-8A24-6CF8BEA570AA}.Debug|Mixed Platforms.ActiveCfg = Debug|Any CPU
		{7DD3885A-44DB-48A2-8A24-6CF8BEA570AA}.Debug|Mixed Platforms.Build.0 = Debug|Any CPU
		{7DD3885A-44DB-48A2-8A24-6CF8BEA570AA}.Debug|Win32.ActiveCfg = Debug|Any CPU
		{7DD3885A-44DB-48A2-8A24-6CF8BEA570AA}.Debug|x64.ActiveCfg = Debug|x86
		{7DD3885A-44DB-48A2-8A24-6CF8BEA570AA}.Debug|x86.ActiveCfg = Debug|x86
		{7DD3885A-44DB-48A2-8A24-6CF8BEA570AA}.Debug|x86.Build.0 = Debug|x86
		{7DD3885A-44DB-48A2-8A24-6CF8BEA570AA}.Release|Any CPU.ActiveCfg = Release|Any CPU
		{7DD3885A-44DB-48A2-8A24-6CF8BEA570AA}.Release|Any CPU.Build.0 = Release|Any CPU
		{7DD3885A-44DB-48A2-8A24-6CF8BEA570AA}.Release|Mixed Platforms.ActiveCfg = Release|Any CPU
		{7DD3885A-44DB-48A2-8A24-6CF8BEA570AA}.Release|Mixed Platforms.Build.0 = Release|Any CPU
		{7DD3885A-44DB-48A2-8A24-6CF8BEA570AA}.Release|Win32.ActiveCfg = Release|Any CPU
		{7DD3885A-44DB-48A2-8A24-6CF8BEA570AA}.Release|x64.ActiveCfg = Release|x86
		{7DD3885A-44DB-48A2-8A24-6CF8BEA570AA}.Release|x86.ActiveCfg = Release|x86
		{7DD3885A-44DB-48A2-8A24-6CF8BEA570AA}.Release|x86.Build.0 = Release|x86
		{A1297F2E-E5E7-4CFD-972A-4221EA699D04}.Debug|Any CPU.ActiveCfg = Debug|Any CPU
		{A1297F2E-E5E7-4CFD-972A-4221EA699D04}.Debug|Any CPU.Build.0 = Debug|Any CPU
		{A1297F2E-E5E7-4CFD-972A-4221EA699D04}.Debug|Mixed Platforms.ActiveCfg = Debug|Any CPU
		{A1297F2E-E5E7-4CFD-972A-4221EA699D04}.Debug|Mixed Platforms.Build.0 = Debug|Any CPU
		{A1297F2E-E5E7-4CFD-972A-4221EA699D04}.Debug|Win32.ActiveCfg = Debug|Any CPU
		{A1297F2E-E5E7-4CFD-972A-4221EA699D04}.Debug|x64.ActiveCfg = Debug|x64
		{A1297F2E-E5E7-4CFD-972A-4221EA699D04}.Debug|x64.Build.0 = Debug|x64
		{A1297F2E-E5E7-4CFD-972A-4221EA699D04}.Debug|x86.ActiveCfg = Debug|x86
		{A1297F2E-E5E7-4CFD-972A-4221EA699D04}.Debug|x86.Build.0 = Debug|x86
		{A1297F2E-E5E7-4CFD-972A-4221EA699D04}.Release|Any CPU.ActiveCfg = Release|Any CPU
		{A1297F2E-E5E7-4CFD-972A-4221EA699D04}.Release|Any CPU.Build.0 = Release|Any CPU
		{A1297F2E-E5E7-4CFD-972A-4221EA699D04}.Release|Mixed Platforms.ActiveCfg = Release|Any CPU
		{A1297F2E-E5E7-4CFD-972A-4221EA699D04}.Release|Mixed Platforms.Build.0 = Release|Any CPU
		{A1297F2E-E5E7-4CFD-972A-4221EA699D04}.Release|Win32.ActiveCfg = Release|Any CPU
		{A1297F2E-E5E7-4CFD-972A-4221EA699D04}.Release|x64.ActiveCfg = Release|x64
		{A1297F2E-E5E7-4CFD-972A-4221EA699D04}.Release|x64.Build.0 = Release|x64
		{A1297F2E-E5E7-4CFD-972A-4221EA699D04}.Release|x86.ActiveCfg = Release|x86
		{A1297F2E-E5E7-4CFD-972A-4221EA699D04}.Release|x86.Build.0 = Release|x86
		{11E932B2-42D5-49BC-82A6-ACB04F077BC1}.Debug|Any CPU.ActiveCfg = Debug|Any CPU
		{11E932B2-42D5-49BC-82A6-ACB04F077BC1}.Debug|Any CPU.Build.0 = Debug|Any CPU
		{11E932B2-42D5-49BC-82A6-ACB04F077BC1}.Debug|Mixed Platforms.ActiveCfg = Debug|Any CPU
		{11E932B2-42D5-49BC-82A6-ACB04F077BC1}.Debug|Mixed Platforms.Build.0 = Debug|Any CPU
		{11E932B2-42D5-49BC-82A6-ACB04F077BC1}.Debug|Win32.ActiveCfg = Debug|Any CPU
		{11E932B2-42D5-49BC-82A6-ACB04F077BC1}.Debug|x64.ActiveCfg = Debug|x86
		{11E932B2-42D5-49BC-82A6-ACB04F077BC1}.Debug|x86.ActiveCfg = Debug|x86
		{11E932B2-42D5-49BC-82A6-ACB04F077BC1}.Debug|x86.Build.0 = Debug|x86
		{11E932B2-42D5-49BC-82A6-ACB04F077BC1}.Release|Any CPU.ActiveCfg = Release|Any CPU
		{11E932B2-42D5-49BC-82A6-ACB04F077BC1}.Release|Any CPU.Build.0 = Release|Any CPU
		{11E932B2-42D5-49BC-82A6-ACB04F077BC1}.Release|Mixed Platforms.ActiveCfg = Release|Any CPU
		{11E932B2-42D5-49BC-82A6-ACB04F077BC1}.Release|Mixed Platforms.Build.0 = Release|Any CPU
		{11E932B2-42D5-49BC-82A6-ACB04F077BC1}.Release|Win32.ActiveCfg = Release|Any CPU
		{11E932B2-42D5-49BC-82A6-ACB04F077BC1}.Release|x64.ActiveCfg = Release|x86
		{11E932B2-42D5-49BC-82A6-ACB04F077BC1}.Release|x86.ActiveCfg = Release|x86
		{11E932B2-42D5-49BC-82A6-ACB04F077BC1}.Release|x86.Build.0 = Release|x86
		{84419E06-470A-4CD4-BA39-DB1D93F978A5}.Debug|Any CPU.ActiveCfg = Debug|Any CPU
		{84419E06-470A-4CD4-BA39-DB1D93F978A5}.Debug|Any CPU.Build.0 = Debug|Any CPU
		{84419E06-470A-4CD4-BA39-DB1D93F978A5}.Debug|Mixed Platforms.ActiveCfg = Debug|Any CPU
		{84419E06-470A-4CD4-BA39-DB1D93F978A5}.Debug|Mixed Platforms.Build.0 = Debug|Any CPU
		{84419E06-470A-4CD4-BA39-DB1D93F978A5}.Debug|Win32.ActiveCfg = Debug|Any CPU
		{84419E06-470A-4CD4-BA39-DB1D93F978A5}.Debug|x64.ActiveCfg = Debug|x86
		{84419E06-470A-4CD4-BA39-DB1D93F978A5}.Debug|x86.ActiveCfg = Debug|x86
		{84419E06-470A-4CD4-BA39-DB1D93F978A5}.Debug|x86.Build.0 = Debug|x86
		{84419E06-470A-4CD4-BA39-DB1D93F978A5}.Release|Any CPU.ActiveCfg = Release|Any CPU
		{84419E06-470A-4CD4-BA39-DB1D93F978A5}.Release|Any CPU.Build.0 = Release|Any CPU
		{84419E06-470A-4CD4-BA39-DB1D93F978A5}.Release|Mixed Platforms.ActiveCfg = Release|Any CPU
		{84419E06-470A-4CD4-BA39-DB1D93F978A5}.Release|Mixed Platforms.Build.0 = Release|Any CPU
		{84419E06-470A-4CD4-BA39-DB1D93F978A5}.Release|Win32.ActiveCfg = Release|Any CPU
		{84419E06-470A-4CD4-BA39-DB1D93F978A5}.Release|x64.ActiveCfg = Release|x86
		{84419E06-470A-4CD4-BA39-DB1D93F978A5}.Release|x86.ActiveCfg = Release|x86
		{84419E06-470A-4CD4-BA39-DB1D93F978A5}.Release|x86.Build.0 = Release|x86
		{2777FF79-4811-40E7-BDC9-B0D503A2082C}.Debug|Any CPU.ActiveCfg = Debug|Any CPU
		{2777FF79-4811-40E7-BDC9-B0D503A2082C}.Debug|Any CPU.Build.0 = Debug|Any CPU
		{2777FF79-4811-40E7-BDC9-B0D503A2082C}.Debug|Mixed Platforms.ActiveCfg = Debug|Any CPU
		{2777FF79-4811-40E7-BDC9-B0D503A2082C}.Debug|Mixed Platforms.Build.0 = Debug|Any CPU
		{2777FF79-4811-40E7-BDC9-B0D503A2082C}.Debug|Win32.ActiveCfg = Debug|Any CPU
		{2777FF79-4811-40E7-BDC9-B0D503A2082C}.Debug|x64.ActiveCfg = Debug|x86
		{2777FF79-4811-40E7-BDC9-B0D503A2082C}.Debug|x86.ActiveCfg = Debug|x86
		{2777FF79-4811-40E7-BDC9-B0D503A2082C}.Debug|x86.Build.0 = Debug|x86
		{2777FF79-4811-40E7-BDC9-B0D503A2082C}.Release|Any CPU.ActiveCfg = Release|Any CPU
		{2777FF79-4811-40E7-BDC9-B0D503A2082C}.Release|Any CPU.Build.0 = Release|Any CPU
		{2777FF79-4811-40E7-BDC9-B0D503A2082C}.Release|Mixed Platforms.ActiveCfg = Release|Any CPU
		{2777FF79-4811-40E7-BDC9-B0D503A2082C}.Release|Mixed Platforms.Build.0 = Release|Any CPU
		{2777FF79-4811-40E7-BDC9-B0D503A2082C}.Release|Win32.ActiveCfg = Release|Any CPU
		{2777FF79-4811-40E7-BDC9-B0D503A2082C}.Release|x64.ActiveCfg = Release|x86
		{2777FF79-4811-40E7-BDC9-B0D503A2082C}.Release|x86.ActiveCfg = Release|x86
		{2777FF79-4811-40E7-BDC9-B0D503A2082C}.Release|x86.Build.0 = Release|x86
		{2DD36746-B28A-44F7-91BA-871FCD873720}.Debug|Any CPU.ActiveCfg = Debug|Any CPU
		{2DD36746-B28A-44F7-91BA-871FCD873720}.Debug|Any CPU.Build.0 = Debug|Any CPU
		{2DD36746-B28A-44F7-91BA-871FCD873720}.Debug|Mixed Platforms.ActiveCfg = Debug|Any CPU
		{2DD36746-B28A-44F7-91BA-871FCD873720}.Debug|Mixed Platforms.Build.0 = Debug|Any CPU
		{2DD36746-B28A-44F7-91BA-871FCD873720}.Debug|Win32.ActiveCfg = Debug|Any CPU
		{2DD36746-B28A-44F7-91BA-871FCD873720}.Debug|x64.ActiveCfg = Debug|x86
		{2DD36746-B28A-44F7-91BA-871FCD873720}.Debug|x86.ActiveCfg = Debug|x86
		{2DD36746-B28A-44F7-91BA-871FCD873720}.Debug|x86.Build.0 = Debug|x86
		{2DD36746-B28A-44F7-91BA-871FCD873720}.Release|Any CPU.ActiveCfg = Release|Any CPU
		{2DD36746-B28A-44F7-91BA-871FCD873720}.Release|Any CPU.Build.0 = Release|Any CPU
		{2DD36746-B28A-44F7-91BA-871FCD873720}.Release|Mixed Platforms.ActiveCfg = Release|Any CPU
		{2DD36746-B28A-44F7-91BA-871FCD873720}.Release|Mixed Platforms.Build.0 = Release|Any CPU
		{2DD36746-B28A-44F7-91BA-871FCD873720}.Release|Win32.ActiveCfg = Release|Any CPU
		{2DD36746-B28A-44F7-91BA-871FCD873720}.Release|x64.ActiveCfg = Release|x86
		{2DD36746-B28A-44F7-91BA-871FCD873720}.Release|x86.ActiveCfg = Release|x86
		{2DD36746-B28A-44F7-91BA-871FCD873720}.Release|x86.Build.0 = Release|x86
		{15AD333C-C5A5-43DA-B6FE-B23B936C80A2}.Debug|Any CPU.ActiveCfg = Debug|Any CPU
		{15AD333C-C5A5-43DA-B6FE-B23B936C80A2}.Debug|Any CPU.Build.0 = Debug|Any CPU
		{15AD333C-C5A5-43DA-B6FE-B23B936C80A2}.Debug|Mixed Platforms.ActiveCfg = Debug|Any CPU
		{15AD333C-C5A5-43DA-B6FE-B23B936C80A2}.Debug|Mixed Platforms.Build.0 = Debug|Any CPU
		{15AD333C-C5A5-43DA-B6FE-B23B936C80A2}.Debug|Win32.ActiveCfg = Debug|Any CPU
		{15AD333C-C5A5-43DA-B6FE-B23B936C80A2}.Debug|x64.ActiveCfg = Debug|x86
		{15AD333C-C5A5-43DA-B6FE-B23B936C80A2}.Debug|x86.ActiveCfg = Debug|x86
		{15AD333C-C5A5-43DA-B6FE-B23B936C80A2}.Debug|x86.Build.0 = Debug|x86
		{15AD333C-C5A5-43DA-B6FE-B23B936C80A2}.Release|Any CPU.ActiveCfg = Release|Any CPU
		{15AD333C-C5A5-43DA-B6FE-B23B936C80A2}.Release|Any CPU.Build.0 = Release|Any CPU
		{15AD333C-C5A5-43DA-B6FE-B23B936C80A2}.Release|Mixed Platforms.ActiveCfg = Release|Any CPU
		{15AD333C-C5A5-43DA-B6FE-B23B936C80A2}.Release|Mixed Platforms.Build.0 = Release|Any CPU
		{15AD333C-C5A5-43DA-B6FE-B23B936C80A2}.Release|Win32.ActiveCfg = Release|Any CPU
		{15AD333C-C5A5-43DA-B6FE-B23B936C80A2}.Release|x64.ActiveCfg = Release|x86
		{15AD333C-C5A5-43DA-B6FE-B23B936C80A2}.Release|x86.ActiveCfg = Release|x86
		{15AD333C-C5A5-43DA-B6FE-B23B936C80A2}.Release|x86.Build.0 = Release|x86
		{245B890C-9981-4FF9-9FA0-0A828D8539E3}.Debug|Any CPU.ActiveCfg = Debug|Any CPU
		{245B890C-9981-4FF9-9FA0-0A828D8539E3}.Debug|Any CPU.Build.0 = Debug|Any CPU
		{245B890C-9981-4FF9-9FA0-0A828D8539E3}.Debug|Mixed Platforms.ActiveCfg = Debug|Any CPU
		{245B890C-9981-4FF9-9FA0-0A828D8539E3}.Debug|Mixed Platforms.Build.0 = Debug|Any CPU
		{245B890C-9981-4FF9-9FA0-0A828D8539E3}.Debug|Win32.ActiveCfg = Debug|Any CPU
		{245B890C-9981-4FF9-9FA0-0A828D8539E3}.Debug|x64.ActiveCfg = Debug|x64
		{245B890C-9981-4FF9-9FA0-0A828D8539E3}.Debug|x64.Build.0 = Debug|x64
		{245B890C-9981-4FF9-9FA0-0A828D8539E3}.Debug|x86.ActiveCfg = Debug|x86
		{245B890C-9981-4FF9-9FA0-0A828D8539E3}.Debug|x86.Build.0 = Debug|x86
		{245B890C-9981-4FF9-9FA0-0A828D8539E3}.Release|Any CPU.ActiveCfg = Release|Any CPU
		{245B890C-9981-4FF9-9FA0-0A828D8539E3}.Release|Any CPU.Build.0 = Release|Any CPU
		{245B890C-9981-4FF9-9FA0-0A828D8539E3}.Release|Mixed Platforms.ActiveCfg = Release|Any CPU
		{245B890C-9981-4FF9-9FA0-0A828D8539E3}.Release|Mixed Platforms.Build.0 = Release|Any CPU
		{245B890C-9981-4FF9-9FA0-0A828D8539E3}.Release|Win32.ActiveCfg = Release|Any CPU
		{245B890C-9981-4FF9-9FA0-0A828D8539E3}.Release|x64.ActiveCfg = Release|x64
		{245B890C-9981-4FF9-9FA0-0A828D8539E3}.Release|x64.Build.0 = Release|x64
		{245B890C-9981-4FF9-9FA0-0A828D8539E3}.Release|x86.ActiveCfg = Release|x86
		{245B890C-9981-4FF9-9FA0-0A828D8539E3}.Release|x86.Build.0 = Release|x86
		{19BC857A-3A83-4811-A618-0DD4F0601311}.Debug|Any CPU.ActiveCfg = Debug|Any CPU
		{19BC857A-3A83-4811-A618-0DD4F0601311}.Debug|Any CPU.Build.0 = Debug|Any CPU
		{19BC857A-3A83-4811-A618-0DD4F0601311}.Debug|Mixed Platforms.ActiveCfg = Debug|Any CPU
		{19BC857A-3A83-4811-A618-0DD4F0601311}.Debug|Mixed Platforms.Build.0 = Debug|Any CPU
		{19BC857A-3A83-4811-A618-0DD4F0601311}.Debug|Win32.ActiveCfg = Debug|Any CPU
		{19BC857A-3A83-4811-A618-0DD4F0601311}.Debug|x64.ActiveCfg = Debug|x64
		{19BC857A-3A83-4811-A618-0DD4F0601311}.Debug|x64.Build.0 = Debug|x64
		{19BC857A-3A83-4811-A618-0DD4F0601311}.Debug|x86.ActiveCfg = Debug|x86
		{19BC857A-3A83-4811-A618-0DD4F0601311}.Debug|x86.Build.0 = Debug|x86
		{19BC857A-3A83-4811-A618-0DD4F0601311}.Release|Any CPU.ActiveCfg = Release|Any CPU
		{19BC857A-3A83-4811-A618-0DD4F0601311}.Release|Any CPU.Build.0 = Release|Any CPU
		{19BC857A-3A83-4811-A618-0DD4F0601311}.Release|Mixed Platforms.ActiveCfg = Release|Any CPU
		{19BC857A-3A83-4811-A618-0DD4F0601311}.Release|Mixed Platforms.Build.0 = Release|Any CPU
		{19BC857A-3A83-4811-A618-0DD4F0601311}.Release|Win32.ActiveCfg = Release|Any CPU
		{19BC857A-3A83-4811-A618-0DD4F0601311}.Release|x64.ActiveCfg = Release|x64
		{19BC857A-3A83-4811-A618-0DD4F0601311}.Release|x64.Build.0 = Release|x64
		{19BC857A-3A83-4811-A618-0DD4F0601311}.Release|x86.ActiveCfg = Release|x86
		{19BC857A-3A83-4811-A618-0DD4F0601311}.Release|x86.Build.0 = Release|x86
		{66860E22-2AC2-4900-B904-C090C312964B}.Debug|Any CPU.ActiveCfg = Debug|Any CPU
		{66860E22-2AC2-4900-B904-C090C312964B}.Debug|Any CPU.Build.0 = Debug|Any CPU
		{66860E22-2AC2-4900-B904-C090C312964B}.Debug|Mixed Platforms.ActiveCfg = Debug|Any CPU
		{66860E22-2AC2-4900-B904-C090C312964B}.Debug|Mixed Platforms.Build.0 = Debug|Any CPU
		{66860E22-2AC2-4900-B904-C090C312964B}.Debug|Win32.ActiveCfg = Debug|Any CPU
		{66860E22-2AC2-4900-B904-C090C312964B}.Debug|x64.ActiveCfg = Debug|x86
		{66860E22-2AC2-4900-B904-C090C312964B}.Debug|x86.ActiveCfg = Debug|x86
		{66860E22-2AC2-4900-B904-C090C312964B}.Debug|x86.Build.0 = Debug|x86
		{66860E22-2AC2-4900-B904-C090C312964B}.Release|Any CPU.ActiveCfg = Release|Any CPU
		{66860E22-2AC2-4900-B904-C090C312964B}.Release|Any CPU.Build.0 = Release|Any CPU
		{66860E22-2AC2-4900-B904-C090C312964B}.Release|Mixed Platforms.ActiveCfg = Release|Any CPU
		{66860E22-2AC2-4900-B904-C090C312964B}.Release|Mixed Platforms.Build.0 = Release|Any CPU
		{66860E22-2AC2-4900-B904-C090C312964B}.Release|Win32.ActiveCfg = Release|Any CPU
		{66860E22-2AC2-4900-B904-C090C312964B}.Release|x64.ActiveCfg = Release|x86
		{66860E22-2AC2-4900-B904-C090C312964B}.Release|x86.ActiveCfg = Release|x86
		{66860E22-2AC2-4900-B904-C090C312964B}.Release|x86.Build.0 = Release|x86
		{5F87D75C-259C-4F88-AA2F-64142D0288F2}.Debug|Any CPU.ActiveCfg = Debug|Any CPU
		{5F87D75C-259C-4F88-AA2F-64142D0288F2}.Debug|Any CPU.Build.0 = Debug|Any CPU
		{5F87D75C-259C-4F88-AA2F-64142D0288F2}.Debug|Mixed Platforms.ActiveCfg = Debug|Any CPU
		{5F87D75C-259C-4F88-AA2F-64142D0288F2}.Debug|Mixed Platforms.Build.0 = Debug|Any CPU
		{5F87D75C-259C-4F88-AA2F-64142D0288F2}.Debug|Win32.ActiveCfg = Debug|Any CPU
		{5F87D75C-259C-4F88-AA2F-64142D0288F2}.Debug|x64.ActiveCfg = Debug|x86
		{5F87D75C-259C-4F88-AA2F-64142D0288F2}.Debug|x86.ActiveCfg = Debug|x86
		{5F87D75C-259C-4F88-AA2F-64142D0288F2}.Debug|x86.Build.0 = Debug|x86
		{5F87D75C-259C-4F88-AA2F-64142D0288F2}.Release|Any CPU.ActiveCfg = Release|Any CPU
		{5F87D75C-259C-4F88-AA2F-64142D0288F2}.Release|Any CPU.Build.0 = Release|Any CPU
		{5F87D75C-259C-4F88-AA2F-64142D0288F2}.Release|Mixed Platforms.ActiveCfg = Release|Any CPU
		{5F87D75C-259C-4F88-AA2F-64142D0288F2}.Release|Mixed Platforms.Build.0 = Release|Any CPU
		{5F87D75C-259C-4F88-AA2F-64142D0288F2}.Release|Win32.ActiveCfg = Release|Any CPU
		{5F87D75C-259C-4F88-AA2F-64142D0288F2}.Release|x64.ActiveCfg = Release|x86
		{5F87D75C-259C-4F88-AA2F-64142D0288F2}.Release|x86.ActiveCfg = Release|x86
		{5F87D75C-259C-4F88-AA2F-64142D0288F2}.Release|x86.Build.0 = Release|x86
		{83728549-B86D-414D-A2AA-7B16515A138D}.Debug|Any CPU.ActiveCfg = Debug|Any CPU
		{83728549-B86D-414D-A2AA-7B16515A138D}.Debug|Any CPU.Build.0 = Debug|Any CPU
		{83728549-B86D-414D-A2AA-7B16515A138D}.Debug|Mixed Platforms.ActiveCfg = Debug|Any CPU
		{83728549-B86D-414D-A2AA-7B16515A138D}.Debug|Mixed Platforms.Build.0 = Debug|Any CPU
		{83728549-B86D-414D-A2AA-7B16515A138D}.Debug|Win32.ActiveCfg = Debug|Any CPU
		{83728549-B86D-414D-A2AA-7B16515A138D}.Debug|x64.ActiveCfg = Debug|Any CPU
		{83728549-B86D-414D-A2AA-7B16515A138D}.Debug|x86.ActiveCfg = Debug|x86
		{83728549-B86D-414D-A2AA-7B16515A138D}.Debug|x86.Build.0 = Debug|x86
		{83728549-B86D-414D-A2AA-7B16515A138D}.Release|Any CPU.ActiveCfg = Release|Any CPU
		{83728549-B86D-414D-A2AA-7B16515A138D}.Release|Any CPU.Build.0 = Release|Any CPU
		{83728549-B86D-414D-A2AA-7B16515A138D}.Release|Mixed Platforms.ActiveCfg = Release|Any CPU
		{83728549-B86D-414D-A2AA-7B16515A138D}.Release|Mixed Platforms.Build.0 = Release|Any CPU
		{83728549-B86D-414D-A2AA-7B16515A138D}.Release|Win32.ActiveCfg = Release|Any CPU
		{83728549-B86D-414D-A2AA-7B16515A138D}.Release|x64.ActiveCfg = Release|Any CPU
		{83728549-B86D-414D-A2AA-7B16515A138D}.Release|x86.ActiveCfg = Release|Any CPU
		{3878667C-1FD0-411C-B936-2E57ACEE8C71}.Debug|Any CPU.ActiveCfg = Debug|Any CPU
		{3878667C-1FD0-411C-B936-2E57ACEE8C71}.Debug|Any CPU.Build.0 = Debug|Any CPU
		{3878667C-1FD0-411C-B936-2E57ACEE8C71}.Debug|Mixed Platforms.ActiveCfg = Debug|x86
		{3878667C-1FD0-411C-B936-2E57ACEE8C71}.Debug|Mixed Platforms.Build.0 = Debug|x86
		{3878667C-1FD0-411C-B936-2E57ACEE8C71}.Debug|Win32.ActiveCfg = Debug|x86
		{3878667C-1FD0-411C-B936-2E57ACEE8C71}.Debug|x64.ActiveCfg = Debug|x86
		{3878667C-1FD0-411C-B936-2E57ACEE8C71}.Debug|x86.ActiveCfg = Debug|x86
		{3878667C-1FD0-411C-B936-2E57ACEE8C71}.Debug|x86.Build.0 = Debug|x86
		{3878667C-1FD0-411C-B936-2E57ACEE8C71}.Release|Any CPU.ActiveCfg = Release|Any CPU
		{3878667C-1FD0-411C-B936-2E57ACEE8C71}.Release|Any CPU.Build.0 = Release|Any CPU
		{3878667C-1FD0-411C-B936-2E57ACEE8C71}.Release|Mixed Platforms.ActiveCfg = Release|x86
		{3878667C-1FD0-411C-B936-2E57ACEE8C71}.Release|Mixed Platforms.Build.0 = Release|x86
		{3878667C-1FD0-411C-B936-2E57ACEE8C71}.Release|Win32.ActiveCfg = Release|x86
		{3878667C-1FD0-411C-B936-2E57ACEE8C71}.Release|x64.ActiveCfg = Release|x86
		{3878667C-1FD0-411C-B936-2E57ACEE8C71}.Release|x86.ActiveCfg = Release|x86
		{3878667C-1FD0-411C-B936-2E57ACEE8C71}.Release|x86.Build.0 = Release|x86
	EndGlobalSection
	GlobalSection(SolutionProperties) = preSolution
		HideSolutionNode = FALSE
	EndGlobalSection
	GlobalSection(TextTemplating) = postSolution
		TextTemplating = 1
	EndGlobalSection
EndGlobal
