Microsoft Visual Studio Solution File, Format Version 10.00
# Visual Studio 2008
Project("{FAE04EC0-301F-11D3-BF4B-00C04F79EFBC}") = "Designer", "Designer\Designer.csproj", "{7CC6F6F4-AA2A-4F85-916F-DE9389694966}"
	ProjectSection(ProjectDependencies) = postProject
		{DA2F4203-642C-4AB3-94A4-B61778BF282C} = {DA2F4203-642C-4AB3-94A4-B61778BF282C}
		{A1297F2E-E5E7-4CFD-972A-4221EA699D04} = {A1297F2E-E5E7-4CFD-972A-4221EA699D04}
		{8546DB36-F4EA-49C0-925F-AD0124ECA727} = {8546DB36-F4EA-49C0-925F-AD0124ECA727}
		{4F0A6D51-0E78-41AB-BBD7-CB9D2EA86670} = {4F0A6D51-0E78-41AB-BBD7-CB9D2EA86670}
		{97BCB164-685F-4B78-8641-16F2CF736CDD} = {97BCB164-685F-4B78-8641-16F2CF736CDD}
		{92985673-814F-4316-B7F9-19078EE36EDA} = {92985673-814F-4316-B7F9-19078EE36EDA}
		{0BEDC378-9483-468E-97E9-C6DBFEE17127} = {0BEDC378-9483-468E-97E9-C6DBFEE17127}
		{07F1A28C-D83A-4F06-9FFA-6BBA9C40D38A} = {07F1A28C-D83A-4F06-9FFA-6BBA9C40D38A}
		{83F995B3-C049-44C8-8CB0-DD62C852E20F} = {83F995B3-C049-44C8-8CB0-DD62C852E20F}
		{3600E7BC-AF69-4D9E-82E4-F2EFA3AF6CE5} = {3600E7BC-AF69-4D9E-82E4-F2EFA3AF6CE5}
		{1E6D58CF-C25B-42C1-982D-01C4C83FD5D1} = {1E6D58CF-C25B-42C1-982D-01C4C83FD5D1}
		{11D9C7DE-6B84-4108-9952-CCB18C29D2F3} = {11D9C7DE-6B84-4108-9952-CCB18C29D2F3}
	EndProjectSection
EndProject
Project("{FAE04EC0-301F-11D3-BF4B-00C04F79EFBC}") = "Forms", "Forms\Forms.csproj", "{97BCB164-685F-4B78-8641-16F2CF736CDD}"
	ProjectSection(ProjectDependencies) = postProject
		{DA2F4203-642C-4AB3-94A4-B61778BF282C} = {DA2F4203-642C-4AB3-94A4-B61778BF282C}
		{83F995B3-C049-44C8-8CB0-DD62C852E20F} = {83F995B3-C049-44C8-8CB0-DD62C852E20F}
		{3600E7BC-AF69-4D9E-82E4-F2EFA3AF6CE5} = {3600E7BC-AF69-4D9E-82E4-F2EFA3AF6CE5}
	EndProjectSection
EndProject
Project("{FAE04EC0-301F-11D3-BF4B-00C04F79EFBC}") = "Common", "Common\Common.csproj", "{83F995B3-C049-44C8-8CB0-DD62C852E20F}"
EndProject
Project("{FAE04EC0-301F-11D3-BF4B-00C04F79EFBC}") = "Documents", "Documents\Documents.csproj", "{1E6D58CF-C25B-42C1-982D-01C4C83FD5D1}"
	ProjectSection(ProjectDependencies) = postProject
		{0BEDC378-9483-468E-97E9-C6DBFEE17127} = {0BEDC378-9483-468E-97E9-C6DBFEE17127}
		{5500AEE7-74CA-4439-8661-22E14D6E65A8} = {5500AEE7-74CA-4439-8661-22E14D6E65A8}
	EndProjectSection
EndProject
Project("{FAE04EC0-301F-11D3-BF4B-00C04F79EFBC}") = "Processes", "Processes\Processes.csproj", "{DA2F4203-642C-4AB3-94A4-B61778BF282C}"
EndProject
Project("{54435603-DBB4-11D2-8724-00A0C9A8B90C}") = "Setup", "Setup\Setup.vdproj", "{9257A33B-7CED-41DD-BB80-2F618563D45A}"
EndProject
Project("{FAE04EC0-301F-11D3-BF4B-00C04F79EFBC}") = "ProjectUI", "ProjectUI\ProjectUI.csproj", "{5500AEE7-74CA-4439-8661-22E14D6E65A8}"
	ProjectSection(ProjectDependencies) = postProject
		{3600E7BC-AF69-4D9E-82E4-F2EFA3AF6CE5} = {3600E7BC-AF69-4D9E-82E4-F2EFA3AF6CE5}
	EndProjectSection
EndProject
Project("{FAE04EC0-301F-11D3-BF4B-00C04F79EFBC}") = "XmlSupport", "XmlSupport\XmlSupport.csproj", "{11D9C7DE-6B84-4108-9952-CCB18C29D2F3}"
EndProject
Project("{FAE04EC0-301F-11D3-BF4B-00C04F79EFBC}") = "TextEditor", "TextEditor\TextEditor.csproj", "{0BEDC378-9483-468E-97E9-C6DBFEE17127}"
EndProject
Project("{FAE04EC0-301F-11D3-BF4B-00C04F79EFBC}") = "RtfSupport", "RtfSupport\RtfSupport.csproj", "{07F1A28C-D83A-4F06-9FFA-6BBA9C40D38A}"
EndProject
Project("{FAE04EC0-301F-11D3-BF4B-00C04F79EFBC}") = "Controls", "Controls\Controls.csproj", "{4F0A6D51-0E78-41AB-BBD7-CB9D2EA86670}"
	ProjectSection(ProjectDependencies) = postProject
		{3600E7BC-AF69-4D9E-82E4-F2EFA3AF6CE5} = {3600E7BC-AF69-4D9E-82E4-F2EFA3AF6CE5}
	EndProjectSection
EndProject
Project("{FAE04EC0-301F-11D3-BF4B-00C04F79EFBC}") = "FunctionRuntime", "FunctionRuntime\FunctionRuntime.csproj", "{0C7C56C8-7EFC-40AD-8612-D104637CC4D8}"
EndProject
Project("{FAE04EC0-301F-11D3-BF4B-00C04F79EFBC}") = "FunctionViewPresenter", "FunctionViewPresenter\FunctionViewPresenter.csproj", "{8546DB36-F4EA-49C0-925F-AD0124ECA727}"
EndProject
Project("{FAE04EC0-301F-11D3-BF4B-00C04F79EFBC}") = "FunctionControls", "FunctionControls\FunctionControls.csproj", "{92985673-814F-4316-B7F9-19078EE36EDA}"
EndProject
Project("{FAE04EC0-301F-11D3-BF4B-00C04F79EFBC}") = "DesignerUI", "DesignerUI\DesignerUI.csproj", "{487C6BA1-0F4F-4B88-B5CB-AC9B47CE02DE}"
EndProject
Project("{FAE04EC0-301F-11D3-BF4B-00C04F79EFBC}") = "Parsing", "Parsing\Parsing.csproj", "{A1297F2E-E5E7-4CFD-972A-4221EA699D04}"
EndProject
Project("{FAE04EC0-301F-11D3-BF4B-00C04F79EFBC}") = "FontSupport", "FontSupport\FontSupport.csproj", "{245B890C-9981-4FF9-9FA0-0A828D8539E3}"
EndProject
Project("{FAE04EC0-301F-11D3-BF4B-00C04F79EFBC}") = "UndoSupport", "UndoSupport\UndoSupport.csproj", "{19BC857A-3A83-4811-A618-0DD4F0601311}"
EndProject
Project("{FAE04EC0-301F-11D3-BF4B-00C04F79EFBC}") = "Dialogs", "Dialogs\Dialogs.csproj", "{66860E22-2AC2-4900-B904-C090C312964B}"
EndProject
Project("{FAE04EC0-301F-11D3-BF4B-00C04F79EFBC}") = "Functions", "Functions\Functions.csproj", "{83728549-B86D-414D-A2AA-7B16515A138D}"
EndProject
Project("{FAE04EC0-301F-11D3-BF4B-00C04F79EFBC}") = "Projects", "Projects\Projects.csproj", "{3600E7BC-AF69-4D9E-82E4-F2EFA3AF6CE5}"
EndProject
Project("{FAE04EC0-301F-11D3-BF4B-00C04F79EFBC}") = "Core", "Core\Core.csproj", "{3878667C-1FD0-411C-B936-2E57ACEE8C71}"
EndProject
Global
	GlobalSection(SolutionConfigurationPlatforms) = preSolution
		Debug|Any CPU = Debug|Any CPU
		Debug|Mixed Platforms = Debug|Mixed Platforms
		Debug|Win32 = Debug|Win32
		Debug|x64 = Debug|x64
		Debug|x86 = Debug|x86
		Release|Any CPU = Release|Any CPU
		Release|Mixed Platforms = Release|Mixed Platforms
		Release|Win32 = Release|Win32
		Release|x64 = Release|x64
		Release|x86 = Release|x86
	EndGlobalSection
	GlobalSection(ProjectConfigurationPlatforms) = postSolution
		{7CC6F6F4-AA2A-4F85-916F-DE9389694966}.Debug|Any CPU.ActiveCfg = Debug|Any CPU
		{7CC6F6F4-AA2A-4F85-916F-DE9389694966}.Debug|Any CPU.Build.0 = Debug|Any CPU
		{7CC6F6F4-AA2A-4F85-916F-DE9389694966}.Debug|Mixed Platforms.ActiveCfg = Debug|x86
		{7CC6F6F4-AA2A-4F85-916F-DE9389694966}.Debug|Mixed Platforms.Build.0 = Debug|x86
		{7CC6F6F4-AA2A-4F85-916F-DE9389694966}.Debug|Win32.ActiveCfg = Debug|Any CPU
		{7CC6F6F4-AA2A-4F85-916F-DE9389694966}.Debug|Win32.Build.0 = Debug|Any CPU
		{7CC6F6F4-AA2A-4F85-916F-DE9389694966}.Debug|x64.ActiveCfg = Debug|x86
		{7CC6F6F4-AA2A-4F85-916F-DE9389694966}.Debug|x86.ActiveCfg = Debug|x86
		{7CC6F6F4-AA2A-4F85-916F-DE9389694966}.Debug|x86.Build.0 = Debug|x86
		{7CC6F6F4-AA2A-4F85-916F-DE9389694966}.Release|Any CPU.ActiveCfg = Release|Any CPU
		{7CC6F6F4-AA2A-4F85-916F-DE9389694966}.Release|Any CPU.Build.0 = Release|Any CPU
		{7CC6F6F4-AA2A-4F85-916F-DE9389694966}.Release|Mixed Platforms.ActiveCfg = Release|x86
		{7CC6F6F4-AA2A-4F85-916F-DE9389694966}.Release|Mixed Platforms.Build.0 = Release|x86
		{7CC6F6F4-AA2A-4F85-916F-DE9389694966}.Release|Win32.ActiveCfg = Release|Any CPU
		{7CC6F6F4-AA2A-4F85-916F-DE9389694966}.Release|x64.ActiveCfg = Release|x86
		{7CC6F6F4-AA2A-4F85-916F-DE9389694966}.Release|x86.ActiveCfg = Release|x86
		{7CC6F6F4-AA2A-4F85-916F-DE9389694966}.Release|x86.Build.0 = Release|x86
		{97BCB164-685F-4B78-8641-16F2CF736CDD}.Debug|Any CPU.ActiveCfg = Debug|Any CPU
		{97BCB164-685F-4B78-8641-16F2CF736CDD}.Debug|Any CPU.Build.0 = Debug|Any CPU
		{97BCB164-685F-4B78-8641-16F2CF736CDD}.Debug|Mixed Platforms.ActiveCfg = Debug|x86
		{97BCB164-685F-4B78-8641-16F2CF736CDD}.Debug|Mixed Platforms.Build.0 = Debug|x86
		{97BCB164-685F-4B78-8641-16F2CF736CDD}.Debug|Win32.ActiveCfg = Debug|Any CPU
		{97BCB164-685F-4B78-8641-16F2CF736CDD}.Debug|Win32.Build.0 = Debug|Any CPU
		{97BCB164-685F-4B78-8641-16F2CF736CDD}.Debug|x64.ActiveCfg = Debug|x86
		{97BCB164-685F-4B78-8641-16F2CF736CDD}.Debug|x86.ActiveCfg = Debug|x86
		{97BCB164-685F-4B78-8641-16F2CF736CDD}.Debug|x86.Build.0 = Debug|x86
		{97BCB164-685F-4B78-8641-16F2CF736CDD}.Release|Any CPU.ActiveCfg = Release|Any CPU
		{97BCB164-685F-4B78-8641-16F2CF736CDD}.Release|Any CPU.Build.0 = Release|Any CPU
		{97BCB164-685F-4B78-8641-16F2CF736CDD}.Release|Mixed Platforms.ActiveCfg = Release|x86
		{97BCB164-685F-4B78-8641-16F2CF736CDD}.Release|Mixed Platforms.Build.0 = Release|x86
		{97BCB164-685F-4B78-8641-16F2CF736CDD}.Release|Win32.ActiveCfg = Release|Any CPU
		{97BCB164-685F-4B78-8641-16F2CF736CDD}.Release|x64.ActiveCfg = Release|x86
		{97BCB164-685F-4B78-8641-16F2CF736CDD}.Release|x86.ActiveCfg = Release|x86
		{97BCB164-685F-4B78-8641-16F2CF736CDD}.Release|x86.Build.0 = Release|x86
		{83F995B3-C049-44C8-8CB0-DD62C852E20F}.Debug|Any CPU.ActiveCfg = Debug|Any CPU
		{83F995B3-C049-44C8-8CB0-DD62C852E20F}.Debug|Any CPU.Build.0 = Debug|Any CPU
		{83F995B3-C049-44C8-8CB0-DD62C852E20F}.Debug|Mixed Platforms.ActiveCfg = Debug|x86
		{83F995B3-C049-44C8-8CB0-DD62C852E20F}.Debug|Mixed Platforms.Build.0 = Debug|x86
		{83F995B3-C049-44C8-8CB0-DD62C852E20F}.Debug|Win32.ActiveCfg = Debug|Any CPU
		{83F995B3-C049-44C8-8CB0-DD62C852E20F}.Debug|Win32.Build.0 = Debug|Any CPU
		{83F995B3-C049-44C8-8CB0-DD62C852E20F}.Debug|x64.ActiveCfg = Debug|x64
		{83F995B3-C049-44C8-8CB0-DD62C852E20F}.Debug|x64.Build.0 = Debug|x64
		{83F995B3-C049-44C8-8CB0-DD62C852E20F}.Debug|x86.ActiveCfg = Debug|x86
		{83F995B3-C049-44C8-8CB0-DD62C852E20F}.Debug|x86.Build.0 = Debug|x86
		{83F995B3-C049-44C8-8CB0-DD62C852E20F}.Release|Any CPU.ActiveCfg = Release|Any CPU
		{83F995B3-C049-44C8-8CB0-DD62C852E20F}.Release|Any CPU.Build.0 = Release|Any CPU
		{83F995B3-C049-44C8-8CB0-DD62C852E20F}.Release|Mixed Platforms.ActiveCfg = Release|x86
		{83F995B3-C049-44C8-8CB0-DD62C852E20F}.Release|Mixed Platforms.Build.0 = Release|x86
		{83F995B3-C049-44C8-8CB0-DD62C852E20F}.Release|Win32.ActiveCfg = Release|Any CPU
		{83F995B3-C049-44C8-8CB0-DD62C852E20F}.Release|x64.ActiveCfg = Release|x64
		{83F995B3-C049-44C8-8CB0-DD62C852E20F}.Release|x64.Build.0 = Release|x64
		{83F995B3-C049-44C8-8CB0-DD62C852E20F}.Release|x86.ActiveCfg = Release|x86
		{83F995B3-C049-44C8-8CB0-DD62C852E20F}.Release|x86.Build.0 = Release|x86
		{1E6D58CF-C25B-42C1-982D-01C4C83FD5D1}.Debug|Any CPU.ActiveCfg = Debug|Any CPU
		{1E6D58CF-C25B-42C1-982D-01C4C83FD5D1}.Debug|Any CPU.Build.0 = Debug|Any CPU
		{1E6D58CF-C25B-42C1-982D-01C4C83FD5D1}.Debug|Mixed Platforms.ActiveCfg = Debug|x86
		{1E6D58CF-C25B-42C1-982D-01C4C83FD5D1}.Debug|Mixed Platforms.Build.0 = Debug|x86
		{1E6D58CF-C25B-42C1-982D-01C4C83FD5D1}.Debug|Win32.ActiveCfg = Debug|Any CPU
		{1E6D58CF-C25B-42C1-982D-01C4C83FD5D1}.Debug|Win32.Build.0 = Debug|Any CPU
		{1E6D58CF-C25B-42C1-982D-01C4C83FD5D1}.Debug|x64.ActiveCfg = Debug|x86
		{1E6D58CF-C25B-42C1-982D-01C4C83FD5D1}.Debug|x86.ActiveCfg = Debug|x86
		{1E6D58CF-C25B-42C1-982D-01C4C83FD5D1}.Debug|x86.Build.0 = Debug|x86
		{1E6D58CF-C25B-42C1-982D-01C4C83FD5D1}.Release|Any CPU.ActiveCfg = Release|Any CPU
		{1E6D58CF-C25B-42C1-982D-01C4C83FD5D1}.Release|Any CPU.Build.0 = Release|Any CPU
		{1E6D58CF-C25B-42C1-982D-01C4C83FD5D1}.Release|Mixed Platforms.ActiveCfg = Release|x86
		{1E6D58CF-C25B-42C1-982D-01C4C83FD5D1}.Release|Mixed Platforms.Build.0 = Release|x86
		{1E6D58CF-C25B-42C1-982D-01C4C83FD5D1}.Release|Win32.ActiveCfg = Release|Any CPU
		{1E6D58CF-C25B-42C1-982D-01C4C83FD5D1}.Release|x64.ActiveCfg = Release|x86
		{1E6D58CF-C25B-42C1-982D-01C4C83FD5D1}.Release|x86.ActiveCfg = Release|x86
		{1E6D58CF-C25B-42C1-982D-01C4C83FD5D1}.Release|x86.Build.0 = Release|x86
		{DA2F4203-642C-4AB3-94A4-B61778BF282C}.Debug|Any CPU.ActiveCfg = Debug|Any CPU
		{DA2F4203-642C-4AB3-94A4-B61778BF282C}.Debug|Any CPU.Build.0 = Debug|Any CPU
		{DA2F4203-642C-4AB3-94A4-B61778BF282C}.Debug|Mixed Platforms.ActiveCfg = Debug|x86
		{DA2F4203-642C-4AB3-94A4-B61778BF282C}.Debug|Mixed Platforms.Build.0 = Debug|x86
		{DA2F4203-642C-4AB3-94A4-B61778BF282C}.Debug|Win32.ActiveCfg = Debug|Any CPU
		{DA2F4203-642C-4AB3-94A4-B61778BF282C}.Debug|Win32.Build.0 = Debug|Any CPU
		{DA2F4203-642C-4AB3-94A4-B61778BF282C}.Debug|x64.ActiveCfg = Debug|x64
		{DA2F4203-642C-4AB3-94A4-B61778BF282C}.Debug|x64.Build.0 = Debug|x64
		{DA2F4203-642C-4AB3-94A4-B61778BF282C}.Debug|x86.ActiveCfg = Debug|x86
		{DA2F4203-642C-4AB3-94A4-B61778BF282C}.Debug|x86.Build.0 = Debug|x86
		{DA2F4203-642C-4AB3-94A4-B61778BF282C}.Release|Any CPU.ActiveCfg = Release|Any CPU
		{DA2F4203-642C-4AB3-94A4-B61778BF282C}.Release|Any CPU.Build.0 = Release|Any CPU
		{DA2F4203-642C-4AB3-94A4-B61778BF282C}.Release|Mixed Platforms.ActiveCfg = Release|x86
		{DA2F4203-642C-4AB3-94A4-B61778BF282C}.Release|Mixed Platforms.Build.0 = Release|x86
		{DA2F4203-642C-4AB3-94A4-B61778BF282C}.Release|Win32.ActiveCfg = Release|Any CPU
		{DA2F4203-642C-4AB3-94A4-B61778BF282C}.Release|x64.ActiveCfg = Release|x64
		{DA2F4203-642C-4AB3-94A4-B61778BF282C}.Release|x64.Build.0 = Release|x64
		{DA2F4203-642C-4AB3-94A4-B61778BF282C}.Release|x86.ActiveCfg = Release|x86
		{DA2F4203-642C-4AB3-94A4-B61778BF282C}.Release|x86.Build.0 = Release|x86
		{9257A33B-7CED-41DD-BB80-2F618563D45A}.Debug|Any CPU.ActiveCfg = Debug
		{9257A33B-7CED-41DD-BB80-2F618563D45A}.Debug|Mixed Platforms.ActiveCfg = Debug
		{9257A33B-7CED-41DD-BB80-2F618563D45A}.Debug|Win32.ActiveCfg = Debug
		{9257A33B-7CED-41DD-BB80-2F618563D45A}.Debug|x64.ActiveCfg = Debug
		{9257A33B-7CED-41DD-BB80-2F618563D45A}.Debug|x64.Build.0 = Debug
		{9257A33B-7CED-41DD-BB80-2F618563D45A}.Debug|x86.ActiveCfg = Debug
		{9257A33B-7CED-41DD-BB80-2F618563D45A}.Release|Any CPU.ActiveCfg = Release
		{9257A33B-7CED-41DD-BB80-2F618563D45A}.Release|Mixed Platforms.ActiveCfg = Release
		{9257A33B-7CED-41DD-BB80-2F618563D45A}.Release|Win32.ActiveCfg = Release
		{9257A33B-7CED-41DD-BB80-2F618563D45A}.Release|Win32.Build.0 = Release
		{9257A33B-7CED-41DD-BB80-2F618563D45A}.Release|x64.ActiveCfg = Release
		{9257A33B-7CED-41DD-BB80-2F618563D45A}.Release|x64.Build.0 = Release
		{9257A33B-7CED-41DD-BB80-2F618563D45A}.Release|x86.ActiveCfg = Release
		{9257A33B-7CED-41DD-BB80-2F618563D45A}.Release|x86.Build.0 = Release
		{5500AEE7-74CA-4439-8661-22E14D6E65A8}.Debug|Any CPU.ActiveCfg = Debug|Any CPU
		{5500AEE7-74CA-4439-8661-22E14D6E65A8}.Debug|Any CPU.Build.0 = Debug|Any CPU
		{5500AEE7-74CA-4439-8661-22E14D6E65A8}.Debug|Mixed Platforms.ActiveCfg = Debug|x86
		{5500AEE7-74CA-4439-8661-22E14D6E65A8}.Debug|Mixed Platforms.Build.0 = Debug|x86
		{5500AEE7-74CA-4439-8661-22E14D6E65A8}.Debug|Win32.ActiveCfg = Debug|Any CPU
		{5500AEE7-74CA-4439-8661-22E14D6E65A8}.Debug|Win32.Build.0 = Debug|Any CPU
		{5500AEE7-74CA-4439-8661-22E14D6E65A8}.Debug|x64.ActiveCfg = Debug|x64
		{5500AEE7-74CA-4439-8661-22E14D6E65A8}.Debug|x64.Build.0 = Debug|x64
		{5500AEE7-74CA-4439-8661-22E14D6E65A8}.Debug|x86.ActiveCfg = Debug|x86
		{5500AEE7-74CA-4439-8661-22E14D6E65A8}.Debug|x86.Build.0 = Debug|x86
		{5500AEE7-74CA-4439-8661-22E14D6E65A8}.Release|Any CPU.ActiveCfg = Release|Any CPU
		{5500AEE7-74CA-4439-8661-22E14D6E65A8}.Release|Any CPU.Build.0 = Release|Any CPU
		{5500AEE7-74CA-4439-8661-22E14D6E65A8}.Release|Mixed Platforms.ActiveCfg = Release|x86
		{5500AEE7-74CA-4439-8661-22E14D6E65A8}.Release|Mixed Platforms.Build.0 = Release|x86
		{5500AEE7-74CA-4439-8661-22E14D6E65A8}.Release|Win32.ActiveCfg = Release|Any CPU
		{5500AEE7-74CA-4439-8661-22E14D6E65A8}.Release|x64.ActiveCfg = Release|x64
		{5500AEE7-74CA-4439-8661-22E14D6E65A8}.Release|x64.Build.0 = Release|x64
		{5500AEE7-74CA-4439-8661-22E14D6E65A8}.Release|x86.ActiveCfg = Release|x86
		{5500AEE7-74CA-4439-8661-22E14D6E65A8}.Release|x86.Build.0 = Release|x86
		{11D9C7DE-6B84-4108-9952-CCB18C29D2F3}.Debug|Any CPU.ActiveCfg = Debug|Any CPU
		{11D9C7DE-6B84-4108-9952-CCB18C29D2F3}.Debug|Any CPU.Build.0 = Debug|Any CPU
		{11D9C7DE-6B84-4108-9952-CCB18C29D2F3}.Debug|Mixed Platforms.ActiveCfg = Debug|x86
		{11D9C7DE-6B84-4108-9952-CCB18C29D2F3}.Debug|Mixed Platforms.Build.0 = Debug|x86
		{11D9C7DE-6B84-4108-9952-CCB18C29D2F3}.Debug|Win32.ActiveCfg = Debug|Any CPU
		{11D9C7DE-6B84-4108-9952-CCB18C29D2F3}.Debug|Win32.Build.0 = Debug|Any CPU
		{11D9C7DE-6B84-4108-9952-CCB18C29D2F3}.Debug|x64.ActiveCfg = Debug|x64
		{11D9C7DE-6B84-4108-9952-CCB18C29D2F3}.Debug|x64.Build.0 = Debug|x64
		{11D9C7DE-6B84-4108-9952-CCB18C29D2F3}.Debug|x86.ActiveCfg = Debug|x86
		{11D9C7DE-6B84-4108-9952-CCB18C29D2F3}.Debug|x86.Build.0 = Debug|x86
		{11D9C7DE-6B84-4108-9952-CCB18C29D2F3}.Release|Any CPU.ActiveCfg = Release|Any CPU
		{11D9C7DE-6B84-4108-9952-CCB18C29D2F3}.Release|Any CPU.Build.0 = Release|Any CPU
		{11D9C7DE-6B84-4108-9952-CCB18C29D2F3}.Release|Mixed Platforms.ActiveCfg = Release|x86
		{11D9C7DE-6B84-4108-9952-CCB18C29D2F3}.Release|Mixed Platforms.Build.0 = Release|x86
		{11D9C7DE-6B84-4108-9952-CCB18C29D2F3}.Release|Win32.ActiveCfg = Release|Any CPU
		{11D9C7DE-6B84-4108-9952-CCB18C29D2F3}.Release|x64.ActiveCfg = Release|x64
		{11D9C7DE-6B84-4108-9952-CCB18C29D2F3}.Release|x64.Build.0 = Release|x64
		{11D9C7DE-6B84-4108-9952-CCB18C29D2F3}.Release|x86.ActiveCfg = Release|x86
		{11D9C7DE-6B84-4108-9952-CCB18C29D2F3}.Release|x86.Build.0 = Release|x86
		{0BEDC378-9483-468E-97E9-C6DBFEE17127}.Debug|Any CPU.ActiveCfg = Debug|Any CPU
		{0BEDC378-9483-468E-97E9-C6DBFEE17127}.Debug|Any CPU.Build.0 = Debug|Any CPU
		{0BEDC378-9483-468E-97E9-C6DBFEE17127}.Debug|Mixed Platforms.ActiveCfg = Debug|x86
		{0BEDC378-9483-468E-97E9-C6DBFEE17127}.Debug|Mixed Platforms.Build.0 = Debug|x86
		{0BEDC378-9483-468E-97E9-C6DBFEE17127}.Debug|Win32.ActiveCfg = Debug|Any CPU
		{0BEDC378-9483-468E-97E9-C6DBFEE17127}.Debug|Win32.Build.0 = Debug|Any CPU
		{0BEDC378-9483-468E-97E9-C6DBFEE17127}.Debug|x64.ActiveCfg = Debug|x86
		{0BEDC378-9483-468E-97E9-C6DBFEE17127}.Debug|x86.ActiveCfg = Debug|x86
		{0BEDC378-9483-468E-97E9-C6DBFEE17127}.Debug|x86.Build.0 = Debug|x86
		{0BEDC378-9483-468E-97E9-C6DBFEE17127}.Release|Any CPU.ActiveCfg = Release|Any CPU
		{0BEDC378-9483-468E-97E9-C6DBFEE17127}.Release|Any CPU.Build.0 = Release|Any CPU
		{0BEDC378-9483-468E-97E9-C6DBFEE17127}.Release|Mixed Platforms.ActiveCfg = Release|x86
		{0BEDC378-9483-468E-97E9-C6DBFEE17127}.Release|Mixed Platforms.Build.0 = Release|x86
		{0BEDC378-9483-468E-97E9-C6DBFEE17127}.Release|Win32.ActiveCfg = Release|Any CPU
		{0BEDC378-9483-468E-97E9-C6DBFEE17127}.Release|x64.ActiveCfg = Release|x86
		{0BEDC378-9483-468E-97E9-C6DBFEE17127}.Release|x86.ActiveCfg = Release|x86
		{0BEDC378-9483-468E-97E9-C6DBFEE17127}.Release|x86.Build.0 = Release|x86
		{07F1A28C-D83A-4F06-9FFA-6BBA9C40D38A}.Debug|Any CPU.ActiveCfg = Debug|Any CPU
		{07F1A28C-D83A-4F06-9FFA-6BBA9C40D38A}.Debug|Any CPU.Build.0 = Debug|Any CPU
		{07F1A28C-D83A-4F06-9FFA-6BBA9C40D38A}.Debug|Mixed Platforms.ActiveCfg = Debug|x86
		{07F1A28C-D83A-4F06-9FFA-6BBA9C40D38A}.Debug|Mixed Platforms.Build.0 = Debug|x86
		{07F1A28C-D83A-4F06-9FFA-6BBA9C40D38A}.Debug|Win32.ActiveCfg = Debug|Any CPU
		{07F1A28C-D83A-4F06-9FFA-6BBA9C40D38A}.Debug|Win32.Build.0 = Debug|Any CPU
		{07F1A28C-D83A-4F06-9FFA-6BBA9C40D38A}.Debug|x64.ActiveCfg = Debug|x64
		{07F1A28C-D83A-4F06-9FFA-6BBA9C40D38A}.Debug|x64.Build.0 = Debug|x64
		{07F1A28C-D83A-4F06-9FFA-6BBA9C40D38A}.Debug|x86.ActiveCfg = Debug|x86
		{07F1A28C-D83A-4F06-9FFA-6BBA9C40D38A}.Debug|x86.Build.0 = Debug|x86
		{07F1A28C-D83A-4F06-9FFA-6BBA9C40D38A}.Release|Any CPU.ActiveCfg = Release|Any CPU
		{07F1A28C-D83A-4F06-9FFA-6BBA9C40D38A}.Release|Any CPU.Build.0 = Release|Any CPU
		{07F1A28C-D83A-4F06-9FFA-6BBA9C40D38A}.Release|Mixed Platforms.ActiveCfg = Release|x86
		{07F1A28C-D83A-4F06-9FFA-6BBA9C40D38A}.Release|Mixed Platforms.Build.0 = Release|x86
		{07F1A28C-D83A-4F06-9FFA-6BBA9C40D38A}.Release|Win32.ActiveCfg = Release|Any CPU
		{07F1A28C-D83A-4F06-9FFA-6BBA9C40D38A}.Release|x64.ActiveCfg = Release|x64
		{07F1A28C-D83A-4F06-9FFA-6BBA9C40D38A}.Release|x64.Build.0 = Release|x64
		{07F1A28C-D83A-4F06-9FFA-6BBA9C40D38A}.Release|x86.ActiveCfg = Release|x86
		{07F1A28C-D83A-4F06-9FFA-6BBA9C40D38A}.Release|x86.Build.0 = Release|x86
		{4F0A6D51-0E78-41AB-BBD7-CB9D2EA86670}.Debug|Any CPU.ActiveCfg = Debug|Any CPU
		{4F0A6D51-0E78-41AB-BBD7-CB9D2EA86670}.Debug|Any CPU.Build.0 = Debug|Any CPU
		{4F0A6D51-0E78-41AB-BBD7-CB9D2EA86670}.Debug|Mixed Platforms.ActiveCfg = Debug|x86
		{4F0A6D51-0E78-41AB-BBD7-CB9D2EA86670}.Debug|Mixed Platforms.Build.0 = Debug|x86
		{4F0A6D51-0E78-41AB-BBD7-CB9D2EA86670}.Debug|Win32.ActiveCfg = Debug|Any CPU
		{4F0A6D51-0E78-41AB-BBD7-CB9D2EA86670}.Debug|Win32.Build.0 = Debug|Any CPU
		{4F0A6D51-0E78-41AB-BBD7-CB9D2EA86670}.Debug|x64.ActiveCfg = Debug|x64
		{4F0A6D51-0E78-41AB-BBD7-CB9D2EA86670}.Debug|x64.Build.0 = Debug|x64
		{4F0A6D51-0E78-41AB-BBD7-CB9D2EA86670}.Debug|x86.ActiveCfg = Debug|x86
		{4F0A6D51-0E78-41AB-BBD7-CB9D2EA86670}.Debug|x86.Build.0 = Debug|x86
		{4F0A6D51-0E78-41AB-BBD7-CB9D2EA86670}.Release|Any CPU.ActiveCfg = Release|Any CPU
		{4F0A6D51-0E78-41AB-BBD7-CB9D2EA86670}.Release|Any CPU.Build.0 = Release|Any CPU
		{4F0A6D51-0E78-41AB-BBD7-CB9D2EA86670}.Release|Mixed Platforms.ActiveCfg = Release|x86
		{4F0A6D51-0E78-41AB-BBD7-CB9D2EA86670}.Release|Mixed Platforms.Build.0 = Release|x86
		{4F0A6D51-0E78-41AB-BBD7-CB9D2EA86670}.Release|Win32.ActiveCfg = Release|Any CPU
		{4F0A6D51-0E78-41AB-BBD7-CB9D2EA86670}.Release|x64.ActiveCfg = Release|x64
		{4F0A6D51-0E78-41AB-BBD7-CB9D2EA86670}.Release|x64.Build.0 = Release|x64
		{4F0A6D51-0E78-41AB-BBD7-CB9D2EA86670}.Release|x86.ActiveCfg = Release|x86
		{4F0A6D51-0E78-41AB-BBD7-CB9D2EA86670}.Release|x86.Build.0 = Release|x86
		{0C7C56C8-7EFC-40AD-8612-D104637CC4D8}.Debug|Any CPU.ActiveCfg = Debug|Any CPU
		{0C7C56C8-7EFC-40AD-8612-D104637CC4D8}.Debug|Any CPU.Build.0 = Debug|Any CPU
		{0C7C56C8-7EFC-40AD-8612-D104637CC4D8}.Debug|Mixed Platforms.ActiveCfg = Debug|x86
		{0C7C56C8-7EFC-40AD-8612-D104637CC4D8}.Debug|Mixed Platforms.Build.0 = Debug|x86
		{0C7C56C8-7EFC-40AD-8612-D104637CC4D8}.Debug|Win32.ActiveCfg = Debug|Any CPU
		{0C7C56C8-7EFC-40AD-8612-D104637CC4D8}.Debug|x64.ActiveCfg = Debug|x64
		{0C7C56C8-7EFC-40AD-8612-D104637CC4D8}.Debug|x64.Build.0 = Debug|x64
		{0C7C56C8-7EFC-40AD-8612-D104637CC4D8}.Debug|x86.ActiveCfg = Debug|x86
		{0C7C56C8-7EFC-40AD-8612-D104637CC4D8}.Debug|x86.Build.0 = Debug|x86
		{0C7C56C8-7EFC-40AD-8612-D104637CC4D8}.Release|Any CPU.ActiveCfg = Release|Any CPU
		{0C7C56C8-7EFC-40AD-8612-D104637CC4D8}.Release|Any CPU.Build.0 = Release|Any CPU
		{0C7C56C8-7EFC-40AD-8612-D104637CC4D8}.Release|Mixed Platforms.ActiveCfg = Release|x86
		{0C7C56C8-7EFC-40AD-8612-D104637CC4D8}.Release|Mixed Platforms.Build.0 = Release|x86
		{0C7C56C8-7EFC-40AD-8612-D104637CC4D8}.Release|Win32.ActiveCfg = Release|Any CPU
		{0C7C56C8-7EFC-40AD-8612-D104637CC4D8}.Release|x64.ActiveCfg = Release|x64
		{0C7C56C8-7EFC-40AD-8612-D104637CC4D8}.Release|x64.Build.0 = Release|x64
		{0C7C56C8-7EFC-40AD-8612-D104637CC4D8}.Release|x86.ActiveCfg = Release|x86
		{0C7C56C8-7EFC-40AD-8612-D104637CC4D8}.Release|x86.Build.0 = Release|x86
		{8546DB36-F4EA-49C0-925F-AD0124ECA727}.Debug|Any CPU.ActiveCfg = Debug|Any CPU
		{8546DB36-F4EA-49C0-925F-AD0124ECA727}.Debug|Any CPU.Build.0 = Debug|Any CPU
		{8546DB36-F4EA-49C0-925F-AD0124ECA727}.Debug|Mixed Platforms.ActiveCfg = Debug|x86
		{8546DB36-F4EA-49C0-925F-AD0124ECA727}.Debug|Mixed Platforms.Build.0 = Debug|x86
		{8546DB36-F4EA-49C0-925F-AD0124ECA727}.Debug|Win32.ActiveCfg = Debug|Any CPU
		{8546DB36-F4EA-49C0-925F-AD0124ECA727}.Debug|x64.ActiveCfg = Debug|x64
		{8546DB36-F4EA-49C0-925F-AD0124ECA727}.Debug|x64.Build.0 = Debug|x64
		{8546DB36-F4EA-49C0-925F-AD0124ECA727}.Debug|x86.ActiveCfg = Debug|x86
		{8546DB36-F4EA-49C0-925F-AD0124ECA727}.Debug|x86.Build.0 = Debug|x86
		{8546DB36-F4EA-49C0-925F-AD0124ECA727}.Release|Any CPU.ActiveCfg = Release|Any CPU
		{8546DB36-F4EA-49C0-925F-AD0124ECA727}.Release|Any CPU.Build.0 = Release|Any CPU
		{8546DB36-F4EA-49C0-925F-AD0124ECA727}.Release|Mixed Platforms.ActiveCfg = Release|x86
		{8546DB36-F4EA-49C0-925F-AD0124ECA727}.Release|Mixed Platforms.Build.0 = Release|x86
		{8546DB36-F4EA-49C0-925F-AD0124ECA727}.Release|Win32.ActiveCfg = Release|Any CPU
		{8546DB36-F4EA-49C0-925F-AD0124ECA727}.Release|x64.ActiveCfg = Release|x64
		{8546DB36-F4EA-49C0-925F-AD0124ECA727}.Release|x64.Build.0 = Release|x64
		{8546DB36-F4EA-49C0-925F-AD0124ECA727}.Release|x86.ActiveCfg = Release|x86
		{8546DB36-F4EA-49C0-925F-AD0124ECA727}.Release|x86.Build.0 = Release|x86
		{92985673-814F-4316-B7F9-19078EE36EDA}.Debug|Any CPU.ActiveCfg = Debug|Any CPU
		{92985673-814F-4316-B7F9-19078EE36EDA}.Debug|Any CPU.Build.0 = Debug|Any CPU
		{92985673-814F-4316-B7F9-19078EE36EDA}.Debug|Mixed Platforms.ActiveCfg = Debug|x86
		{92985673-814F-4316-B7F9-19078EE36EDA}.Debug|Mixed Platforms.Build.0 = Debug|x86
		{92985673-814F-4316-B7F9-19078EE36EDA}.Debug|Win32.ActiveCfg = Debug|Any CPU
		{92985673-814F-4316-B7F9-19078EE36EDA}.Debug|x64.ActiveCfg = Debug|x86
		{92985673-814F-4316-B7F9-19078EE36EDA}.Debug|x86.ActiveCfg = Debug|x86
		{92985673-814F-4316-B7F9-19078EE36EDA}.Debug|x86.Build.0 = Debug|x86
		{92985673-814F-4316-B7F9-19078EE36EDA}.Release|Any CPU.ActiveCfg = Release|Any CPU
		{92985673-814F-4316-B7F9-19078EE36EDA}.Release|Any CPU.Build.0 = Release|Any CPU
		{92985673-814F-4316-B7F9-19078EE36EDA}.Release|Mixed Platforms.ActiveCfg = Release|x86
		{92985673-814F-4316-B7F9-19078EE36EDA}.Release|Mixed Platforms.Build.0 = Release|x86
		{92985673-814F-4316-B7F9-19078EE36EDA}.Release|Win32.ActiveCfg = Release|Any CPU
		{92985673-814F-4316-B7F9-19078EE36EDA}.Release|x64.ActiveCfg = Release|x86
		{92985673-814F-4316-B7F9-19078EE36EDA}.Release|x86.ActiveCfg = Release|x86
		{92985673-814F-4316-B7F9-19078EE36EDA}.Release|x86.Build.0 = Release|x86
		{487C6BA1-0F4F-4B88-B5CB-AC9B47CE02DE}.Debug|Any CPU.ActiveCfg = Debug|Any CPU
		{487C6BA1-0F4F-4B88-B5CB-AC9B47CE02DE}.Debug|Any CPU.Build.0 = Debug|Any CPU
		{487C6BA1-0F4F-4B88-B5CB-AC9B47CE02DE}.Debug|Mixed Platforms.ActiveCfg = Debug|x86
		{487C6BA1-0F4F-4B88-B5CB-AC9B47CE02DE}.Debug|Mixed Platforms.Build.0 = Debug|x86
		{487C6BA1-0F4F-4B88-B5CB-AC9B47CE02DE}.Debug|Win32.ActiveCfg = Debug|Any CPU
		{487C6BA1-0F4F-4B88-B5CB-AC9B47CE02DE}.Debug|x64.ActiveCfg = Debug|x86
		{487C6BA1-0F4F-4B88-B5CB-AC9B47CE02DE}.Debug|x86.ActiveCfg = Debug|x86
		{487C6BA1-0F4F-4B88-B5CB-AC9B47CE02DE}.Debug|x86.Build.0 = Debug|x86
		{487C6BA1-0F4F-4B88-B5CB-AC9B47CE02DE}.Release|Any CPU.ActiveCfg = Release|Any CPU
		{487C6BA1-0F4F-4B88-B5CB-AC9B47CE02DE}.Release|Any CPU.Build.0 = Release|Any CPU
		{487C6BA1-0F4F-4B88-B5CB-AC9B47CE02DE}.Release|Mixed Platforms.ActiveCfg = Release|x86
		{487C6BA1-0F4F-4B88-B5CB-AC9B47CE02DE}.Release|Mixed Platforms.Build.0 = Release|x86
		{487C6BA1-0F4F-4B88-B5CB-AC9B47CE02DE}.Release|Win32.ActiveCfg = Release|Any CPU
		{487C6BA1-0F4F-4B88-B5CB-AC9B47CE02DE}.Release|x64.ActiveCfg = Release|x86
		{487C6BA1-0F4F-4B88-B5CB-AC9B47CE02DE}.Release|x86.ActiveCfg = Release|x86
		{487C6BA1-0F4F-4B88-B5CB-AC9B47CE02DE}.Release|x86.Build.0 = Release|x86
		{A1297F2E-E5E7-4CFD-972A-4221EA699D04}.Debug|Any CPU.ActiveCfg = Debug|Any CPU
		{A1297F2E-E5E7-4CFD-972A-4221EA699D04}.Debug|Any CPU.Build.0 = Debug|Any CPU
		{A1297F2E-E5E7-4CFD-972A-4221EA699D04}.Debug|Mixed Platforms.ActiveCfg = Debug|x86
		{A1297F2E-E5E7-4CFD-972A-4221EA699D04}.Debug|Mixed Platforms.Build.0 = Debug|x86
		{A1297F2E-E5E7-4CFD-972A-4221EA699D04}.Debug|Win32.ActiveCfg = Debug|Any CPU
		{A1297F2E-E5E7-4CFD-972A-4221EA699D04}.Debug|x64.ActiveCfg = Debug|x64
		{A1297F2E-E5E7-4CFD-972A-4221EA699D04}.Debug|x64.Build.0 = Debug|x64
		{A1297F2E-E5E7-4CFD-972A-4221EA699D04}.Debug|x86.ActiveCfg = Debug|x86
		{A1297F2E-E5E7-4CFD-972A-4221EA699D04}.Debug|x86.Build.0 = Debug|x86
		{A1297F2E-E5E7-4CFD-972A-4221EA699D04}.Release|Any CPU.ActiveCfg = Release|Any CPU
		{A1297F2E-E5E7-4CFD-972A-4221EA699D04}.Release|Any CPU.Build.0 = Release|Any CPU
		{A1297F2E-E5E7-4CFD-972A-4221EA699D04}.Release|Mixed Platforms.ActiveCfg = Release|x86
		{A1297F2E-E5E7-4CFD-972A-4221EA699D04}.Release|Mixed Platforms.Build.0 = Release|x86
		{A1297F2E-E5E7-4CFD-972A-4221EA699D04}.Release|Win32.ActiveCfg = Release|Any CPU
		{A1297F2E-E5E7-4CFD-972A-4221EA699D04}.Release|x64.ActiveCfg = Release|x64
		{A1297F2E-E5E7-4CFD-972A-4221EA699D04}.Release|x64.Build.0 = Release|x64
		{A1297F2E-E5E7-4CFD-972A-4221EA699D04}.Release|x86.ActiveCfg = Release|x86
		{A1297F2E-E5E7-4CFD-972A-4221EA699D04}.Release|x86.Build.0 = Release|x86
		{245B890C-9981-4FF9-9FA0-0A828D8539E3}.Debug|Any CPU.ActiveCfg = Debug|Any CPU
		{245B890C-9981-4FF9-9FA0-0A828D8539E3}.Debug|Any CPU.Build.0 = Debug|Any CPU
		{245B890C-9981-4FF9-9FA0-0A828D8539E3}.Debug|Mixed Platforms.ActiveCfg = Debug|x86
		{245B890C-9981-4FF9-9FA0-0A828D8539E3}.Debug|Mixed Platforms.Build.0 = Debug|x86
		{245B890C-9981-4FF9-9FA0-0A828D8539E3}.Debug|Win32.ActiveCfg = Debug|Any CPU
		{245B890C-9981-4FF9-9FA0-0A828D8539E3}.Debug|x64.ActiveCfg = Debug|x64
		{245B890C-9981-4FF9-9FA0-0A828D8539E3}.Debug|x64.Build.0 = Debug|x64
		{245B890C-9981-4FF9-9FA0-0A828D8539E3}.Debug|x86.ActiveCfg = Debug|x86
		{245B890C-9981-4FF9-9FA0-0A828D8539E3}.Debug|x86.Build.0 = Debug|x86
		{245B890C-9981-4FF9-9FA0-0A828D8539E3}.Release|Any CPU.ActiveCfg = Release|Any CPU
		{245B890C-9981-4FF9-9FA0-0A828D8539E3}.Release|Any CPU.Build.0 = Release|Any CPU
		{245B890C-9981-4FF9-9FA0-0A828D8539E3}.Release|Mixed Platforms.ActiveCfg = Release|x86
		{245B890C-9981-4FF9-9FA0-0A828D8539E3}.Release|Mixed Platforms.Build.0 = Release|x86
		{245B890C-9981-4FF9-9FA0-0A828D8539E3}.Release|Win32.ActiveCfg = Release|Any CPU
		{245B890C-9981-4FF9-9FA0-0A828D8539E3}.Release|x64.ActiveCfg = Release|x64
		{245B890C-9981-4FF9-9FA0-0A828D8539E3}.Release|x64.Build.0 = Release|x64
		{245B890C-9981-4FF9-9FA0-0A828D8539E3}.Release|x86.ActiveCfg = Release|x86
		{245B890C-9981-4FF9-9FA0-0A828D8539E3}.Release|x86.Build.0 = Release|x86
		{19BC857A-3A83-4811-A618-0DD4F0601311}.Debug|Any CPU.ActiveCfg = Debug|Any CPU
		{19BC857A-3A83-4811-A618-0DD4F0601311}.Debug|Any CPU.Build.0 = Debug|Any CPU
		{19BC857A-3A83-4811-A618-0DD4F0601311}.Debug|Mixed Platforms.ActiveCfg = Debug|x86
		{19BC857A-3A83-4811-A618-0DD4F0601311}.Debug|Mixed Platforms.Build.0 = Debug|x86
		{19BC857A-3A83-4811-A618-0DD4F0601311}.Debug|Win32.ActiveCfg = Debug|Any CPU
		{19BC857A-3A83-4811-A618-0DD4F0601311}.Debug|x64.ActiveCfg = Debug|x64
		{19BC857A-3A83-4811-A618-0DD4F0601311}.Debug|x64.Build.0 = Debug|x64
		{19BC857A-3A83-4811-A618-0DD4F0601311}.Debug|x86.ActiveCfg = Debug|x86
		{19BC857A-3A83-4811-A618-0DD4F0601311}.Debug|x86.Build.0 = Debug|x86
		{19BC857A-3A83-4811-A618-0DD4F0601311}.Release|Any CPU.ActiveCfg = Release|Any CPU
		{19BC857A-3A83-4811-A618-0DD4F0601311}.Release|Any CPU.Build.0 = Release|Any CPU
		{19BC857A-3A83-4811-A618-0DD4F0601311}.Release|Mixed Platforms.ActiveCfg = Release|x86
		{19BC857A-3A83-4811-A618-0DD4F0601311}.Release|Mixed Platforms.Build.0 = Release|x86
		{19BC857A-3A83-4811-A618-0DD4F0601311}.Release|Win32.ActiveCfg = Release|Any CPU
		{19BC857A-3A83-4811-A618-0DD4F0601311}.Release|x64.ActiveCfg = Release|x64
		{19BC857A-3A83-4811-A618-0DD4F0601311}.Release|x64.Build.0 = Release|x64
		{19BC857A-3A83-4811-A618-0DD4F0601311}.Release|x86.ActiveCfg = Release|x86
		{19BC857A-3A83-4811-A618-0DD4F0601311}.Release|x86.Build.0 = Release|x86
		{66860E22-2AC2-4900-B904-C090C312964B}.Debug|Any CPU.ActiveCfg = Debug|Any CPU
		{66860E22-2AC2-4900-B904-C090C312964B}.Debug|Any CPU.Build.0 = Debug|Any CPU
		{66860E22-2AC2-4900-B904-C090C312964B}.Debug|Mixed Platforms.ActiveCfg = Debug|x86
		{66860E22-2AC2-4900-B904-C090C312964B}.Debug|Mixed Platforms.Build.0 = Debug|x86
		{66860E22-2AC2-4900-B904-C090C312964B}.Debug|Win32.ActiveCfg = Debug|Any CPU
		{66860E22-2AC2-4900-B904-C090C312964B}.Debug|x64.ActiveCfg = Debug|x86
		{66860E22-2AC2-4900-B904-C090C312964B}.Debug|x86.ActiveCfg = Debug|x86
		{66860E22-2AC2-4900-B904-C090C312964B}.Debug|x86.Build.0 = Debug|x86
		{66860E22-2AC2-4900-B904-C090C312964B}.Release|Any CPU.ActiveCfg = Release|Any CPU
		{66860E22-2AC2-4900-B904-C090C312964B}.Release|Any CPU.Build.0 = Release|Any CPU
		{66860E22-2AC2-4900-B904-C090C312964B}.Release|Mixed Platforms.ActiveCfg = Release|x86
		{66860E22-2AC2-4900-B904-C090C312964B}.Release|Mixed Platforms.Build.0 = Release|x86
		{66860E22-2AC2-4900-B904-C090C312964B}.Release|Win32.ActiveCfg = Release|Any CPU
		{66860E22-2AC2-4900-B904-C090C312964B}.Release|x64.ActiveCfg = Release|x86
		{66860E22-2AC2-4900-B904-C090C312964B}.Release|x86.ActiveCfg = Release|x86
		{66860E22-2AC2-4900-B904-C090C312964B}.Release|x86.Build.0 = Release|x86
		{83728549-B86D-414D-A2AA-7B16515A138D}.Debug|Any CPU.ActiveCfg = Debug|Any CPU
		{83728549-B86D-414D-A2AA-7B16515A138D}.Debug|Any CPU.Build.0 = Debug|Any CPU
		{83728549-B86D-414D-A2AA-7B16515A138D}.Debug|Mixed Platforms.ActiveCfg = Debug|Any CPU
		{83728549-B86D-414D-A2AA-7B16515A138D}.Debug|Mixed Platforms.Build.0 = Debug|Any CPU
		{83728549-B86D-414D-A2AA-7B16515A138D}.Debug|Win32.ActiveCfg = Debug|Any CPU
		{83728549-B86D-414D-A2AA-7B16515A138D}.Debug|x64.ActiveCfg = Debug|Any CPU
		{83728549-B86D-414D-A2AA-7B16515A138D}.Debug|x86.ActiveCfg = Debug|x86
		{83728549-B86D-414D-A2AA-7B16515A138D}.Debug|x86.Build.0 = Debug|x86
		{83728549-B86D-414D-A2AA-7B16515A138D}.Release|Any CPU.ActiveCfg = Release|Any CPU
		{83728549-B86D-414D-A2AA-7B16515A138D}.Release|Any CPU.Build.0 = Release|Any CPU
		{83728549-B86D-414D-A2AA-7B16515A138D}.Release|Mixed Platforms.ActiveCfg = Release|Any CPU
		{83728549-B86D-414D-A2AA-7B16515A138D}.Release|Mixed Platforms.Build.0 = Release|Any CPU
		{83728549-B86D-414D-A2AA-7B16515A138D}.Release|Win32.ActiveCfg = Release|Any CPU
		{83728549-B86D-414D-A2AA-7B16515A138D}.Release|x64.ActiveCfg = Release|Any CPU
		{83728549-B86D-414D-A2AA-7B16515A138D}.Release|x86.ActiveCfg = Release|x86
		{83728549-B86D-414D-A2AA-7B16515A138D}.Release|x86.Build.0 = Release|x86
		{3600E7BC-AF69-4D9E-82E4-F2EFA3AF6CE5}.Debug|Any CPU.ActiveCfg = Debug|Any CPU
		{3600E7BC-AF69-4D9E-82E4-F2EFA3AF6CE5}.Debug|Any CPU.Build.0 = Debug|Any CPU
		{3600E7BC-AF69-4D9E-82E4-F2EFA3AF6CE5}.Debug|Mixed Platforms.ActiveCfg = Debug|x86
		{3600E7BC-AF69-4D9E-82E4-F2EFA3AF6CE5}.Debug|Mixed Platforms.Build.0 = Debug|x86
		{3600E7BC-AF69-4D9E-82E4-F2EFA3AF6CE5}.Debug|Win32.ActiveCfg = Debug|x86
		{3600E7BC-AF69-4D9E-82E4-F2EFA3AF6CE5}.Debug|x64.ActiveCfg = Debug|x64
		{3600E7BC-AF69-4D9E-82E4-F2EFA3AF6CE5}.Debug|x64.Build.0 = Debug|x64
		{3600E7BC-AF69-4D9E-82E4-F2EFA3AF6CE5}.Debug|x86.ActiveCfg = Debug|x86
		{3600E7BC-AF69-4D9E-82E4-F2EFA3AF6CE5}.Debug|x86.Build.0 = Debug|x86
		{3600E7BC-AF69-4D9E-82E4-F2EFA3AF6CE5}.Release|Any CPU.ActiveCfg = Release|Any CPU
		{3600E7BC-AF69-4D9E-82E4-F2EFA3AF6CE5}.Release|Any CPU.Build.0 = Release|Any CPU
		{3600E7BC-AF69-4D9E-82E4-F2EFA3AF6CE5}.Release|Mixed Platforms.ActiveCfg = Release|x86
		{3600E7BC-AF69-4D9E-82E4-F2EFA3AF6CE5}.Release|Mixed Platforms.Build.0 = Release|x86
		{3600E7BC-AF69-4D9E-82E4-F2EFA3AF6CE5}.Release|Win32.ActiveCfg = Release|x86
		{3600E7BC-AF69-4D9E-82E4-F2EFA3AF6CE5}.Release|x64.ActiveCfg = Release|x64
		{3600E7BC-AF69-4D9E-82E4-F2EFA3AF6CE5}.Release|x64.Build.0 = Release|x64
		{3600E7BC-AF69-4D9E-82E4-F2EFA3AF6CE5}.Release|x86.ActiveCfg = Release|x86
		{3600E7BC-AF69-4D9E-82E4-F2EFA3AF6CE5}.Release|x86.Build.0 = Release|x86
		{3878667C-1FD0-411C-B936-2E57ACEE8C71}.Debug|Any CPU.ActiveCfg = Debug|Any CPU
		{3878667C-1FD0-411C-B936-2E57ACEE8C71}.Debug|Any CPU.Build.0 = Debug|Any CPU
		{3878667C-1FD0-411C-B936-2E57ACEE8C71}.Debug|Mixed Platforms.ActiveCfg = Debug|x86
		{3878667C-1FD0-411C-B936-2E57ACEE8C71}.Debug|Mixed Platforms.Build.0 = Debug|x86
		{3878667C-1FD0-411C-B936-2E57ACEE8C71}.Debug|Win32.ActiveCfg = Debug|x86
		{3878667C-1FD0-411C-B936-2E57ACEE8C71}.Debug|x64.ActiveCfg = Debug|x86
		{3878667C-1FD0-411C-B936-2E57ACEE8C71}.Debug|x86.ActiveCfg = Debug|x86
		{3878667C-1FD0-411C-B936-2E57ACEE8C71}.Debug|x86.Build.0 = Debug|x86
		{3878667C-1FD0-411C-B936-2E57ACEE8C71}.Release|Any CPU.ActiveCfg = Release|Any CPU
		{3878667C-1FD0-411C-B936-2E57ACEE8C71}.Release|Any CPU.Build.0 = Release|Any CPU
		{3878667C-1FD0-411C-B936-2E57ACEE8C71}.Release|Mixed Platforms.ActiveCfg = Release|x86
		{3878667C-1FD0-411C-B936-2E57ACEE8C71}.Release|Mixed Platforms.Build.0 = Release|x86
		{3878667C-1FD0-411C-B936-2E57ACEE8C71}.Release|Win32.ActiveCfg = Release|x86
		{3878667C-1FD0-411C-B936-2E57ACEE8C71}.Release|x64.ActiveCfg = Release|x86
		{3878667C-1FD0-411C-B936-2E57ACEE8C71}.Release|x86.ActiveCfg = Release|x86
		{3878667C-1FD0-411C-B936-2E57ACEE8C71}.Release|x86.Build.0 = Release|x86
	EndGlobalSection
	GlobalSection(SolutionProperties) = preSolution
		HideSolutionNode = FALSE
	EndGlobalSection
	GlobalSection(TextTemplating) = postSolution
		TextTemplating = 1
	EndGlobalSection
EndGlobal
